// !$*UTF8*$!
{
	archiveVersion = 1;
	classes = {
	};
	objectVersion = 56;
	objects = {

/* Begin PBXBuildFile section */
		476ACF0B2BBD1FB000CA9758 /* AppDelegate.m in Sources */ = {isa = PBXBuildFile; fileRef = 476ACF0A2BBD1FB000CA9758 /* AppDelegate.m */; };
		476ACF0E2BBD1FB000CA9758 /* SceneDelegate.m in Sources */ = {isa = PBXBuildFile; fileRef = 476ACF0D2BBD1FB000CA9758 /* SceneDelegate.m */; };
		476ACF112BBD1FB000CA9758 /* ViewController.m in Sources */ = {isa = PBXBuildFile; fileRef = 476ACF102BBD1FB000CA9758 /* ViewController.m */; };
		476ACF142BBD1FB000CA9758 /* Main.storyboard in Resources */ = {isa = PBXBuildFile; fileRef = 476ACF122BBD1FB000CA9758 /* Main.storyboard */; };
		476ACF162BBD1FB100CA9758 /* Assets.xcassets in Resources */ = {isa = PBXBuildFile; fileRef = 476ACF152BBD1FB100CA9758 /* Assets.xcassets */; };
		476ACF192BBD1FB100CA9758 /* LaunchScreen.storyboard in Resources */ = {isa = PBXBuildFile; fileRef = 476ACF172BBD1FB100CA9758 /* LaunchScreen.storyboard */; };
		476ACF1C2BBD1FB100CA9758 /* main.m in Sources */ = {isa = PBXBuildFile; fileRef = 476ACF1B2BBD1FB100CA9758 /* main.m */; };
		476ACF262BBD1FB100CA9758 /* RXSnapChatSDKDemoTests.m in Sources */ = {isa = PBXBuildFile; fileRef = 476ACF252BBD1FB100CA9758 /* RXSnapChatSDKDemoTests.m */; };
		476ACF302BBD1FB100CA9758 /* RXSnapChatSDKDemoUITests.m in Sources */ = {isa = PBXBuildFile; fileRef = 476ACF2F2BBD1FB100CA9758 /* RXSnapChatSDKDemoUITests.m */; };
		476ACF322BBD1FB100CA9758 /* RXSnapChatSDKDemoUITestsLaunchTests.m in Sources */ = {isa = PBXBuildFile; fileRef = 476ACF312BBD1FB100CA9758 /* RXSnapChatSDKDemoUITestsLaunchTests.m */; };
		476ACF482BBD24AB00CA9758 /* RXSnapChatSDK.framework in Frameworks */ = {isa = PBXBuildFile; fileRef = 476ACF472BBD24AB00CA9758 /* RXSnapChatSDK.framework */; };
		476ACF492BBD24AB00CA9758 /* RXSnapChatSDK.framework in Embed Frameworks */ = {isa = PBXBuildFile; fileRef = 476ACF472BBD24AB00CA9758 /* RXSnapChatSDK.framework */; settings = {ATTRIBUTES = (CodeSignOnCopy, RemoveHeadersOnCopy, ); }; };
		47A136762BC264E800B460A4 /* RXSDK_Pure.framework in Frameworks */ = {isa = PBXBuildFile; fileRef = 47A136742BC264E800B460A4 /* RXSDK_Pure.framework */; };
		47A136772BC264E800B460A4 /* RXSDK_Pure.framework in Embed Frameworks */ = {isa = PBXBuildFile; fileRef = 47A136742BC264E800B460A4 /* RXSDK_Pure.framework */; settings = {ATTRIBUTES = (CodeSignOnCopy, RemoveHeadersOnCopy, ); }; };
		47A136782BC264E800B460A4 /* RXPublicToolKit.framework in Frameworks */ = {isa = PBXBuildFile; fileRef = 47A136752BC264E800B460A4 /* RXPublicToolKit.framework */; };
		47A136792BC264E900B460A4 /* RXPublicToolKit.framework in Embed Frameworks */ = {isa = PBXBuildFile; fileRef = 47A136752BC264E800B460A4 /* RXPublicToolKit.framework */; settings = {ATTRIBUTES = (CodeSignOnCopy, RemoveHeadersOnCopy, ); }; };
		47A1367F2BC2802700B460A4 /* test.png in Resources */ = {isa = PBXBuildFile; fileRef = 47A1367E2BC2802700B460A4 /* test.png */; };
		99A0778525F8797FB6A76683 /* Pods_RXSnapChatSDKDemo.framework in Frameworks */ = {isa = PBXBuildFile; fileRef = 6D802FE2F1826F21EA1E370C /* Pods_RXSnapChatSDKDemo.framework */; };
/* End PBXBuildFile section */

/* Begin PBXContainerItemProxy section */
		476ACF222BBD1FB100CA9758 /* PBXContainerItemProxy */ = {
			isa = PBXContainerItemProxy;
			containerPortal = 476ACEFE2BBD1FB000CA9758 /* Project object */;
			proxyType = 1;
			remoteGlobalIDString = 476ACF052BBD1FB000CA9758;
			remoteInfo = RXSnapChatSDKDemo;
		};
		476ACF2C2BBD1FB100CA9758 /* PBXContainerItemProxy */ = {
			isa = PBXContainerItemProxy;
			containerPortal = 476ACEFE2BBD1FB000CA9758 /* Project object */;
			proxyType = 1;
			remoteGlobalIDString = 476ACF052BBD1FB000CA9758;
			remoteInfo = RXSnapChatSDKDemo;
		};
/* End PBXContainerItemProxy section */

/* Begin PBXCopyFilesBuildPhase section */
		476ACF4A2BBD24AB00CA9758 /* Embed Frameworks */ = {
			isa = PBXCopyFilesBuildPhase;
			buildActionMask = 2147483647;
			dstPath = "";
			dstSubfolderSpec = 10;
			files = (
				476ACF492BBD24AB00CA9758 /* RXSnapChatSDK.framework in Embed Frameworks */,
				47A136792BC264E900B460A4 /* RXPublicToolKit.framework in Embed Frameworks */,
				47A136772BC264E800B460A4 /* RXSDK_Pure.framework in Embed Frameworks */,
			);
			name = "Embed Frameworks";
			runOnlyForDeploymentPostprocessing = 0;
		};
/* End PBXCopyFilesBuildPhase section */

/* Begin PBXFileReference section */
		242C29BD75CA5E59DDB6CC9F /* Pods-RXSnapChatSDKDemo.debug.xcconfig */ = {isa = PBXFileReference; includeInIndex = 1; lastKnownFileType = text.xcconfig; name = "Pods-RXSnapChatSDKDemo.debug.xcconfig"; path = "Target Support Files/Pods-RXSnapChatSDKDemo/Pods-RXSnapChatSDKDemo.debug.xcconfig"; sourceTree = "<group>"; };
		476ACF062BBD1FB000CA9758 /* RXSnapChatSDKDemo.app */ = {isa = PBXFileReference; explicitFileType = wrapper.application; includeInIndex = 0; path = RXSnapChatSDKDemo.app; sourceTree = BUILT_PRODUCTS_DIR; };
		476ACF092BBD1FB000CA9758 /* AppDelegate.h */ = {isa = PBXFileReference; lastKnownFileType = sourcecode.c.h; path = AppDelegate.h; sourceTree = "<group>"; };
		476ACF0A2BBD1FB000CA9758 /* AppDelegate.m */ = {isa = PBXFileReference; lastKnownFileType = sourcecode.c.objc; path = AppDelegate.m; sourceTree = "<group>"; };
		476ACF0C2BBD1FB000CA9758 /* SceneDelegate.h */ = {isa = PBXFileReference; lastKnownFileType = sourcecode.c.h; path = SceneDelegate.h; sourceTree = "<group>"; };
		476ACF0D2BBD1FB000CA9758 /* SceneDelegate.m */ = {isa = PBXFileReference; lastKnownFileType = sourcecode.c.objc; path = SceneDelegate.m; sourceTree = "<group>"; };
		476ACF0F2BBD1FB000CA9758 /* ViewController.h */ = {isa = PBXFileReference; lastKnownFileType = sourcecode.c.h; path = ViewController.h; sourceTree = "<group>"; };
		476ACF102BBD1FB000CA9758 /* ViewController.m */ = {isa = PBXFileReference; lastKnownFileType = sourcecode.c.objc; path = ViewController.m; sourceTree = "<group>"; };
		476ACF132BBD1FB000CA9758 /* Base */ = {isa = PBXFileReference; lastKnownFileType = file.storyboard; name = Base; path = Base.lproj/Main.storyboard; sourceTree = "<group>"; };
		476ACF152BBD1FB100CA9758 /* Assets.xcassets */ = {isa = PBXFileReference; lastKnownFileType = folder.assetcatalog; path = Assets.xcassets; sourceTree = "<group>"; };
		476ACF182BBD1FB100CA9758 /* Base */ = {isa = PBXFileReference; lastKnownFileType = file.storyboard; name = Base; path = Base.lproj/LaunchScreen.storyboard; sourceTree = "<group>"; };
		476ACF1A2BBD1FB100CA9758 /* Info.plist */ = {isa = PBXFileReference; lastKnownFileType = text.plist.xml; path = Info.plist; sourceTree = "<group>"; };
		476ACF1B2BBD1FB100CA9758 /* main.m */ = {isa = PBXFileReference; lastKnownFileType = sourcecode.c.objc; path = main.m; sourceTree = "<group>"; };
		476ACF212BBD1FB100CA9758 /* RXSnapChatSDKDemoTests.xctest */ = {isa = PBXFileReference; explicitFileType = wrapper.cfbundle; includeInIndex = 0; path = RXSnapChatSDKDemoTests.xctest; sourceTree = BUILT_PRODUCTS_DIR; };
		476ACF252BBD1FB100CA9758 /* RXSnapChatSDKDemoTests.m */ = {isa = PBXFileReference; lastKnownFileType = sourcecode.c.objc; path = RXSnapChatSDKDemoTests.m; sourceTree = "<group>"; };
		476ACF2B2BBD1FB100CA9758 /* RXSnapChatSDKDemoUITests.xctest */ = {isa = PBXFileReference; explicitFileType = wrapper.cfbundle; includeInIndex = 0; path = RXSnapChatSDKDemoUITests.xctest; sourceTree = BUILT_PRODUCTS_DIR; };
		476ACF2F2BBD1FB100CA9758 /* RXSnapChatSDKDemoUITests.m */ = {isa = PBXFileReference; lastKnownFileType = sourcecode.c.objc; path = RXSnapChatSDKDemoUITests.m; sourceTree = "<group>"; };
		476ACF312BBD1FB100CA9758 /* RXSnapChatSDKDemoUITestsLaunchTests.m */ = {isa = PBXFileReference; lastKnownFileType = sourcecode.c.objc; path = RXSnapChatSDKDemoUITestsLaunchTests.m; sourceTree = "<group>"; };
		476ACF472BBD24AB00CA9758 /* RXSnapChatSDK.framework */ = {isa = PBXFileReference; explicitFileType = wrapper.framework; path = RXSnapChatSDK.framework; sourceTree = BUILT_PRODUCTS_DIR; };
		47A136662BBD4C6300B460A4 /* RXSDK_Pure.framework */ = {isa = PBXFileReference; lastKnownFileType = wrapper.framework; name = RXSDK_Pure.framework; path = ../lipo/RXSDK_Pure.framework; sourceTree = "<group>"; };
		47A1366D2BBD587C00B460A4 /* RXPublicToolKit.framework */ = {isa = PBXFileReference; lastKnownFileType = wrapper.framework; name = RXPublicToolKit.framework; path = ../lipo/RXPublicToolKit.framework; sourceTree = "<group>"; };
		47A136742BC264E800B460A4 /* RXSDK_Pure.framework */ = {isa = PBXFileReference; lastKnownFileType = wrapper.framework; name = RXSDK_Pure.framework; path = RXSnapChatSDKDemo/lipo/RXSDK_Pure.framework; sourceTree = "<group>"; };
		47A136752BC264E800B460A4 /* RXPublicToolKit.framework */ = {isa = PBXFileReference; lastKnownFileType = wrapper.framework; name = RXPublicToolKit.framework; path = RXSnapChatSDKDemo/lipo/RXPublicToolKit.framework; sourceTree = "<group>"; };
		47A1367E2BC2802700B460A4 /* test.png */ = {isa = PBXFileReference; lastKnownFileType = image.png; path = test.png; sourceTree = "<group>"; };
		6D802FE2F1826F21EA1E370C /* Pods_RXSnapChatSDKDemo.framework */ = {isa = PBXFileReference; explicitFileType = wrapper.framework; includeInIndex = 0; path = Pods_RXSnapChatSDKDemo.framework; sourceTree = BUILT_PRODUCTS_DIR; };
		8A21FE615373C5C7999AD105 /* Pods-RXSnapChatSDKDemo.release.xcconfig */ = {isa = PBXFileReference; includeInIndex = 1; lastKnownFileType = text.xcconfig; name = "Pods-RXSnapChatSDKDemo.release.xcconfig"; path = "Target Support Files/Pods-RXSnapChatSDKDemo/Pods-RXSnapChatSDKDemo.release.xcconfig"; sourceTree = "<group>"; };
/* End PBXFileReference section */

/* Begin PBXFrameworksBuildPhase section */
		476ACF032BBD1FB000CA9758 /* Frameworks */ = {
			isa = PBXFrameworksBuildPhase;
			buildActionMask = 2147483647;
			files = (
				47A136782BC264E800B460A4 /* RXPublicToolKit.framework in Frameworks */,
				476ACF482BBD24AB00CA9758 /* RXSnapChatSDK.framework in Frameworks */,
				47A136762BC264E800B460A4 /* RXSDK_Pure.framework in Frameworks */,
				99A0778525F8797FB6A76683 /* Pods_RXSnapChatSDKDemo.framework in Frameworks */,
			);
			runOnlyForDeploymentPostprocessing = 0;
		};
		476ACF1E2BBD1FB100CA9758 /* Frameworks */ = {
			isa = PBXFrameworksBuildPhase;
			buildActionMask = 2147483647;
			files = (
			);
			runOnlyForDeploymentPostprocessing = 0;
		};
		476ACF282BBD1FB100CA9758 /* Frameworks */ = {
			isa = PBXFrameworksBuildPhase;
			buildActionMask = 2147483647;
			files = (
			);
			runOnlyForDeploymentPostprocessing = 0;
		};
/* End PBXFrameworksBuildPhase section */

/* Begin PBXGroup section */
		476ACEFD2BBD1FB000CA9758 = {
			isa = PBXGroup;
			children = (
				476ACF082BBD1FB000CA9758 /* RXSnapChatSDKDemo */,
				476ACF242BBD1FB100CA9758 /* RXSnapChatSDKDemoTests */,
				476ACF2E2BBD1FB100CA9758 /* RXSnapChatSDKDemoUITests */,
				476ACF072BBD1FB000CA9758 /* Products */,
				476ACF462BBD24AB00CA9758 /* Frameworks */,
				BA1F8F1121D1D65D63AD3F97 /* Pods */,
			);
			sourceTree = "<group>";
		};
		476ACF072BBD1FB000CA9758 /* Products */ = {
			isa = PBXGroup;
			children = (
				476ACF062BBD1FB000CA9758 /* RXSnapChatSDKDemo.app */,
				476ACF212BBD1FB100CA9758 /* RXSnapChatSDKDemoTests.xctest */,
				476ACF2B2BBD1FB100CA9758 /* RXSnapChatSDKDemoUITests.xctest */,
			);
			name = Products;
			sourceTree = "<group>";
		};
		476ACF082BBD1FB000CA9758 /* RXSnapChatSDKDemo */ = {
			isa = PBXGroup;
			children = (
				476ACF092BBD1FB000CA9758 /* AppDelegate.h */,
				476ACF0A2BBD1FB000CA9758 /* AppDelegate.m */,
				476ACF0C2BBD1FB000CA9758 /* SceneDelegate.h */,
				476ACF0D2BBD1FB000CA9758 /* SceneDelegate.m */,
				476ACF0F2BBD1FB000CA9758 /* ViewController.h */,
				476ACF102BBD1FB000CA9758 /* ViewController.m */,
				47A1367E2BC2802700B460A4 /* test.png */,
				476ACF122BBD1FB000CA9758 /* Main.storyboard */,
				476ACF152BBD1FB100CA9758 /* Assets.xcassets */,
				476ACF172BBD1FB100CA9758 /* LaunchScreen.storyboard */,
				476ACF1A2BBD1FB100CA9758 /* Info.plist */,
				476ACF1B2BBD1FB100CA9758 /* main.m */,
			);
			path = RXSnapChatSDKDemo;
			sourceTree = "<group>";
		};
		476ACF242BBD1FB100CA9758 /* RXSnapChatSDKDemoTests */ = {
			isa = PBXGroup;
			children = (
				476ACF252BBD1FB100CA9758 /* RXSnapChatSDKDemoTests.m */,
			);
			path = RXSnapChatSDKDemoTests;
			sourceTree = "<group>";
		};
		476ACF2E2BBD1FB100CA9758 /* RXSnapChatSDKDemoUITests */ = {
			isa = PBXGroup;
			children = (
				476ACF2F2BBD1FB100CA9758 /* RXSnapChatSDKDemoUITests.m */,
				476ACF312BBD1FB100CA9758 /* RXSnapChatSDKDemoUITestsLaunchTests.m */,
			);
			path = RXSnapChatSDKDemoUITests;
			sourceTree = "<group>";
		};
		476ACF462BBD24AB00CA9758 /* Frameworks */ = {
			isa = PBXGroup;
			children = (
				47A1366D2BBD587C00B460A4 /* RXPublicToolKit.framework */,
				47A136752BC264E800B460A4 /* RXPublicToolKit.framework */,
				47A136662BBD4C6300B460A4 /* RXSDK_Pure.framework */,
				47A136742BC264E800B460A4 /* RXSDK_Pure.framework */,
				476ACF472BBD24AB00CA9758 /* RXSnapChatSDK.framework */,
				6D802FE2F1826F21EA1E370C /* Pods_RXSnapChatSDKDemo.framework */,
			);
			name = Frameworks;
			sourceTree = "<group>";
		};
		BA1F8F1121D1D65D63AD3F97 /* Pods */ = {
			isa = PBXGroup;
			children = (
				242C29BD75CA5E59DDB6CC9F /* Pods-RXSnapChatSDKDemo.debug.xcconfig */,
				8A21FE615373C5C7999AD105 /* Pods-RXSnapChatSDKDemo.release.xcconfig */,
			);
			name = Pods;
			path = ../Pods;
			sourceTree = "<group>";
		};
/* End PBXGroup section */

/* Begin PBXNativeTarget section */
		476ACF052BBD1FB000CA9758 /* RXSnapChatSDKDemo */ = {
			isa = PBXNativeTarget;
			buildConfigurationList = 476ACF352BBD1FB100CA9758 /* Build configuration list for PBXNativeTarget "RXSnapChatSDKDemo" */;
			buildPhases = (
				EC0D5F3DF14F2733DB5F8F67 /* [CP] Check Pods Manifest.lock */,
				476ACF022BBD1FB000CA9758 /* Sources */,
				476ACF032BBD1FB000CA9758 /* Frameworks */,
				476ACF042BBD1FB000CA9758 /* Resources */,
				476ACF4A2BBD24AB00CA9758 /* Embed Frameworks */,
				991D15DA6D243B6B7F4F17FA /* [CP] Embed Pods Frameworks */,
			);
			buildRules = (
			);
			dependencies = (
			);
			name = RXSnapChatSDKDemo;
			productName = RXSnapChatSDKDemo;
			productReference = 476ACF062BBD1FB000CA9758 /* RXSnapChatSDKDemo.app */;
			productType = "com.apple.product-type.application";
		};
		476ACF202BBD1FB100CA9758 /* RXSnapChatSDKDemoTests */ = {
			isa = PBXNativeTarget;
			buildConfigurationList = 476ACF382BBD1FB100CA9758 /* Build configuration list for PBXNativeTarget "RXSnapChatSDKDemoTests" */;
			buildPhases = (
				476ACF1D2BBD1FB100CA9758 /* Sources */,
				476ACF1E2BBD1FB100CA9758 /* Frameworks */,
				476ACF1F2BBD1FB100CA9758 /* Resources */,
			);
			buildRules = (
			);
			dependencies = (
				476ACF232BBD1FB100CA9758 /* PBXTargetDependency */,
			);
			name = RXSnapChatSDKDemoTests;
			productName = RXSnapChatSDKDemoTests;
			productReference = 476ACF212BBD1FB100CA9758 /* RXSnapChatSDKDemoTests.xctest */;
			productType = "com.apple.product-type.bundle.unit-test";
		};
		476ACF2A2BBD1FB100CA9758 /* RXSnapChatSDKDemoUITests */ = {
			isa = PBXNativeTarget;
			buildConfigurationList = 476ACF3B2BBD1FB100CA9758 /* Build configuration list for PBXNativeTarget "RXSnapChatSDKDemoUITests" */;
			buildPhases = (
				476ACF272BBD1FB100CA9758 /* Sources */,
				476ACF282BBD1FB100CA9758 /* Frameworks */,
				476ACF292BBD1FB100CA9758 /* Resources */,
			);
			buildRules = (
			);
			dependencies = (
				476ACF2D2BBD1FB100CA9758 /* PBXTargetDependency */,
			);
			name = RXSnapChatSDKDemoUITests;
			productName = RXSnapChatSDKDemoUITests;
			productReference = 476ACF2B2BBD1FB100CA9758 /* RXSnapChatSDKDemoUITests.xctest */;
			productType = "com.apple.product-type.bundle.ui-testing";
		};
/* End PBXNativeTarget section */

/* Begin PBXProject section */
		476ACEFE2BBD1FB000CA9758 /* Project object */ = {
			isa = PBXProject;
			attributes = {
				BuildIndependentTargetsInParallel = 1;
				LastUpgradeCheck = 1520;
				TargetAttributes = {
					476ACF052BBD1FB000CA9758 = {
						CreatedOnToolsVersion = 15.2;
					};
					476ACF202BBD1FB100CA9758 = {
						CreatedOnToolsVersion = 15.2;
						TestTargetID = 476ACF052BBD1FB000CA9758;
					};
					476ACF2A2BBD1FB100CA9758 = {
						CreatedOnToolsVersion = 15.2;
						TestTargetID = 476ACF052BBD1FB000CA9758;
					};
				};
			};
			buildConfigurationList = 476ACF012BBD1FB000CA9758 /* Build configuration list for PBXProject "RXSnapChatSDKDemo" */;
			compatibilityVersion = "Xcode 14.0";
			developmentRegion = en;
			hasScannedForEncodings = 0;
			knownRegions = (
				en,
				Base,
			);
			mainGroup = 476ACEFD2BBD1FB000CA9758;
			productRefGroup = 476ACF072BBD1FB000CA9758 /* Products */;
			projectDirPath = "";
			projectRoot = "";
			targets = (
				476ACF052BBD1FB000CA9758 /* RXSnapChatSDKDemo */,
				476ACF202BBD1FB100CA9758 /* RXSnapChatSDKDemoTests */,
				476ACF2A2BBD1FB100CA9758 /* RXSnapChatSDKDemoUITests */,
			);
		};
/* End PBXProject section */

/* Begin PBXResourcesBuildPhase section */
		476ACF042BBD1FB000CA9758 /* Resources */ = {
			isa = PBXResourcesBuildPhase;
			buildActionMask = 2147483647;
			files = (
				476ACF192BBD1FB100CA9758 /* LaunchScreen.storyboard in Resources */,
				476ACF162BBD1FB100CA9758 /* Assets.xcassets in Resources */,
				476ACF142BBD1FB000CA9758 /* Main.storyboard in Resources */,
				47A1367F2BC2802700B460A4 /* test.png in Resources */,
			);
			runOnlyForDeploymentPostprocessing = 0;
		};
		476ACF1F2BBD1FB100CA9758 /* Resources */ = {
			isa = PBXResourcesBuildPhase;
			buildActionMask = 2147483647;
			files = (
			);
			runOnlyForDeploymentPostprocessing = 0;
		};
		476ACF292BBD1FB100CA9758 /* Resources */ = {
			isa = PBXResourcesBuildPhase;
			buildActionMask = 2147483647;
			files = (
			);
			runOnlyForDeploymentPostprocessing = 0;
		};
/* End PBXResourcesBuildPhase section */

/* Begin PBXShellScriptBuildPhase section */
		991D15DA6D243B6B7F4F17FA /* [CP] Embed Pods Frameworks */ = {
			isa = PBXShellScriptBuildPhase;
			buildActionMask = 2147483647;
			files = (
			);
			inputFileListPaths = (
				"${PODS_ROOT}/Target Support Files/Pods-RXSnapChatSDKDemo/Pods-RXSnapChatSDKDemo-frameworks-${CONFIGURATION}-input-files.xcfilelist",
			);
			name = "[CP] Embed Pods Frameworks";
			outputFileListPaths = (
				"${PODS_ROOT}/Target Support Files/Pods-RXSnapChatSDKDemo/Pods-RXSnapChatSDKDemo-frameworks-${CONFIGURATION}-output-files.xcfilelist",
			);
			runOnlyForDeploymentPostprocessing = 0;
			shellPath = /bin/sh;
			shellScript = "\"${PODS_ROOT}/Target Support Files/Pods-RXSnapChatSDKDemo/Pods-RXSnapChatSDKDemo-frameworks.sh\"\n";
			showEnvVarsInLog = 0;
		};
		EC0D5F3DF14F2733DB5F8F67 /* [CP] Check Pods Manifest.lock */ = {
			isa = PBXShellScriptBuildPhase;
			buildActionMask = 2147483647;
			files = (
			);
			inputFileListPaths = (
			);
			inputPaths = (
				"${PODS_PODFILE_DIR_PATH}/Podfile.lock",
				"${PODS_ROOT}/Manifest.lock",
			);
			name = "[CP] Check Pods Manifest.lock";
			outputFileListPaths = (
			);
			outputPaths = (
				"$(DERIVED_FILE_DIR)/Pods-RXSnapChatSDKDemo-checkManifestLockResult.txt",
			);
			runOnlyForDeploymentPostprocessing = 0;
			shellPath = /bin/sh;
			shellScript = "diff \"${PODS_PODFILE_DIR_PATH}/Podfile.lock\" \"${PODS_ROOT}/Manifest.lock\" > /dev/null\nif [ $? != 0 ] ; then\n    # print error to STDERR\n    echo \"error: The sandbox is not in sync with the Podfile.lock. Run 'pod install' or update your CocoaPods installation.\" >&2\n    exit 1\nfi\n# This output is used by Xcode 'outputs' to avoid re-running this script phase.\necho \"SUCCESS\" > \"${SCRIPT_OUTPUT_FILE_0}\"\n";
			showEnvVarsInLog = 0;
		};
/* End PBXShellScriptBuildPhase section */

/* Begin PBXSourcesBuildPhase section */
		476ACF022BBD1FB000CA9758 /* Sources */ = {
			isa = PBXSourcesBuildPhase;
			buildActionMask = 2147483647;
			files = (
				476ACF112BBD1FB000CA9758 /* ViewController.m in Sources */,
				476ACF0B2BBD1FB000CA9758 /* AppDelegate.m in Sources */,
				476ACF1C2BBD1FB100CA9758 /* main.m in Sources */,
				476ACF0E2BBD1FB000CA9758 /* SceneDelegate.m in Sources */,
			);
			runOnlyForDeploymentPostprocessing = 0;
		};
		476ACF1D2BBD1FB100CA9758 /* Sources */ = {
			isa = PBXSourcesBuildPhase;
			buildActionMask = 2147483647;
			files = (
				476ACF262BBD1FB100CA9758 /* RXSnapChatSDKDemoTests.m in Sources */,
			);
			runOnlyForDeploymentPostprocessing = 0;
		};
		476ACF272BBD1FB100CA9758 /* Sources */ = {
			isa = PBXSourcesBuildPhase;
			buildActionMask = 2147483647;
			files = (
				476ACF322BBD1FB100CA9758 /* RXSnapChatSDKDemoUITestsLaunchTests.m in Sources */,
				476ACF302BBD1FB100CA9758 /* RXSnapChatSDKDemoUITests.m in Sources */,
			);
			runOnlyForDeploymentPostprocessing = 0;
		};
/* End PBXSourcesBuildPhase section */

/* Begin PBXTargetDependency section */
		476ACF232BBD1FB100CA9758 /* PBXTargetDependency */ = {
			isa = PBXTargetDependency;
			target = 476ACF052BBD1FB000CA9758 /* RXSnapChatSDKDemo */;
			targetProxy = 476ACF222BBD1FB100CA9758 /* PBXContainerItemProxy */;
		};
		476ACF2D2BBD1FB100CA9758 /* PBXTargetDependency */ = {
			isa = PBXTargetDependency;
			target = 476ACF052BBD1FB000CA9758 /* RXSnapChatSDKDemo */;
			targetProxy = 476ACF2C2BBD1FB100CA9758 /* PBXContainerItemProxy */;
		};
/* End PBXTargetDependency section */

/* Begin PBXVariantGroup section */
		476ACF122BBD1FB000CA9758 /* Main.storyboard */ = {
			isa = PBXVariantGroup;
			children = (
				476ACF132BBD1FB000CA9758 /* Base */,
			);
			name = Main.storyboard;
			sourceTree = "<group>";
		};
		476ACF172BBD1FB100CA9758 /* LaunchScreen.storyboard */ = {
			isa = PBXVariantGroup;
			children = (
				476ACF182BBD1FB100CA9758 /* Base */,
			);
			name = LaunchScreen.storyboard;
			sourceTree = "<group>";
		};
/* End PBXVariantGroup section */

/* Begin XCBuildConfiguration section */
		476ACF332BBD1FB100CA9758 /* Debug */ = {
			isa = XCBuildConfiguration;
			buildSettings = {
				ALWAYS_SEARCH_USER_PATHS = NO;
				ASSETCATALOG_COMPILER_GENERATE_SWIFT_ASSET_SYMBOL_EXTENSIONS = YES;
				CLANG_ANALYZER_NONNULL = YES;
				CLANG_ANALYZER_NUMBER_OBJECT_CONVERSION = YES_AGGRESSIVE;
				CLANG_CXX_LANGUAGE_STANDARD = "gnu++20";
				CLANG_ENABLE_MODULES = YES;
				CLANG_ENABLE_OBJC_ARC = YES;
				CLANG_ENABLE_OBJC_WEAK = YES;
				CLANG_WARN_BLOCK_CAPTURE_AUTORELEASING = YES;
				CLANG_WARN_BOOL_CONVERSION = YES;
				CLANG_WARN_COMMA = YES;
				CLANG_WARN_CONSTANT_CONVERSION = YES;
				CLANG_WARN_DEPRECATED_OBJC_IMPLEMENTATIONS = YES;
				CLANG_WARN_DIRECT_OBJC_ISA_USAGE = YES_ERROR;
				CLANG_WARN_DOCUMENTATION_COMMENTS = YES;
				CLANG_WARN_EMPTY_BODY = YES;
				CLANG_WARN_ENUM_CONVERSION = YES;
				CLANG_WARN_INFINITE_RECURSION = YES;
				CLANG_WARN_INT_CONVERSION = YES;
				CLANG_WARN_NON_LITERAL_NULL_CONVERSION = YES;
				CLANG_WARN_OBJC_IMPLICIT_RETAIN_SELF = YES;
				CLANG_WARN_OBJC_LITERAL_CONVERSION = YES;
				CLANG_WARN_OBJC_ROOT_CLASS = YES_ERROR;
				CLANG_WARN_QUOTED_INCLUDE_IN_FRAMEWORK_HEADER = YES;
				CLANG_WARN_RANGE_LOOP_ANALYSIS = YES;
				CLANG_WARN_STRICT_PROTOTYPES = YES;
				CLANG_WARN_SUSPICIOUS_MOVE = YES;
				CLANG_WARN_UNGUARDED_AVAILABILITY = YES_AGGRESSIVE;
				CLANG_WARN_UNREACHABLE_CODE = YES;
				CLANG_WARN__DUPLICATE_METHOD_MATCH = YES;
				COPY_PHASE_STRIP = NO;
				DEBUG_INFORMATION_FORMAT = dwarf;
				ENABLE_STRICT_OBJC_MSGSEND = YES;
				ENABLE_TESTABILITY = YES;
				ENABLE_USER_SCRIPT_SANDBOXING = YES;
				GCC_C_LANGUAGE_STANDARD = gnu17;
				GCC_DYNAMIC_NO_PIC = NO;
				GCC_NO_COMMON_BLOCKS = YES;
				GCC_OPTIMIZATION_LEVEL = 0;
				GCC_PREPROCESSOR_DEFINITIONS = (
					"DEBUG=1",
					"$(inherited)",
				);
				GCC_WARN_64_TO_32_BIT_CONVERSION = YES;
				GCC_WARN_ABOUT_RETURN_TYPE = YES_ERROR;
				GCC_WARN_UNDECLARED_SELECTOR = YES;
				GCC_WARN_UNINITIALIZED_AUTOS = YES_AGGRESSIVE;
				GCC_WARN_UNUSED_FUNCTION = YES;
				GCC_WARN_UNUSED_VARIABLE = YES;
				IPHONEOS_DEPLOYMENT_TARGET = 17.2;
				LOCALIZATION_PREFERS_STRING_CATALOGS = YES;
				MTL_ENABLE_DEBUG_INFO = INCLUDE_SOURCE;
				MTL_FAST_MATH = YES;
				ONLY_ACTIVE_ARCH = YES;
				SDKROOT = iphoneos;
			};
			name = Debug;
		};
		476ACF342BBD1FB100CA9758 /* Release */ = {
			isa = XCBuildConfiguration;
			buildSettings = {
				ALWAYS_SEARCH_USER_PATHS = NO;
				ASSETCATALOG_COMPILER_GENERATE_SWIFT_ASSET_SYMBOL_EXTENSIONS = YES;
				CLANG_ANALYZER_NONNULL = YES;
				CLANG_ANALYZER_NUMBER_OBJECT_CONVERSION = YES_AGGRESSIVE;
				CLANG_CXX_LANGUAGE_STANDARD = "gnu++20";
				CLANG_ENABLE_MODULES = YES;
				CLANG_ENABLE_OBJC_ARC = YES;
				CLANG_ENABLE_OBJC_WEAK = YES;
				CLANG_WARN_BLOCK_CAPTURE_AUTORELEASING = YES;
				CLANG_WARN_BOOL_CONVERSION = YES;
				CLANG_WARN_COMMA = YES;
				CLANG_WARN_CONSTANT_CONVERSION = YES;
				CLANG_WARN_DEPRECATED_OBJC_IMPLEMENTATIONS = YES;
				CLANG_WARN_DIRECT_OBJC_ISA_USAGE = YES_ERROR;
				CLANG_WARN_DOCUMENTATION_COMMENTS = YES;
				CLANG_WARN_EMPTY_BODY = YES;
				CLANG_WARN_ENUM_CONVERSION = YES;
				CLANG_WARN_INFINITE_RECURSION = YES;
				CLANG_WARN_INT_CONVERSION = YES;
				CLANG_WARN_NON_LITERAL_NULL_CONVERSION = YES;
				CLANG_WARN_OBJC_IMPLICIT_RETAIN_SELF = YES;
				CLANG_WARN_OBJC_LITERAL_CONVERSION = YES;
				CLANG_WARN_OBJC_ROOT_CLASS = YES_ERROR;
				CLANG_WARN_QUOTED_INCLUDE_IN_FRAMEWORK_HEADER = YES;
				CLANG_WARN_RANGE_LOOP_ANALYSIS = YES;
				CLANG_WARN_STRICT_PROTOTYPES = YES;
				CLANG_WARN_SUSPICIOUS_MOVE = YES;
				CLANG_WARN_UNGUARDED_AVAILABILITY = YES_AGGRESSIVE;
				CLANG_WARN_UNREACHABLE_CODE = YES;
				CLANG_WARN__DUPLICATE_METHOD_MATCH = YES;
				COPY_PHASE_STRIP = NO;
				DEBUG_INFORMATION_FORMAT = "dwarf-with-dsym";
				ENABLE_NS_ASSERTIONS = NO;
				ENABLE_STRICT_OBJC_MSGSEND = YES;
				ENABLE_USER_SCRIPT_SANDBOXING = YES;
				GCC_C_LANGUAGE_STANDARD = gnu17;
				GCC_NO_COMMON_BLOCKS = YES;
				GCC_WARN_64_TO_32_BIT_CONVERSION = YES;
				GCC_WARN_ABOUT_RETURN_TYPE = YES_ERROR;
				GCC_WARN_UNDECLARED_SELECTOR = YES;
				GCC_WARN_UNINITIALIZED_AUTOS = YES_AGGRESSIVE;
				GCC_WARN_UNUSED_FUNCTION = YES;
				GCC_WARN_UNUSED_VARIABLE = YES;
				IPHONEOS_DEPLOYMENT_TARGET = 17.2;
				LOCALIZATION_PREFERS_STRING_CATALOGS = YES;
				MTL_ENABLE_DEBUG_INFO = NO;
				MTL_FAST_MATH = YES;
				SDKROOT = iphoneos;
				VALIDATE_PRODUCT = YES;
			};
			name = Release;
		};
		476ACF362BBD1FB100CA9758 /* Debug */ = {
			isa = XCBuildConfiguration;
			baseConfigurationReference = 242C29BD75CA5E59DDB6CC9F /* Pods-RXSnapChatSDKDemo.debug.xcconfig */;
			buildSettings = {
				ASSETCATALOG_COMPILER_APPICON_NAME = AppIcon;
				ASSETCATALOG_COMPILER_GLOBAL_ACCENT_COLOR_NAME = AccentColor;
				CODE_SIGN_STYLE = Automatic;
				CURRENT_PROJECT_VERSION = 1;
				DEVELOPMENT_TEAM = 9A5NGSRMH4;
				ENABLE_USER_SCRIPT_SANDBOXING = NO;
				FRAMEWORK_SEARCH_PATHS = (
					"$(inherited)",
					"\"${PODS_ROOT}/SnapSDK\"",
					"$(PROJECT_DIR)/RXSnapChatSDKDemo/lipo",
				);
				GENERATE_INFOPLIST_FILE = YES;
				INFOPLIST_FILE = RXSnapChatSDKDemo/Info.plist;
				INFOPLIST_KEY_NSPhotoLibraryUsageDescription = "需要访问相册权限用于获取替换的背景图片";
				INFOPLIST_KEY_NSUserTrackingUsageDescription = 333;
				INFOPLIST_KEY_UIApplicationSupportsIndirectInputEvents = YES;
				INFOPLIST_KEY_UILaunchStoryboardName = LaunchScreen;
				INFOPLIST_KEY_UIMainStoryboardFile = Main;
				INFOPLIST_KEY_UISupportedInterfaceOrientations_iPad = "UIInterfaceOrientationPortrait UIInterfaceOrientationPortraitUpsideDown UIInterfaceOrientationLandscapeLeft UIInterfaceOrientationLandscapeRight";
				INFOPLIST_KEY_UISupportedInterfaceOrientations_iPhone = "UIInterfaceOrientationPortrait UIInterfaceOrientationLandscapeLeft UIInterfaceOrientationLandscapeRight";
				IPHONEOS_DEPLOYMENT_TARGET = 12.0;
				LD_RUNPATH_SEARCH_PATHS = (
					"$(inherited)",
					"@executable_path/Frameworks",
				);
				MARKETING_VERSION = 1.0;
				PRODUCT_BUNDLE_IDENTIFIER = com.ruixue.sdkdemo;
				PRODUCT_NAME = "$(TARGET_NAME)";
				SWIFT_EMIT_LOC_STRINGS = YES;
				TARGETED_DEVICE_FAMILY = "1,2";
			};
			name = Debug;
		};
		476ACF372BBD1FB100CA9758 /* Release */ = {
			isa = XCBuildConfiguration;
			baseConfigurationReference = 8A21FE615373C5C7999AD105 /* Pods-RXSnapChatSDKDemo.release.xcconfig */;
			buildSettings = {
				ASSETCATALOG_COMPILER_APPICON_NAME = AppIcon;
				ASSETCATALOG_COMPILER_GLOBAL_ACCENT_COLOR_NAME = AccentColor;
				CODE_SIGN_STYLE = Automatic;
				CURRENT_PROJECT_VERSION = 1;
				DEVELOPMENT_TEAM = 9A5NGSRMH4;
				ENABLE_USER_SCRIPT_SANDBOXING = NO;
				FRAMEWORK_SEARCH_PATHS = (
					"$(inherited)",
					"\"${PODS_ROOT}/SnapSDK\"",
					"$(PROJECT_DIR)/RXSnapChatSDKDemo/lipo",
				);
				GENERATE_INFOPLIST_FILE = YES;
				INFOPLIST_FILE = RXSnapChatSDKDemo/Info.plist;
				INFOPLIST_KEY_NSPhotoLibraryUsageDescription = "需要访问相册权限用于获取替换的背景图片";
				INFOPLIST_KEY_NSUserTrackingUsageDescription = 333;
				INFOPLIST_KEY_UIApplicationSupportsIndirectInputEvents = YES;
				INFOPLIST_KEY_UILaunchStoryboardName = LaunchScreen;
				INFOPLIST_KEY_UIMainStoryboardFile = Main;
				INFOPLIST_KEY_UISupportedInterfaceOrientations_iPad = "UIInterfaceOrientationPortrait UIInterfaceOrientationPortraitUpsideDown UIInterfaceOrientationLandscapeLeft UIInterfaceOrientationLandscapeRight";
				INFOPLIST_KEY_UISupportedInterfaceOrientations_iPhone = "UIInterfaceOrientationPortrait UIInterfaceOrientationLandscapeLeft UIInterfaceOrientationLandscapeRight";
				IPHONEOS_DEPLOYMENT_TARGET = 12.0;
				LD_RUNPATH_SEARCH_PATHS = (
					"$(inherited)",
					"@executable_path/Frameworks",
				);
				MARKETING_VERSION = 1.0;
				PRODUCT_BUNDLE_IDENTIFIER = com.ruixue.sdkdemo;
				PRODUCT_NAME = "$(TARGET_NAME)";
				SWIFT_EMIT_LOC_STRINGS = YES;
				TARGETED_DEVICE_FAMILY = "1,2";
			};
			name = Release;
		};
		476ACF392BBD1FB100CA9758 /* Debug */ = {
			isa = XCBuildConfiguration;
			buildSettings = {
				BUNDLE_LOADER = "$(TEST_HOST)";
				CODE_SIGN_STYLE = Automatic;
				CURRENT_PROJECT_VERSION = 1;
				DEVELOPMENT_TEAM = 9A5NGSRMH4;
				GENERATE_INFOPLIST_FILE = YES;
				IPHONEOS_DEPLOYMENT_TARGET = 17.2;
				MARKETING_VERSION = 1.0;
				PRODUCT_BUNDLE_IDENTIFIER = com.RXSnapChatSDKDemoTests;
				PRODUCT_NAME = "$(TARGET_NAME)";
				SWIFT_EMIT_LOC_STRINGS = NO;
				TARGETED_DEVICE_FAMILY = "1,2";
				TEST_HOST = "$(BUILT_PRODUCTS_DIR)/RXSnapChatSDKDemo.app/$(BUNDLE_EXECUTABLE_FOLDER_PATH)/RXSnapChatSDKDemo";
			};
			name = Debug;
		};
		476ACF3A2BBD1FB100CA9758 /* Release */ = {
			isa = XCBuildConfiguration;
			buildSettings = {
				BUNDLE_LOADER = "$(TEST_HOST)";
				CODE_SIGN_STYLE = Automatic;
				CURRENT_PROJECT_VERSION = 1;
				DEVELOPMENT_TEAM = 9A5NGSRMH4;
				GENERATE_INFOPLIST_FILE = YES;
				IPHONEOS_DEPLOYMENT_TARGET = 17.2;
				MARKETING_VERSION = 1.0;
				PRODUCT_BUNDLE_IDENTIFIER = com.RXSnapChatSDKDemoTests;
				PRODUCT_NAME = "$(TARGET_NAME)";
				SWIFT_EMIT_LOC_STRINGS = NO;
				TARGETED_DEVICE_FAMILY = "1,2";
				TEST_HOST = "$(BUILT_PRODUCTS_DIR)/RXSnapChatSDKDemo.app/$(BUNDLE_EXECUTABLE_FOLDER_PATH)/RXSnapChatSDKDemo";
			};
			name = Release;
		};
		476ACF3C2BBD1FB100CA9758 /* Debug */ = {
			isa = XCBuildConfiguration;
			buildSettings = {
				CODE_SIGN_STYLE = Automatic;
				CURRENT_PROJECT_VERSION = 1;
				DEVELOPMENT_TEAM = 9A5NGSRMH4;
				GENERATE_INFOPLIST_FILE = YES;
				MARKETING_VERSION = 1.0;
				PRODUCT_BUNDLE_IDENTIFIER = com.RXSnapChatSDKDemoUITests;
				PRODUCT_NAME = "$(TARGET_NAME)";
				SWIFT_EMIT_LOC_STRINGS = NO;
				TARGETED_DEVICE_FAMILY = "1,2";
				TEST_TARGET_NAME = RXSnapChatSDKDemo;
			};
			name = Debug;
		};
		476ACF3D2BBD1FB100CA9758 /* Release */ = {
			isa = XCBuildConfiguration;
			buildSettings = {
				CODE_SIGN_STYLE = Automatic;
				CURRENT_PROJECT_VERSION = 1;
				DEVELOPMENT_TEAM = 9A5NGSRMH4;
				GENERATE_INFOPLIST_FILE = YES;
				MARKETING_VERSION = 1.0;
				PRODUCT_BUNDLE_IDENTIFIER = com.RXSnapChatSDKDemoUITests;
				PRODUCT_NAME = "$(TARGET_NAME)";
				SWIFT_EMIT_LOC_STRINGS = NO;
				TARGETED_DEVICE_FAMILY = "1,2";
				TEST_TARGET_NAME = RXSnapChatSDKDemo;
			};
			name = Release;
		};
/* End XCBuildConfiguration section */

/* Begin XCConfigurationList section */
		476ACF012BBD1FB000CA9758 /* Build configuration list for PBXProject "RXSnapChatSDKDemo" */ = {
			isa = XCConfigurationList;
			buildConfigurations = (
				476ACF332BBD1FB100CA9758 /* Debug */,
				476ACF342BBD1FB100CA9758 /* Release */,
			);
			defaultConfigurationIsVisible = 0;
			defaultConfigurationName = Release;
		};
		476ACF352BBD1FB100CA9758 /* Build configuration list for PBXNativeTarget "RXSnapChatSDKDemo" */ = {
			isa = XCConfigurationList;
			buildConfigurations = (
				476ACF362BBD1FB100CA9758 /* Debug */,
				476ACF372BBD1FB100CA9758 /* Release */,
			);
			defaultConfigurationIsVisible = 0;
			defaultConfigurationName = Release;
		};
		476ACF382BBD1FB100CA9758 /* Build configuration list for PBXNativeTarget "RXSnapChatSDKDemoTests" */ = {
			isa = XCConfigurationList;
			buildConfigurations = (
				476ACF392BBD1FB100CA9758 /* Debug */,
				476ACF3A2BBD1FB100CA9758 /* Release */,
			);
			defaultConfigurationIsVisible = 0;
			defaultConfigurationName = Release;
		};
		476ACF3B2BBD1FB100CA9758 /* Build configuration list for PBXNativeTarget "RXSnapChatSDKDemoUITests" */ = {
			isa = XCConfigurationList;
			buildConfigurations = (
				476ACF3C2BBD1FB100CA9758 /* Debug */,
				476ACF3D2BBD1FB100CA9758 /* Release */,
			);
			defaultConfigurationIsVisible = 0;
			defaultConfigurationName = Release;
		};
/* End XCConfigurationList section */
	};
	rootObject = 476ACEFE2BBD1FB000CA9758 /* Project object */;
}
