PODS:
  - AdColony (4.9.0)
  - Ads-Fusion-CN-Beta/BUAdSDK (6.1.1.0)
  - Ads-Global (5.9.0.7):
    - Ads-Global/BUAdSDK (= 5.9.0.7)
  - Ads-Global/BUAdSDK (5.9.0.7):
    - Ads-Global/BURelyAdSDK
    - Ads-Global/Dep_Accurate
  - Ads-Global/BURelyAdSDK (5.9.0.7)
  - Ads-Global/Dep_Accurate (5.9.0.7):
    - BURelyFoundation_Global/Pangle (= 0.2.1.4)
  - AnyThinkKidozSDK (8.9.3)
  - AppLovinSDK (12.4.2)
  - ATKwaiAdsSDK (1.0.6)
  - ATOM-Standalone (3.0.7)
  - BaiduMobAdSDK (5.351)
  - BigoADS (4.2.3)
  - BURelyFoundation_Global/AFNetworking (0.2.1.4)
  - BURelyFoundation_Global/APM (0.2.1.4)
  - BURelyFoundation_Global/Foundation (0.2.1.4):
    - BURelyFoundation_Global/NETWork
  - BURelyFoundation_Global/Gecko (0.2.1.4):
    - BURelyFoundation_Global/Foundation
  - BURelyFoundation_Global/Header (0.2.1.4)
  - BURelyFoundation_Global/NETWork (0.2.1.4):
    - BURelyFoundation_Global/AFNetworking
  - BURelyFoundation_Global/Pangle (0.2.1.4):
    - BURelyFoundation_Global/AFNetworking
    - BURelyFoundation_Global/APM
    - BURelyFoundation_Global/Foundation
    - BURelyFoundation_Global/Gecko
    - BURelyFoundation_Global/Header
    - BURelyFoundation_Global/NETWork
    - BURelyFoundation_Global/SDWebImage
    - BURelyFoundation_Global/YYModel
    - BURelyFoundation_Global/ZFPlayer
    - BURelyFoundation_Global/Zip
  - BURelyFoundation_Global/SDWebImage (0.2.1.4):
    - BURelyFoundation_Global/Foundation
  - BURelyFoundation_Global/YYModel (0.2.1.4)
  - BURelyFoundation_Global/ZFPlayer (0.2.1.4):
    - BURelyFoundation_Global/Foundation
    - BURelyFoundation_Global/Zip
  - BURelyFoundation_Global/Zip (0.2.1.4):
    - BURelyFoundation_Global/Foundation
  - ChartboostMediationAdapterChartboost (4.9.7.0.0):
    - ChartboostMediationSDK (~> 4.0)
    - ChartboostSDK (~> 9.7.0)
  - ChartboostMediationSDK (4.9.0.1)
  - ChartboostSDK (9.7.0)
  - DivKit (28.13.0):
    - DivKit_LayoutKit (= 28.13.0)
    - DivKit_Serialization (= 28.13.0)
    - VGSLCommonCore (~> 2.4)
    - VGSLNetworking (~> 2.4)
  - DivKit_LayoutKit (28.13.0):
    - DivKit_LayoutKitInterface (= 28.13.0)
    - VGSLCommonCore (~> 2.4)
  - DivKit_LayoutKitInterface (28.13.0):
    - VGSLBase (~> 2.4)
    - VGSLBaseTiny (~> 2.4)
    - VGSLBaseUI (~> 2.4)
  - DivKit_Serialization (28.13.0):
    - VGSLCommonCore (~> 2.4)
  - Fyber_Marketplace_SDK (8.2.7)
  - GDTMobSDK (4.14.76):
    - GDTMobSDK/GDTMobSDK (= 4.14.76)
  - GDTMobSDK/GDTMobSDK (4.14.76)
  - Google-Mobile-Ads-SDK (11.3.0):
    - GoogleUserMessagingPlatform (>= 1.1)
  - GoogleAds-IMA-iOS-SDK (3.20.0)
  - GoogleUserMessagingPlatform (2.4.0)
  - HyBid (3.0.0):
    - ATOM-Standalone (~> 3.0.7)
    - HyBid/Banner (= 3.0.0)
    - HyBid/Core (= 3.0.0)
    - HyBid/FullScreen (= 3.0.0)
    - HyBid/Native (= 3.0.0)
    - HyBid/RewardedVideo (= 3.0.0)
  - HyBid/Banner (3.0.0):
    - ATOM-Standalone (~> 3.0.7)
    - HyBid/Core
  - HyBid/Core (3.0.0):
    - ATOM-Standalone (~> 3.0.7)
  - HyBid/FullScreen (3.0.0):
    - ATOM-Standalone (~> 3.0.7)
    - HyBid/Core
  - HyBid/Native (3.0.0):
    - ATOM-Standalone (~> 3.0.7)
    - HyBid/Core
  - HyBid/RewardedVideo (3.0.0):
    - ATOM-Standalone (~> 3.0.7)
    - HyBid/Core
  - InMobiSDK (10.7.2)
  - IronSourceSDK (8.0.0.0)
  - KlevinAdSDK (2.11.0.215)
  - KSAdSDK (3.3.64.5)
  - MaioSDK (1.6.2)
  - MintegralAdSDK/All (7.6.3):
    - MintegralAdSDK/BannerAd
    - MintegralAdSDK/BidNativeAd
    - MintegralAdSDK/InterstitialVideoAd
    - MintegralAdSDK/NativeAd
    - MintegralAdSDK/NativeAdvancedAd
    - MintegralAdSDK/NewInterstitialAd
    - MintegralAdSDK/RewardVideoAd
    - MintegralAdSDK/SplashAd
  - MintegralAdSDK/BannerAd (7.6.3):
    - MintegralAdSDK/NativeAd
  - MintegralAdSDK/BidNativeAd (7.6.3):
    - MintegralAdSDK/NativeAd
  - MintegralAdSDK/InterstitialVideoAd (7.6.3):
    - MintegralAdSDK/NativeAd
  - MintegralAdSDK/NativeAd (7.6.3)
  - MintegralAdSDK/NativeAdvancedAd (7.6.3):
    - MintegralAdSDK/NativeAd
  - MintegralAdSDK/NewInterstitialAd (7.6.3):
    - MintegralAdSDK/InterstitialVideoAd
    - MintegralAdSDK/NativeAd
  - MintegralAdSDK/RewardVideoAd (7.6.3):
    - MintegralAdSDK/NativeAd
  - MintegralAdSDK/SplashAd (7.6.3):
    - MintegralAdSDK/NativeAd
  - myTargetSDK (5.21.1):
    - myTrackerSDK (~> 3.1.1)
  - myTrackerSDK (3.1.10)
  - NendSDK_iOS (7.3.0)
  - OguryAds (2.4.1):
    - OguryAds/OMID (= 2.4.1)
  - OguryAds/OMID (2.4.1)
  - RXFacebookADSDK_official (1.0.0)
  - SigmobAd-iOS (4.12.3):
    - SigmobAd-iOS/WindSDK (= 4.12.3)
  - SigmobAd-iOS/WindSDK (4.12.3)
  - StartAppSDK (4.9.0)
  - TapjoySDK (12.11.0)
  - Toast (4.1.1)
  - TPNAdColonySDKAdapter (6.3.50):
    - AdColony (= 4.9.0)
    - TPNiOS (= 6.3.50)
  - TPNAdmobSDKAdapter (6.3.50.2):
    - Google-Mobile-Ads-SDK (= 11.3.0)
    - TPNiOS (= 6.3.50)
  - TPNApplovinSDKAdapter (6.3.50.2):
    - AppLovinSDK (= 12.4.2)
    - TPNiOS (= 6.3.50)
  - TPNBaiduSDKAdapter (6.3.50.2):
    - BaiduMobAdSDK (= 5.351)
    - TPNiOS (= 6.3.50)
  - TPNBigoSDKAdapter (6.3.50.2):
    - BigoADS (= 4.2.3)
    - TPNiOS (= 6.3.50)
  - TPNChartboostSDKAdapter (6.3.50):
    - ChartboostMediationAdapterChartboost (= 4.9.7.0.0)
    - ChartboostMediationSDK (= 4.9.0.1)
    - ChartboostSDK (= 9.7.0)
    - TPNiOS (= 6.3.50)
  - TPNFyberSDKAdapter (6.3.50):
    - Fyber_Marketplace_SDK (= 8.2.7)
    - TPNiOS (= 6.3.50)
  - TPNGDTSDKAdapter (6.3.50.4):
    - GDTMobSDK (= 4.14.76)
    - TPNiOS (= 6.3.50)
  - TPNIMASDKAdapter (6.3.50):
    - GoogleAds-IMA-iOS-SDK (= 3.20.0)
    - TPNiOS (= 6.3.50)
  - TPNInmobiSDKAdapter (6.3.50):
    - InMobiSDK (= 10.7.2)
    - TPNiOS (= 6.3.50)
  - TPNiOS (6.3.50):
    - TPNiOS/TPNSDK (= 6.3.50)
  - TPNiOS/TPNSDK (6.3.50)
  - TPNIronSourceSDKAdapter (6.3.50.2):
    - IronSourceSDK (= 8.0.0)
    - TPNiOS (= 6.3.50)
  - TPNKidozSDKAdapter (6.3.50):
    - AnyThinkKidozSDK (= 8.9.3)
    - TPNiOS (= 6.3.50)
  - TPNKlevinSDKAdapter (6.3.50):
    - KlevinAdSDK (= 2.11.0.215)
    - TPNiOS (= 6.3.50)
  - TPNKuaiShouSDKAdapter (6.3.50.4):
    - KSAdSDK (= 3.3.64.5)
    - TPNiOS (= 6.3.50)
  - TPNKwaiSDKAdapter (6.3.50):
    - ATKwaiAdsSDK (= 1.0.6)
    - TPNiOS (= 6.3.50)
  - TPNMaioSDKAdapter (6.3.50):
    - MaioSDK (= 1.6.2)
    - TPNiOS (= 6.3.50)
  - TPNMintegralSDKAdapter (6.3.50.2):
    - MintegralAdSDK/All (= 7.6.3)
    - TPNiOS (= 6.3.50)
  - TPNMyTargetSDKAdapter (6.3.50):
    - myTargetSDK (= 5.21.1)
    - TPNiOS (= 6.3.50)
  - TPNNendSDKAdapter (6.3.50.2):
    - NendSDK_iOS (= 7.3.0)
    - TPNiOS (= 6.3.50)
  - TPNOgurySDKAdapter (6.3.50):
    - OguryAds (= 2.4.1)
    - TPNiOS (= 6.3.50)
  - TPNPangleSDKAdapter (6.3.50.4):
    - Ads-Global (= 5.9.0.7)
    - TPNiOS (= 6.3.50)
  - TPNPubNativeSDKAdapter (6.3.50.2):
    - HyBid (= 3.0.0)
    - TPNiOS (= 6.3.50)
  - TPNSigmobSDKAdapter (6.3.50):
    - SigmobAd-iOS (= 4.12.3)
    - TPNiOS (= 6.3.50)
  - TPNStartAppSDKAdapter (6.3.50):
    - StartAppSDK (= 4.9.0)
    - TPNiOS (= 6.3.50)
  - TPNTapjoySDKAdapter (6.3.50):
    - TapjoySDK (= 12.11.0)
    - TPNiOS (= 6.3.50)
  - TPNTTSDKAdapter (6.3.50.2):
    - Ads-Fusion-CN-Beta/BUAdSDK (= 6.1.1.0)
    - TPNiOS (= 6.3.50)
  - TPNUnityAdsSDKAdapter (6.3.50.2):
    - TPNiOS (= 6.3.50)
    - UnityAds (= 4.10)
  - TPNVungleSDKAdapter (6.3.50.2):
    - TPNiOS (= 6.3.50)
    - VungleAds (= 7.3.1)
  - TPNYandexSDKAdapter (6.3.50):
    - TPNiOS (= 6.3.50)
    - YandexMobileAds (= 6.4.1)
    - YandexMobileAdsInstream (= 0.25.0)
  - TraminiSDK (6.3.50)
  - UnityAds (4.10.0)
  - VGSL_Fundamentals (2.4.1):
    - VGSL_Fundamentals_Tiny (= 2.4.1)
  - VGSL_Fundamentals_Tiny (2.4.1)
  - VGSLBase (2.4.1):
    - VGSL_Fundamentals (= 2.4.1)
    - VGSLBaseTiny (= 2.4.1)
    - VGSLBaseUI (= 2.4.1)
  - VGSLBaseTiny (2.4.1):
    - VGSL_Fundamentals_Tiny (= 2.4.1)
  - VGSLBaseUI (2.4.1):
    - VGSLBaseTiny (= 2.4.1)
  - VGSLCommonCore (2.4.1):
    - VGSLBase (= 2.4.1)
  - VGSLNetworking (2.4.1):
    - VGSLBase (= 2.4.1)
  - VungleAds (7.3.1)
  - YandexMobileAds (6.4.1):
    - DivKit (= 28.13.0)
    - YandexMobileMetrica (< 5.0.0, >= 4.0.0)
  - YandexMobileAdsInstream (0.25.0):
    - YandexMobileAds (~> 6.4.1)
  - YandexMobileMetrica (4.5.2):
    - YandexMobileMetrica/Static (= 4.5.2)
  - YandexMobileMetrica/Static (4.5.2):
    - YandexMobileMetrica/Static/Core (= 4.5.2)
    - YandexMobileMetrica/Static/Crashes (= 4.5.2)
  - YandexMobileMetrica/Static/Core (4.5.2)
  - YandexMobileMetrica/Static/Crashes (4.5.2):
    - YandexMobileMetrica/Static/Core

DEPENDENCIES:
  - RXFacebookADSDK_official
  - Toast
  - TPNAdColonySDKAdapter (= 6.3.50)
  - TPNAdmobSDKAdapter (= 6.3.50.2)
  - TPNApplovinSDKAdapter (= 6.3.50.2)
  - TPNBaiduSDKAdapter (= 6.3.50.2)
  - TPNBigoSDKAdapter (= 6.3.50.2)
  - TPNChartboostSDKAdapter (= 6.3.50)
  - TPNFyberSDKAdapter (= 6.3.50)
  - TPNGDTSDKAdapter (= 6.3.50.4)
  - TPNIMASDKAdapter (= 6.3.50)
  - TPNInmobiSDKAdapter (= 6.3.50)
  - TPNiOS (= 6.3.50)
  - TPNIronSourceSDKAdapter (= 6.3.50.2)
  - TPNKidozSDKAdapter (= 6.3.50)
  - TPNKlevinSDKAdapter (= 6.3.50)
  - TPNKuaiShouSDKAdapter (= 6.3.50.4)
  - TPNKwaiSDKAdapter (= 6.3.50)
  - TPNMaioSDKAdapter (= 6.3.50)
  - TPNMintegralSDKAdapter (= 6.3.50.2)
  - TPNMyTargetSDKAdapter (= 6.3.50)
  - TPNNendSDKAdapter (= 6.3.50.2)
  - TPNOgurySDKAdapter (= 6.3.50)
  - TPNPangleSDKAdapter (= 6.3.50.4)
  - TPNPubNativeSDKAdapter (= 6.3.50.2)
  - TPNSigmobSDKAdapter (= 6.3.50)
  - TPNStartAppSDKAdapter (= 6.3.50)
  - TPNTapjoySDKAdapter (= 6.3.50)
  - TPNTTSDKAdapter (= 6.3.50.2)
  - TPNUnityAdsSDKAdapter (= 6.3.50.2)
  - TPNVungleSDKAdapter (= 6.3.50.2)
  - TPNYandexSDKAdapter (= 6.3.50)
  - TraminiSDK (= 6.3.50)

SPEC REPOS:
  https://github.com/CocoaPods/Specs.git:
    - AdColony
    - Ads-Fusion-CN-Beta
    - Ads-Global
    - AnyThinkKidozSDK
    - AppLovinSDK
    - ATKwaiAdsSDK
    - ATOM-Standalone
    - BaiduMobAdSDK
    - BigoADS
    - BURelyFoundation_Global
    - ChartboostMediationAdapterChartboost
    - ChartboostMediationSDK
    - ChartboostSDK
    - DivKit
    - DivKit_LayoutKit
    - DivKit_LayoutKitInterface
    - DivKit_Serialization
    - Fyber_Marketplace_SDK
    - GDTMobSDK
    - Google-Mobile-Ads-SDK
    - GoogleAds-IMA-iOS-SDK
    - GoogleUserMessagingPlatform
    - HyBid
    - InMobiSDK
    - IronSourceSDK
    - KlevinAdSDK
    - KSAdSDK
    - MaioSDK
    - MintegralAdSDK
    - myTargetSDK
    - myTrackerSDK
    - NendSDK_iOS
    - OguryAds
    - RXFacebookADSDK_official
    - SigmobAd-iOS
    - StartAppSDK
    - TapjoySDK
    - Toast
    - TPNAdColonySDKAdapter
    - TPNAdmobSDKAdapter
    - TPNApplovinSDKAdapter
    - TPNBaiduSDKAdapter
    - TPNBigoSDKAdapter
    - TPNChartboostSDKAdapter
    - TPNFyberSDKAdapter
    - TPNGDTSDKAdapter
    - TPNIMASDKAdapter
    - TPNInmobiSDKAdapter
    - TPNiOS
    - TPNIronSourceSDKAdapter
    - TPNKidozSDKAdapter
    - TPNKlevinSDKAdapter
    - TPNKuaiShouSDKAdapter
    - TPNKwaiSDKAdapter
    - TPNMaioSDKAdapter
    - TPNMintegralSDKAdapter
    - TPNMyTargetSDKAdapter
    - TPNNendSDKAdapter
    - TPNOgurySDKAdapter
    - TPNPangleSDKAdapter
    - TPNPubNativeSDKAdapter
    - TPNSigmobSDKAdapter
    - TPNStartAppSDKAdapter
    - TPNTapjoySDKAdapter
    - TPNTTSDKAdapter
    - TPNUnityAdsSDKAdapter
    - TPNVungleSDKAdapter
    - TPNYandexSDKAdapter
    - TraminiSDK
    - UnityAds
    - VGSL_Fundamentals
    - VGSL_Fundamentals_Tiny
    - VGSLBase
    - VGSLBaseTiny
    - VGSLBaseUI
    - VGSLCommonCore
    - VGSLNetworking
    - VungleAds
    - YandexMobileAds
    - YandexMobileAdsInstream
    - YandexMobileMetrica

SPEC CHECKSUMS:
  AdColony: af8b7414f317641e0e1e9d23a7b739879e40e4b9
  Ads-Fusion-CN-Beta: 7918045c9e0e644e1cb757e5c875507279724e25
  Ads-Global: f5fb0308749c8615efae82e4d860891894d6f1b0
  AnyThinkKidozSDK: 5c3e08babac895077c886fc902aa00e40f8b2e76
  AppLovinSDK: 0d28d095238ec35cf1dc408ca2d983fb7a1803bb
  ATKwaiAdsSDK: 0dc2a7b8b0250a5a492cee249423bef16e2b5f1c
  ATOM-Standalone: 26549f5cffb457a7660b3cb2d5a5f1faf24da913
  BaiduMobAdSDK: f89cebc91fabe453935dd878ab50cd9113d9f258
  BigoADS: dc47625e5eb8f83b651a75788973d04acd655d62
  BURelyFoundation_Global: 17ed9cd58d138feefd8c0711dd3294766adcb28e
  ChartboostMediationAdapterChartboost: 6654e3e150c800eebebd66e9c65935bc2bc8aeb2
  ChartboostMediationSDK: e0976ce3765d6734b96b55cec00c653a38159f9d
  ChartboostSDK: 0cd093c90a5a21c89783fe5be486e511fb2dbfc8
  DivKit: 65af423ea03c32b6ecaa63a64d4a2ea26c217f3b
  DivKit_LayoutKit: 3f88fab9edefb4938b9ccb5359ecbce4e1eeba69
  DivKit_LayoutKitInterface: 90449756ba956a7fbf3b168c01f7a0b7fc6a9de0
  DivKit_Serialization: 1b536e30c49163548bb62120320097c8ab41936d
  Fyber_Marketplace_SDK: 90d17e7cb04f505b00c2410679f115aefc9fd4e5
  GDTMobSDK: 037a4e91a91d277d7864fa0f413599acecc6e8f4
  Google-Mobile-Ads-SDK: 301a16c461c331ba34ff4dab40a22ab7c147af61
  GoogleAds-IMA-iOS-SDK: f9a6bd69e34f6c3a2d6b2f7cd56814b78fc680f9
  GoogleUserMessagingPlatform: f131fa7978d2ba88d7426702b057c2cc318e6595
  HyBid: e98ce54597d146a8fec024d3e7c83cb5d4f11be6
  InMobiSDK: 5882da6b575abf138a586f920bb4c7cafde7a529
  IronSourceSDK: ab8b67818aab07d1eca58f5b949459b939c4c589
  KlevinAdSDK: 2c6ffc91dae6d82868d2ebde2eb63464235cbacb
  KSAdSDK: b51a265fb9e91f686ad329818e14b99ccbc86670
  MaioSDK: 674022c6f61693de0601e110da2564ca121df37d
  MintegralAdSDK: 5ff28af4529d8eedf9e2c4e84ddf70bebf48691c
  myTargetSDK: f1935a902a81117904d5002338cf7ff07f941dd2
  myTrackerSDK: 19bc1329ef9d8d61670fc03d82c6e200533c093d
  NendSDK_iOS: 46252f116d33154dcf671864026c7bec62975179
  OguryAds: ede25803e572b5eee27a832f6ef5f3a171c20ef1
  RXFacebookADSDK_official: a5801bf9553bb93112f88597caf491808544655f
  SigmobAd-iOS: bf9d02ea8167fd8c3ab8e4a8a573bf99af3091b8
  StartAppSDK: aa04c171bea50f470df1c78e09815af6a2ef86f7
  TapjoySDK: 63d964a731313ac2db700b67623376db7c3c120c
  Toast: 1f5ea13423a1e6674c4abdac5be53587ae481c4e
  TPNAdColonySDKAdapter: 99cf8618478a0d04a06939908c86564aba11e50e
  TPNAdmobSDKAdapter: dce5b1da3695b709a5d32553fb1664f93344e817
  TPNApplovinSDKAdapter: a9c2b658b764512eb7658f435fec336cf06242ea
  TPNBaiduSDKAdapter: 9321c7d5d75723849b2f99e7f2696db05eb13c41
  TPNBigoSDKAdapter: 6f6e1548364473afa968c73c217554a9a5426610
  TPNChartboostSDKAdapter: f7e9e5d0f3e992db7453a858eb484b8d41746e1b
  TPNFyberSDKAdapter: 04ab709d10bf605df84749037f58f3c778c3b16a
  TPNGDTSDKAdapter: 0accb52f79888275bcb75d30a3b155ca59e15fa2
  TPNIMASDKAdapter: 739846986e34dd6d46a235e4a16dc4c7a4db9396
  TPNInmobiSDKAdapter: 1bdd45ce4d08e2cf1ca0bc3484a132a67f6cb60b
  TPNiOS: c8396b6293164a5c13b22d0fc391844eb48af53d
  TPNIronSourceSDKAdapter: 67477181e47595bb85f451be34896c021e61465b
  TPNKidozSDKAdapter: 7f2b1d78493fc7068b43edf64c842e0e1f95cfa7
  TPNKlevinSDKAdapter: f84a4886940d223e80c94f59002375fb4e313e12
  TPNKuaiShouSDKAdapter: b77ce70ad474b5110810b9c9c4b2baa5a15f9800
  TPNKwaiSDKAdapter: d43948a89bc7a71bb4de04d7523ea7eea3a3362f
  TPNMaioSDKAdapter: e6bd5cd647b8f869b7b4c079c4b6d0297422bdbc
  TPNMintegralSDKAdapter: 1899bc8608e82afaea64398df93cd886ea08fcbc
  TPNMyTargetSDKAdapter: c10ccc575d7920cc1f6ec46a33842a6822103900
  TPNNendSDKAdapter: 61c2d1adce757ba4760f93ac14e82fdc10d77066
  TPNOgurySDKAdapter: 5e8c3fa1a1360ba51c194a1967ffc5bf44b14e5e
  TPNPangleSDKAdapter: 5f9361828a789d9697c71af0e152b4fff5499a22
  TPNPubNativeSDKAdapter: 14ff8f5f86021aec1fb9e0be88a473fb5a4b5517
  TPNSigmobSDKAdapter: 6376211a754f54362c19aebbae889899c8c4bd87
  TPNStartAppSDKAdapter: 04b77b8a4887fe1b2c1b184f2de77bf4250f0226
  TPNTapjoySDKAdapter: f64182ce3894d2e71c802cdb4a5853f00ffd8c7b
  TPNTTSDKAdapter: a44bcac5c967817310c344e64ec5b732bf2b61fa
  TPNUnityAdsSDKAdapter: 49b2cd52e81ee5173ee844420c78036b978590a2
  TPNVungleSDKAdapter: 14a69d41258a67cc4860b184370aee8a234d886c
  TPNYandexSDKAdapter: d33add9245700d4e217c02962f56e47e53763872
  TraminiSDK: d22885a21ac4dfba32d5577d375691dfdeaee10d
  UnityAds: 5601f6397b0e02ed3ed6ee92827f5177a523aab6
  VGSL_Fundamentals: 4a965a687c76a5a435d7aaeb6b7182e82408bf4c
  VGSL_Fundamentals_Tiny: feab274b20c5838fbe09b887db0f6cfa28e26a1c
  VGSLBase: 37b95dd4ea137f73e8f9a8bd8ec474d8b4d75a68
  VGSLBaseTiny: 0a0a4992a348184e8580cf73efa8eb373d750f6b
  VGSLBaseUI: 62f147155e7b7049a32a30ac87b5bd8b83e636c5
  VGSLCommonCore: dd33088af6633d1c09f0c9bb8027920b99e2e0c8
  VGSLNetworking: e12d616b447522bf524c689d28f55cfbb20473cd
  VungleAds: 04a17ab51fb61f41cd6d666fd0024509005740fe
  YandexMobileAds: ed587c669f2deb078f39a070ee2466cc40eca5a9
  YandexMobileAdsInstream: 703afe25209ce491b82bb1be89e34ff5caf0d98d
  YandexMobileMetrica: f5368ee93f286c793d73b58da00929babfc897c1

PODFILE CHECKSUM: eff7db8ba8b1f555442cd5f71c28c8152b3c6e1b

COCOAPODS: 1.15.2
