// !$*UTF8*$!
{
	archiveVersion = 1;
	classes = {
	};
	objectVersion = 55;
	objects = {

/* Begin PBXBuildFile section */
		470D85E92844AC6C00206AE3 /* AppDelegate.m in Sources */ = {isa = PBXBuildFile; fileRef = 470D85E82844AC6C00206AE3 /* AppDelegate.m */; };
		470D85EF2844AC6C00206AE3 /* ViewController.m in Sources */ = {isa = PBXBuildFile; fileRef = 470D85EE2844AC6C00206AE3 /* ViewController.m */; };
		470D85F22844AC6C00206AE3 /* Main.storyboard in Resources */ = {isa = PBXBuildFile; fileRef = 470D85F02844AC6C00206AE3 /* Main.storyboard */; };
		470D85F42844AC6E00206AE3 /* Assets.xcassets in Resources */ = {isa = PBXBuildFile; fileRef = 470D85F32844AC6E00206AE3 /* Assets.xcassets */; };
		470D85F72844AC6E00206AE3 /* LaunchScreen.storyboard in Resources */ = {isa = PBXBuildFile; fileRef = 470D85F52844AC6E00206AE3 /* LaunchScreen.storyboard */; };
		470D85FA2844AC6E00206AE3 /* main.m in Sources */ = {isa = PBXBuildFile; fileRef = 470D85F92844AC6E00206AE3 /* main.m */; };
		470D86042844AC6E00206AE3 /* RXWXSDKDemoTests.m in Sources */ = {isa = PBXBuildFile; fileRef = 470D86032844AC6E00206AE3 /* RXWXSDKDemoTests.m */; };
		470D860E2844AC6E00206AE3 /* RXWXSDKDemoUITests.m in Sources */ = {isa = PBXBuildFile; fileRef = 470D860D2844AC6E00206AE3 /* RXWXSDKDemoUITests.m */; };
		470D86102844AC6E00206AE3 /* RXWXSDKDemoUITestsLaunchTests.m in Sources */ = {isa = PBXBuildFile; fileRef = 470D860F2844AC6E00206AE3 /* RXWXSDKDemoUITestsLaunchTests.m */; };
		4775BD642D804EAB006E7568 /* RXSDK_Pure.framework in Frameworks */ = {isa = PBXBuildFile; fileRef = 4703A6522B9B0BE50001C1F2 /* RXSDK_Pure.framework */; };
		4775BD652D804EAB006E7568 /* RXSDK_Pure.framework in Embed Frameworks */ = {isa = PBXBuildFile; fileRef = 4703A6522B9B0BE50001C1F2 /* RXSDK_Pure.framework */; settings = {ATTRIBUTES = (CodeSignOnCopy, RemoveHeadersOnCopy, ); }; };
		47B6846B29C1C45D0047871C /* RXUIKit.framework in Frameworks */ = {isa = PBXBuildFile; fileRef = 47B6846A29C1C45D0047871C /* RXUIKit.framework */; };
		47B6846C29C1C45D0047871C /* RXUIKit.framework in Embed Frameworks */ = {isa = PBXBuildFile; fileRef = 47B6846A29C1C45D0047871C /* RXUIKit.framework */; settings = {ATTRIBUTES = (CodeSignOnCopy, RemoveHeadersOnCopy, ); }; };
		47B6846E29C1C4790047871C /* RXSDK.bundle in Resources */ = {isa = PBXBuildFile; fileRef = 47B6846D29C1C4790047871C /* RXSDK.bundle */; };
		47B6846F29C1C5190047871C /* RXWXSDK.framework in Frameworks */ = {isa = PBXBuildFile; fileRef = 470D86202844ADBF00206AE3 /* RXWXSDK.framework */; };
		47B6847029C1C5190047871C /* RXWXSDK.framework in Embed Frameworks */ = {isa = PBXBuildFile; fileRef = 470D86202844ADBF00206AE3 /* RXWXSDK.framework */; settings = {ATTRIBUTES = (CodeSignOnCopy, RemoveHeadersOnCopy, ); }; };
		47F0E80A29EFF95F0036B64A /* AuthenticationServices.framework in Frameworks */ = {isa = PBXBuildFile; fileRef = 47F0E80929EFF95F0036B64A /* AuthenticationServices.framework */; settings = {ATTRIBUTES = (Weak, ); }; };
		7251B332D3DF1AA1DD1DF96D /* Pods_RXWXSDKDemo.framework in Frameworks */ = {isa = PBXBuildFile; fileRef = 48C99BA8857861646106545C /* Pods_RXWXSDKDemo.framework */; };
/* End PBXBuildFile section */

/* Begin PBXContainerItemProxy section */
		470D86002844AC6E00206AE3 /* PBXContainerItemProxy */ = {
			isa = PBXContainerItemProxy;
			containerPortal = 470D85DC2844AC6C00206AE3 /* Project object */;
			proxyType = 1;
			remoteGlobalIDString = 470D85E32844AC6C00206AE3;
			remoteInfo = RXWXSDKDemo;
		};
		470D860A2844AC6E00206AE3 /* PBXContainerItemProxy */ = {
			isa = PBXContainerItemProxy;
			containerPortal = 470D85DC2844AC6C00206AE3 /* Project object */;
			proxyType = 1;
			remoteGlobalIDString = 470D85E32844AC6C00206AE3;
			remoteInfo = RXWXSDKDemo;
		};
/* End PBXContainerItemProxy section */

/* Begin PBXCopyFilesBuildPhase section */
		470C10F02937291000B29519 /* Embed Frameworks */ = {
			isa = PBXCopyFilesBuildPhase;
			buildActionMask = 2147483647;
			dstPath = "";
			dstSubfolderSpec = 10;
			files = (
				47B6847029C1C5190047871C /* RXWXSDK.framework in Embed Frameworks */,
				4775BD652D804EAB006E7568 /* RXSDK_Pure.framework in Embed Frameworks */,
				47B6846C29C1C45D0047871C /* RXUIKit.framework in Embed Frameworks */,
			);
			name = "Embed Frameworks";
			runOnlyForDeploymentPostprocessing = 0;
		};
/* End PBXCopyFilesBuildPhase section */

/* Begin PBXFileReference section */
		4703A6522B9B0BE50001C1F2 /* RXSDK_Pure.framework */ = {isa = PBXFileReference; lastKnownFileType = wrapper.framework; name = RXSDK_Pure.framework; path = RXWXSDKDemo/RXSDK_Pure.framework; sourceTree = "<group>"; };
		470D85E42844AC6C00206AE3 /* RXWXSDKDemo.app */ = {isa = PBXFileReference; explicitFileType = wrapper.application; includeInIndex = 0; path = RXWXSDKDemo.app; sourceTree = BUILT_PRODUCTS_DIR; };
		470D85E72844AC6C00206AE3 /* AppDelegate.h */ = {isa = PBXFileReference; lastKnownFileType = sourcecode.c.h; path = AppDelegate.h; sourceTree = "<group>"; };
		470D85E82844AC6C00206AE3 /* AppDelegate.m */ = {isa = PBXFileReference; lastKnownFileType = sourcecode.c.objc; path = AppDelegate.m; sourceTree = "<group>"; };
		470D85ED2844AC6C00206AE3 /* ViewController.h */ = {isa = PBXFileReference; lastKnownFileType = sourcecode.c.h; path = ViewController.h; sourceTree = "<group>"; };
		470D85EE2844AC6C00206AE3 /* ViewController.m */ = {isa = PBXFileReference; lastKnownFileType = sourcecode.c.objc; path = ViewController.m; sourceTree = "<group>"; };
		470D85F12844AC6C00206AE3 /* Base */ = {isa = PBXFileReference; lastKnownFileType = file.storyboard; name = Base; path = Base.lproj/Main.storyboard; sourceTree = "<group>"; };
		470D85F32844AC6E00206AE3 /* Assets.xcassets */ = {isa = PBXFileReference; lastKnownFileType = folder.assetcatalog; path = Assets.xcassets; sourceTree = "<group>"; };
		470D85F62844AC6E00206AE3 /* Base */ = {isa = PBXFileReference; lastKnownFileType = file.storyboard; name = Base; path = Base.lproj/LaunchScreen.storyboard; sourceTree = "<group>"; };
		470D85F82844AC6E00206AE3 /* Info.plist */ = {isa = PBXFileReference; lastKnownFileType = text.plist.xml; path = Info.plist; sourceTree = "<group>"; };
		470D85F92844AC6E00206AE3 /* main.m */ = {isa = PBXFileReference; lastKnownFileType = sourcecode.c.objc; path = main.m; sourceTree = "<group>"; };
		470D85FF2844AC6E00206AE3 /* RXWXSDKDemoTests.xctest */ = {isa = PBXFileReference; explicitFileType = wrapper.cfbundle; includeInIndex = 0; path = RXWXSDKDemoTests.xctest; sourceTree = BUILT_PRODUCTS_DIR; };
		470D86032844AC6E00206AE3 /* RXWXSDKDemoTests.m */ = {isa = PBXFileReference; lastKnownFileType = sourcecode.c.objc; path = RXWXSDKDemoTests.m; sourceTree = "<group>"; };
		470D86092844AC6E00206AE3 /* RXWXSDKDemoUITests.xctest */ = {isa = PBXFileReference; explicitFileType = wrapper.cfbundle; includeInIndex = 0; path = RXWXSDKDemoUITests.xctest; sourceTree = BUILT_PRODUCTS_DIR; };
		470D860D2844AC6E00206AE3 /* RXWXSDKDemoUITests.m */ = {isa = PBXFileReference; lastKnownFileType = sourcecode.c.objc; path = RXWXSDKDemoUITests.m; sourceTree = "<group>"; };
		470D860F2844AC6E00206AE3 /* RXWXSDKDemoUITestsLaunchTests.m */ = {isa = PBXFileReference; lastKnownFileType = sourcecode.c.objc; path = RXWXSDKDemoUITestsLaunchTests.m; sourceTree = "<group>"; };
		470D86202844ADBF00206AE3 /* RXWXSDK.framework */ = {isa = PBXFileReference; explicitFileType = wrapper.framework; path = RXWXSDK.framework; sourceTree = BUILT_PRODUCTS_DIR; };
		476959BB2846201000589018 /* RXWXSDKDemo.entitlements */ = {isa = PBXFileReference; lastKnownFileType = text.plist.entitlements; path = RXWXSDKDemo.entitlements; sourceTree = "<group>"; };
		47B6846A29C1C45D0047871C /* RXUIKit.framework */ = {isa = PBXFileReference; lastKnownFileType = wrapper.framework; name = RXUIKit.framework; path = RXWXSDKDemo/RXUIKit.framework; sourceTree = "<group>"; };
		47B6846D29C1C4790047871C /* RXSDK.bundle */ = {isa = PBXFileReference; lastKnownFileType = "wrapper.plug-in"; path = RXSDK.bundle; sourceTree = "<group>"; };
		47F0E80929EFF95F0036B64A /* AuthenticationServices.framework */ = {isa = PBXFileReference; lastKnownFileType = wrapper.framework; name = AuthenticationServices.framework; path = System/Library/Frameworks/AuthenticationServices.framework; sourceTree = SDKROOT; };
		48C99BA8857861646106545C /* Pods_RXWXSDKDemo.framework */ = {isa = PBXFileReference; explicitFileType = wrapper.framework; includeInIndex = 0; path = Pods_RXWXSDKDemo.framework; sourceTree = BUILT_PRODUCTS_DIR; };
		55E2C679D2A7D3D63D5C0BB5 /* Pods-RXWXSDKDemo.debug.xcconfig */ = {isa = PBXFileReference; includeInIndex = 1; lastKnownFileType = text.xcconfig; name = "Pods-RXWXSDKDemo.debug.xcconfig"; path = "Target Support Files/Pods-RXWXSDKDemo/Pods-RXWXSDKDemo.debug.xcconfig"; sourceTree = "<group>"; };
		5D3C4B5D0A7C1A681C7F5A8B /* Pods-RXWXSDKDemo.release.xcconfig */ = {isa = PBXFileReference; includeInIndex = 1; lastKnownFileType = text.xcconfig; name = "Pods-RXWXSDKDemo.release.xcconfig"; path = "Target Support Files/Pods-RXWXSDKDemo/Pods-RXWXSDKDemo.release.xcconfig"; sourceTree = "<group>"; };
/* End PBXFileReference section */

/* Begin PBXFrameworksBuildPhase section */
		470D85E12844AC6C00206AE3 /* Frameworks */ = {
			isa = PBXFrameworksBuildPhase;
			buildActionMask = 2147483647;
			files = (
				47F0E80A29EFF95F0036B64A /* AuthenticationServices.framework in Frameworks */,
				47B6846B29C1C45D0047871C /* RXUIKit.framework in Frameworks */,
				7251B332D3DF1AA1DD1DF96D /* Pods_RXWXSDKDemo.framework in Frameworks */,
				47B6846F29C1C5190047871C /* RXWXSDK.framework in Frameworks */,
				4775BD642D804EAB006E7568 /* RXSDK_Pure.framework in Frameworks */,
			);
			runOnlyForDeploymentPostprocessing = 0;
		};
		470D85FC2844AC6E00206AE3 /* Frameworks */ = {
			isa = PBXFrameworksBuildPhase;
			buildActionMask = 2147483647;
			files = (
			);
			runOnlyForDeploymentPostprocessing = 0;
		};
		470D86062844AC6E00206AE3 /* Frameworks */ = {
			isa = PBXFrameworksBuildPhase;
			buildActionMask = 2147483647;
			files = (
			);
			runOnlyForDeploymentPostprocessing = 0;
		};
/* End PBXFrameworksBuildPhase section */

/* Begin PBXGroup section */
		470D85DB2844AC6C00206AE3 = {
			isa = PBXGroup;
			children = (
				47B6846D29C1C4790047871C /* RXSDK.bundle */,
				470D85E62844AC6C00206AE3 /* RXWXSDKDemo */,
				470D86022844AC6E00206AE3 /* RXWXSDKDemoTests */,
				470D860C2844AC6E00206AE3 /* RXWXSDKDemoUITests */,
				470D85E52844AC6C00206AE3 /* Products */,
				D7289A1A65D6859FDBBE149B /* Pods */,
				7F939BE0D681C65AE6A8C8D0 /* Frameworks */,
			);
			sourceTree = "<group>";
		};
		470D85E52844AC6C00206AE3 /* Products */ = {
			isa = PBXGroup;
			children = (
				470D85E42844AC6C00206AE3 /* RXWXSDKDemo.app */,
				470D85FF2844AC6E00206AE3 /* RXWXSDKDemoTests.xctest */,
				470D86092844AC6E00206AE3 /* RXWXSDKDemoUITests.xctest */,
			);
			name = Products;
			sourceTree = "<group>";
		};
		470D85E62844AC6C00206AE3 /* RXWXSDKDemo */ = {
			isa = PBXGroup;
			children = (
				476959BB2846201000589018 /* RXWXSDKDemo.entitlements */,
				470D85E72844AC6C00206AE3 /* AppDelegate.h */,
				470D85E82844AC6C00206AE3 /* AppDelegate.m */,
				470D85ED2844AC6C00206AE3 /* ViewController.h */,
				470D85EE2844AC6C00206AE3 /* ViewController.m */,
				470D85F02844AC6C00206AE3 /* Main.storyboard */,
				470D85F32844AC6E00206AE3 /* Assets.xcassets */,
				470D85F52844AC6E00206AE3 /* LaunchScreen.storyboard */,
				470D85F82844AC6E00206AE3 /* Info.plist */,
				470D85F92844AC6E00206AE3 /* main.m */,
			);
			path = RXWXSDKDemo;
			sourceTree = "<group>";
		};
		470D86022844AC6E00206AE3 /* RXWXSDKDemoTests */ = {
			isa = PBXGroup;
			children = (
				470D86032844AC6E00206AE3 /* RXWXSDKDemoTests.m */,
			);
			path = RXWXSDKDemoTests;
			sourceTree = "<group>";
		};
		470D860C2844AC6E00206AE3 /* RXWXSDKDemoUITests */ = {
			isa = PBXGroup;
			children = (
				470D860D2844AC6E00206AE3 /* RXWXSDKDemoUITests.m */,
				470D860F2844AC6E00206AE3 /* RXWXSDKDemoUITestsLaunchTests.m */,
			);
			path = RXWXSDKDemoUITests;
			sourceTree = "<group>";
		};
		7F939BE0D681C65AE6A8C8D0 /* Frameworks */ = {
			isa = PBXGroup;
			children = (
				4703A6522B9B0BE50001C1F2 /* RXSDK_Pure.framework */,
				47F0E80929EFF95F0036B64A /* AuthenticationServices.framework */,
				47B6846A29C1C45D0047871C /* RXUIKit.framework */,
				470D86202844ADBF00206AE3 /* RXWXSDK.framework */,
				48C99BA8857861646106545C /* Pods_RXWXSDKDemo.framework */,
			);
			name = Frameworks;
			sourceTree = "<group>";
		};
		D7289A1A65D6859FDBBE149B /* Pods */ = {
			isa = PBXGroup;
			children = (
				55E2C679D2A7D3D63D5C0BB5 /* Pods-RXWXSDKDemo.debug.xcconfig */,
				5D3C4B5D0A7C1A681C7F5A8B /* Pods-RXWXSDKDemo.release.xcconfig */,
			);
			name = Pods;
			path = ../Pods;
			sourceTree = "<group>";
		};
/* End PBXGroup section */

/* Begin PBXNativeTarget section */
		470D85E32844AC6C00206AE3 /* RXWXSDKDemo */ = {
			isa = PBXNativeTarget;
			buildConfigurationList = 470D86132844AC6E00206AE3 /* Build configuration list for PBXNativeTarget "RXWXSDKDemo" */;
			buildPhases = (
				AFA77C48BB059734828D17C0 /* [CP] Check Pods Manifest.lock */,
				470D85E02844AC6C00206AE3 /* Sources */,
				470D85E12844AC6C00206AE3 /* Frameworks */,
				470D85E22844AC6C00206AE3 /* Resources */,
				470C10F02937291000B29519 /* Embed Frameworks */,
				5C33CA3A91A2F6DAE9C2BF88 /* [CP] Embed Pods Frameworks */,
			);
			buildRules = (
			);
			dependencies = (
			);
			name = RXWXSDKDemo;
			productName = RXWXSDKDemo;
			productReference = 470D85E42844AC6C00206AE3 /* RXWXSDKDemo.app */;
			productType = "com.apple.product-type.application";
		};
		470D85FE2844AC6E00206AE3 /* RXWXSDKDemoTests */ = {
			isa = PBXNativeTarget;
			buildConfigurationList = 470D86162844AC6E00206AE3 /* Build configuration list for PBXNativeTarget "RXWXSDKDemoTests" */;
			buildPhases = (
				470D85FB2844AC6E00206AE3 /* Sources */,
				470D85FC2844AC6E00206AE3 /* Frameworks */,
				470D85FD2844AC6E00206AE3 /* Resources */,
			);
			buildRules = (
			);
			dependencies = (
				470D86012844AC6E00206AE3 /* PBXTargetDependency */,
			);
			name = RXWXSDKDemoTests;
			productName = RXWXSDKDemoTests;
			productReference = 470D85FF2844AC6E00206AE3 /* RXWXSDKDemoTests.xctest */;
			productType = "com.apple.product-type.bundle.unit-test";
		};
		470D86082844AC6E00206AE3 /* RXWXSDKDemoUITests */ = {
			isa = PBXNativeTarget;
			buildConfigurationList = 470D86192844AC6E00206AE3 /* Build configuration list for PBXNativeTarget "RXWXSDKDemoUITests" */;
			buildPhases = (
				470D86052844AC6E00206AE3 /* Sources */,
				470D86062844AC6E00206AE3 /* Frameworks */,
				470D86072844AC6E00206AE3 /* Resources */,
			);
			buildRules = (
			);
			dependencies = (
				470D860B2844AC6E00206AE3 /* PBXTargetDependency */,
			);
			name = RXWXSDKDemoUITests;
			productName = RXWXSDKDemoUITests;
			productReference = 470D86092844AC6E00206AE3 /* RXWXSDKDemoUITests.xctest */;
			productType = "com.apple.product-type.bundle.ui-testing";
		};
/* End PBXNativeTarget section */

/* Begin PBXProject section */
		470D85DC2844AC6C00206AE3 /* Project object */ = {
			isa = PBXProject;
			attributes = {
				BuildIndependentTargetsInParallel = 1;
				LastUpgradeCheck = 1340;
				TargetAttributes = {
					470D85E32844AC6C00206AE3 = {
						CreatedOnToolsVersion = 13.4;
					};
					470D85FE2844AC6E00206AE3 = {
						CreatedOnToolsVersion = 13.4;
						TestTargetID = 470D85E32844AC6C00206AE3;
					};
					470D86082844AC6E00206AE3 = {
						CreatedOnToolsVersion = 13.4;
						TestTargetID = 470D85E32844AC6C00206AE3;
					};
				};
			};
			buildConfigurationList = 470D85DF2844AC6C00206AE3 /* Build configuration list for PBXProject "RXWXSDKDemo" */;
			compatibilityVersion = "Xcode 13.0";
			developmentRegion = en;
			hasScannedForEncodings = 0;
			knownRegions = (
				en,
				Base,
			);
			mainGroup = 470D85DB2844AC6C00206AE3;
			productRefGroup = 470D85E52844AC6C00206AE3 /* Products */;
			projectDirPath = "";
			projectRoot = "";
			targets = (
				470D85E32844AC6C00206AE3 /* RXWXSDKDemo */,
				470D85FE2844AC6E00206AE3 /* RXWXSDKDemoTests */,
				470D86082844AC6E00206AE3 /* RXWXSDKDemoUITests */,
			);
		};
/* End PBXProject section */

/* Begin PBXResourcesBuildPhase section */
		470D85E22844AC6C00206AE3 /* Resources */ = {
			isa = PBXResourcesBuildPhase;
			buildActionMask = 2147483647;
			files = (
				47B6846E29C1C4790047871C /* RXSDK.bundle in Resources */,
				470D85F72844AC6E00206AE3 /* LaunchScreen.storyboard in Resources */,
				470D85F42844AC6E00206AE3 /* Assets.xcassets in Resources */,
				470D85F22844AC6C00206AE3 /* Main.storyboard in Resources */,
			);
			runOnlyForDeploymentPostprocessing = 0;
		};
		470D85FD2844AC6E00206AE3 /* Resources */ = {
			isa = PBXResourcesBuildPhase;
			buildActionMask = 2147483647;
			files = (
			);
			runOnlyForDeploymentPostprocessing = 0;
		};
		470D86072844AC6E00206AE3 /* Resources */ = {
			isa = PBXResourcesBuildPhase;
			buildActionMask = 2147483647;
			files = (
			);
			runOnlyForDeploymentPostprocessing = 0;
		};
/* End PBXResourcesBuildPhase section */

/* Begin PBXShellScriptBuildPhase section */
		5C33CA3A91A2F6DAE9C2BF88 /* [CP] Embed Pods Frameworks */ = {
			isa = PBXShellScriptBuildPhase;
			buildActionMask = 2147483647;
			files = (
			);
			inputFileListPaths = (
				"${PODS_ROOT}/Target Support Files/Pods-RXWXSDKDemo/Pods-RXWXSDKDemo-frameworks-${CONFIGURATION}-input-files.xcfilelist",
			);
			inputPaths = (
			);
			name = "[CP] Embed Pods Frameworks";
			outputFileListPaths = (
				"${PODS_ROOT}/Target Support Files/Pods-RXWXSDKDemo/Pods-RXWXSDKDemo-frameworks-${CONFIGURATION}-output-files.xcfilelist",
			);
			outputPaths = (
			);
			runOnlyForDeploymentPostprocessing = 0;
			shellPath = /bin/sh;
			shellScript = "\"${PODS_ROOT}/Target Support Files/Pods-RXWXSDKDemo/Pods-RXWXSDKDemo-frameworks.sh\"\n";
			showEnvVarsInLog = 0;
		};
		AFA77C48BB059734828D17C0 /* [CP] Check Pods Manifest.lock */ = {
			isa = PBXShellScriptBuildPhase;
			buildActionMask = 2147483647;
			files = (
			);
			inputFileListPaths = (
			);
			inputPaths = (
				"${PODS_PODFILE_DIR_PATH}/Podfile.lock",
				"${PODS_ROOT}/Manifest.lock",
			);
			name = "[CP] Check Pods Manifest.lock";
			outputFileListPaths = (
			);
			outputPaths = (
				"$(DERIVED_FILE_DIR)/Pods-RXWXSDKDemo-checkManifestLockResult.txt",
			);
			runOnlyForDeploymentPostprocessing = 0;
			shellPath = /bin/sh;
			shellScript = "diff \"${PODS_PODFILE_DIR_PATH}/Podfile.lock\" \"${PODS_ROOT}/Manifest.lock\" > /dev/null\nif [ $? != 0 ] ; then\n    # print error to STDERR\n    echo \"error: The sandbox is not in sync with the Podfile.lock. Run 'pod install' or update your CocoaPods installation.\" >&2\n    exit 1\nfi\n# This output is used by Xcode 'outputs' to avoid re-running this script phase.\necho \"SUCCESS\" > \"${SCRIPT_OUTPUT_FILE_0}\"\n";
			showEnvVarsInLog = 0;
		};
/* End PBXShellScriptBuildPhase section */

/* Begin PBXSourcesBuildPhase section */
		470D85E02844AC6C00206AE3 /* Sources */ = {
			isa = PBXSourcesBuildPhase;
			buildActionMask = 2147483647;
			files = (
				470D85EF2844AC6C00206AE3 /* ViewController.m in Sources */,
				470D85E92844AC6C00206AE3 /* AppDelegate.m in Sources */,
				470D85FA2844AC6E00206AE3 /* main.m in Sources */,
			);
			runOnlyForDeploymentPostprocessing = 0;
		};
		470D85FB2844AC6E00206AE3 /* Sources */ = {
			isa = PBXSourcesBuildPhase;
			buildActionMask = 2147483647;
			files = (
				470D86042844AC6E00206AE3 /* RXWXSDKDemoTests.m in Sources */,
			);
			runOnlyForDeploymentPostprocessing = 0;
		};
		470D86052844AC6E00206AE3 /* Sources */ = {
			isa = PBXSourcesBuildPhase;
			buildActionMask = 2147483647;
			files = (
				470D860E2844AC6E00206AE3 /* RXWXSDKDemoUITests.m in Sources */,
				470D86102844AC6E00206AE3 /* RXWXSDKDemoUITestsLaunchTests.m in Sources */,
			);
			runOnlyForDeploymentPostprocessing = 0;
		};
/* End PBXSourcesBuildPhase section */

/* Begin PBXTargetDependency section */
		470D86012844AC6E00206AE3 /* PBXTargetDependency */ = {
			isa = PBXTargetDependency;
			target = 470D85E32844AC6C00206AE3 /* RXWXSDKDemo */;
			targetProxy = 470D86002844AC6E00206AE3 /* PBXContainerItemProxy */;
		};
		470D860B2844AC6E00206AE3 /* PBXTargetDependency */ = {
			isa = PBXTargetDependency;
			target = 470D85E32844AC6C00206AE3 /* RXWXSDKDemo */;
			targetProxy = 470D860A2844AC6E00206AE3 /* PBXContainerItemProxy */;
		};
/* End PBXTargetDependency section */

/* Begin PBXVariantGroup section */
		470D85F02844AC6C00206AE3 /* Main.storyboard */ = {
			isa = PBXVariantGroup;
			children = (
				470D85F12844AC6C00206AE3 /* Base */,
			);
			name = Main.storyboard;
			sourceTree = "<group>";
		};
		470D85F52844AC6E00206AE3 /* LaunchScreen.storyboard */ = {
			isa = PBXVariantGroup;
			children = (
				470D85F62844AC6E00206AE3 /* Base */,
			);
			name = LaunchScreen.storyboard;
			sourceTree = "<group>";
		};
/* End PBXVariantGroup section */

/* Begin XCBuildConfiguration section */
		470D86112844AC6E00206AE3 /* Debug */ = {
			isa = XCBuildConfiguration;
			buildSettings = {
				ALWAYS_SEARCH_USER_PATHS = NO;
				CLANG_ANALYZER_NONNULL = YES;
				CLANG_ANALYZER_NUMBER_OBJECT_CONVERSION = YES_AGGRESSIVE;
				CLANG_CXX_LANGUAGE_STANDARD = "gnu++17";
				CLANG_ENABLE_MODULES = YES;
				CLANG_ENABLE_OBJC_ARC = YES;
				CLANG_ENABLE_OBJC_WEAK = YES;
				CLANG_WARN_BLOCK_CAPTURE_AUTORELEASING = YES;
				CLANG_WARN_BOOL_CONVERSION = YES;
				CLANG_WARN_COMMA = YES;
				CLANG_WARN_CONSTANT_CONVERSION = YES;
				CLANG_WARN_DEPRECATED_OBJC_IMPLEMENTATIONS = YES;
				CLANG_WARN_DIRECT_OBJC_ISA_USAGE = YES_ERROR;
				CLANG_WARN_DOCUMENTATION_COMMENTS = YES;
				CLANG_WARN_EMPTY_BODY = YES;
				CLANG_WARN_ENUM_CONVERSION = YES;
				CLANG_WARN_INFINITE_RECURSION = YES;
				CLANG_WARN_INT_CONVERSION = YES;
				CLANG_WARN_NON_LITERAL_NULL_CONVERSION = YES;
				CLANG_WARN_OBJC_IMPLICIT_RETAIN_SELF = YES;
				CLANG_WARN_OBJC_LITERAL_CONVERSION = YES;
				CLANG_WARN_OBJC_ROOT_CLASS = YES_ERROR;
				CLANG_WARN_QUOTED_INCLUDE_IN_FRAMEWORK_HEADER = YES;
				CLANG_WARN_RANGE_LOOP_ANALYSIS = YES;
				CLANG_WARN_STRICT_PROTOTYPES = YES;
				CLANG_WARN_SUSPICIOUS_MOVE = YES;
				CLANG_WARN_UNGUARDED_AVAILABILITY = YES_AGGRESSIVE;
				CLANG_WARN_UNREACHABLE_CODE = YES;
				CLANG_WARN__DUPLICATE_METHOD_MATCH = YES;
				COPY_PHASE_STRIP = NO;
				DEBUG_INFORMATION_FORMAT = dwarf;
				ENABLE_STRICT_OBJC_MSGSEND = YES;
				ENABLE_TESTABILITY = YES;
				GCC_C_LANGUAGE_STANDARD = gnu11;
				GCC_DYNAMIC_NO_PIC = NO;
				GCC_NO_COMMON_BLOCKS = YES;
				GCC_OPTIMIZATION_LEVEL = 0;
				GCC_PREPROCESSOR_DEFINITIONS = (
					"DEBUG=1",
					"$(inherited)",
				);
				GCC_WARN_64_TO_32_BIT_CONVERSION = YES;
				GCC_WARN_ABOUT_RETURN_TYPE = YES_ERROR;
				GCC_WARN_UNDECLARED_SELECTOR = YES;
				GCC_WARN_UNINITIALIZED_AUTOS = YES_AGGRESSIVE;
				GCC_WARN_UNUSED_FUNCTION = YES;
				GCC_WARN_UNUSED_VARIABLE = YES;
				IPHONEOS_DEPLOYMENT_TARGET = 15.5;
				MTL_ENABLE_DEBUG_INFO = INCLUDE_SOURCE;
				MTL_FAST_MATH = YES;
				ONLY_ACTIVE_ARCH = YES;
				SDKROOT = iphoneos;
			};
			name = Debug;
		};
		470D86122844AC6E00206AE3 /* Release */ = {
			isa = XCBuildConfiguration;
			buildSettings = {
				ALWAYS_SEARCH_USER_PATHS = NO;
				CLANG_ANALYZER_NONNULL = YES;
				CLANG_ANALYZER_NUMBER_OBJECT_CONVERSION = YES_AGGRESSIVE;
				CLANG_CXX_LANGUAGE_STANDARD = "gnu++17";
				CLANG_ENABLE_MODULES = YES;
				CLANG_ENABLE_OBJC_ARC = YES;
				CLANG_ENABLE_OBJC_WEAK = YES;
				CLANG_WARN_BLOCK_CAPTURE_AUTORELEASING = YES;
				CLANG_WARN_BOOL_CONVERSION = YES;
				CLANG_WARN_COMMA = YES;
				CLANG_WARN_CONSTANT_CONVERSION = YES;
				CLANG_WARN_DEPRECATED_OBJC_IMPLEMENTATIONS = YES;
				CLANG_WARN_DIRECT_OBJC_ISA_USAGE = YES_ERROR;
				CLANG_WARN_DOCUMENTATION_COMMENTS = YES;
				CLANG_WARN_EMPTY_BODY = YES;
				CLANG_WARN_ENUM_CONVERSION = YES;
				CLANG_WARN_INFINITE_RECURSION = YES;
				CLANG_WARN_INT_CONVERSION = YES;
				CLANG_WARN_NON_LITERAL_NULL_CONVERSION = YES;
				CLANG_WARN_OBJC_IMPLICIT_RETAIN_SELF = YES;
				CLANG_WARN_OBJC_LITERAL_CONVERSION = YES;
				CLANG_WARN_OBJC_ROOT_CLASS = YES_ERROR;
				CLANG_WARN_QUOTED_INCLUDE_IN_FRAMEWORK_HEADER = YES;
				CLANG_WARN_RANGE_LOOP_ANALYSIS = YES;
				CLANG_WARN_STRICT_PROTOTYPES = YES;
				CLANG_WARN_SUSPICIOUS_MOVE = YES;
				CLANG_WARN_UNGUARDED_AVAILABILITY = YES_AGGRESSIVE;
				CLANG_WARN_UNREACHABLE_CODE = YES;
				CLANG_WARN__DUPLICATE_METHOD_MATCH = YES;
				COPY_PHASE_STRIP = NO;
				DEBUG_INFORMATION_FORMAT = "dwarf-with-dsym";
				ENABLE_NS_ASSERTIONS = NO;
				ENABLE_STRICT_OBJC_MSGSEND = YES;
				GCC_C_LANGUAGE_STANDARD = gnu11;
				GCC_NO_COMMON_BLOCKS = YES;
				GCC_WARN_64_TO_32_BIT_CONVERSION = YES;
				GCC_WARN_ABOUT_RETURN_TYPE = YES_ERROR;
				GCC_WARN_UNDECLARED_SELECTOR = YES;
				GCC_WARN_UNINITIALIZED_AUTOS = YES_AGGRESSIVE;
				GCC_WARN_UNUSED_FUNCTION = YES;
				GCC_WARN_UNUSED_VARIABLE = YES;
				IPHONEOS_DEPLOYMENT_TARGET = 15.5;
				MTL_ENABLE_DEBUG_INFO = NO;
				MTL_FAST_MATH = YES;
				SDKROOT = iphoneos;
				VALIDATE_PRODUCT = YES;
			};
			name = Release;
		};
		470D86142844AC6E00206AE3 /* Debug */ = {
			isa = XCBuildConfiguration;
			baseConfigurationReference = 55E2C679D2A7D3D63D5C0BB5 /* Pods-RXWXSDKDemo.debug.xcconfig */;
			buildSettings = {
				ASSETCATALOG_COMPILER_APPICON_NAME = AppIcon;
				ASSETCATALOG_COMPILER_GLOBAL_ACCENT_COLOR_NAME = AccentColor;
				CODE_SIGN_ENTITLEMENTS = RXWXSDKDemo/RXWXSDKDemo.entitlements;
				CODE_SIGN_IDENTITY = "Apple Development";
				CODE_SIGN_STYLE = Automatic;
				CURRENT_PROJECT_VERSION = 1;
				DEVELOPMENT_TEAM = 9A5NGSRMH4;
				ENABLE_BITCODE = NO;
				FRAMEWORK_SEARCH_PATHS = (
					"$(inherited)",
					"\"$(SRCROOT)/RXWXSDKDemo\"",
					"$(PROJECT_DIR)/RXWXSDKDemo",
				);
				GENERATE_INFOPLIST_FILE = YES;
				INFOPLIST_FILE = RXWXSDKDemo/Info.plist;
				INFOPLIST_KEY_NSUserTrackingUsageDescription = "此标识符将用于向您推荐个性化广告。";
				INFOPLIST_KEY_UIApplicationSupportsIndirectInputEvents = YES;
				INFOPLIST_KEY_UILaunchStoryboardName = LaunchScreen;
				INFOPLIST_KEY_UIMainStoryboardFile = Main;
				INFOPLIST_KEY_UISupportedInterfaceOrientations_iPad = "UIInterfaceOrientationPortrait UIInterfaceOrientationPortraitUpsideDown UIInterfaceOrientationLandscapeLeft UIInterfaceOrientationLandscapeRight";
				INFOPLIST_KEY_UISupportedInterfaceOrientations_iPhone = "UIInterfaceOrientationPortrait UIInterfaceOrientationLandscapeLeft UIInterfaceOrientationLandscapeRight";
				IPHONEOS_DEPLOYMENT_TARGET = 12.0;
				LD_RUNPATH_SEARCH_PATHS = (
					"$(inherited)",
					"@executable_path/Frameworks",
				);
				MARKETING_VERSION = 1.0;
				PRODUCT_BUNDLE_IDENTIFIER = com.ruixue.sdkpublic;
				PRODUCT_NAME = "$(TARGET_NAME)";
				PROVISIONING_PROFILE_SPECIFIER = "";
				SWIFT_EMIT_LOC_STRINGS = YES;
				TARGETED_DEVICE_FAMILY = "1,2";
			};
			name = Debug;
		};
		470D86152844AC6E00206AE3 /* Release */ = {
			isa = XCBuildConfiguration;
			baseConfigurationReference = 5D3C4B5D0A7C1A681C7F5A8B /* Pods-RXWXSDKDemo.release.xcconfig */;
			buildSettings = {
				ASSETCATALOG_COMPILER_APPICON_NAME = AppIcon;
				ASSETCATALOG_COMPILER_GLOBAL_ACCENT_COLOR_NAME = AccentColor;
				CODE_SIGN_ENTITLEMENTS = RXWXSDKDemo/RXWXSDKDemo.entitlements;
				CODE_SIGN_IDENTITY = "Apple Development";
				CODE_SIGN_STYLE = Automatic;
				CURRENT_PROJECT_VERSION = 1;
				DEVELOPMENT_TEAM = 9A5NGSRMH4;
				ENABLE_BITCODE = NO;
				FRAMEWORK_SEARCH_PATHS = (
					"$(inherited)",
					"\"$(SRCROOT)/RXWXSDKDemo\"",
					"$(PROJECT_DIR)/RXWXSDKDemo",
				);
				GENERATE_INFOPLIST_FILE = YES;
				INFOPLIST_FILE = RXWXSDKDemo/Info.plist;
				INFOPLIST_KEY_NSUserTrackingUsageDescription = "此标识符将用于向您推荐个性化广告。";
				INFOPLIST_KEY_UIApplicationSupportsIndirectInputEvents = YES;
				INFOPLIST_KEY_UILaunchStoryboardName = LaunchScreen;
				INFOPLIST_KEY_UIMainStoryboardFile = Main;
				INFOPLIST_KEY_UISupportedInterfaceOrientations_iPad = "UIInterfaceOrientationPortrait UIInterfaceOrientationPortraitUpsideDown UIInterfaceOrientationLandscapeLeft UIInterfaceOrientationLandscapeRight";
				INFOPLIST_KEY_UISupportedInterfaceOrientations_iPhone = "UIInterfaceOrientationPortrait UIInterfaceOrientationLandscapeLeft UIInterfaceOrientationLandscapeRight";
				IPHONEOS_DEPLOYMENT_TARGET = 12.0;
				LD_RUNPATH_SEARCH_PATHS = (
					"$(inherited)",
					"@executable_path/Frameworks",
				);
				MARKETING_VERSION = 1.0;
				PRODUCT_BUNDLE_IDENTIFIER = com.ruixue.sdkpublic;
				PRODUCT_NAME = "$(TARGET_NAME)";
				PROVISIONING_PROFILE_SPECIFIER = "";
				SWIFT_EMIT_LOC_STRINGS = YES;
				TARGETED_DEVICE_FAMILY = "1,2";
			};
			name = Release;
		};
		470D86172844AC6E00206AE3 /* Debug */ = {
			isa = XCBuildConfiguration;
			buildSettings = {
				BUNDLE_LOADER = "$(TEST_HOST)";
				CODE_SIGN_STYLE = Automatic;
				CURRENT_PROJECT_VERSION = 1;
				GENERATE_INFOPLIST_FILE = YES;
				IPHONEOS_DEPLOYMENT_TARGET = 15.5;
				MARKETING_VERSION = 1.0;
				PRODUCT_BUNDLE_IDENTIFIER = com.RXWXSDKDemoTests;
				PRODUCT_NAME = "$(TARGET_NAME)";
				SWIFT_EMIT_LOC_STRINGS = NO;
				TARGETED_DEVICE_FAMILY = "1,2";
				TEST_HOST = "$(BUILT_PRODUCTS_DIR)/RXWXSDKDemo.app/RXWXSDKDemo";
			};
			name = Debug;
		};
		470D86182844AC6E00206AE3 /* Release */ = {
			isa = XCBuildConfiguration;
			buildSettings = {
				BUNDLE_LOADER = "$(TEST_HOST)";
				CODE_SIGN_STYLE = Automatic;
				CURRENT_PROJECT_VERSION = 1;
				GENERATE_INFOPLIST_FILE = YES;
				IPHONEOS_DEPLOYMENT_TARGET = 15.5;
				MARKETING_VERSION = 1.0;
				PRODUCT_BUNDLE_IDENTIFIER = com.RXWXSDKDemoTests;
				PRODUCT_NAME = "$(TARGET_NAME)";
				SWIFT_EMIT_LOC_STRINGS = NO;
				TARGETED_DEVICE_FAMILY = "1,2";
				TEST_HOST = "$(BUILT_PRODUCTS_DIR)/RXWXSDKDemo.app/RXWXSDKDemo";
			};
			name = Release;
		};
		470D861A2844AC6E00206AE3 /* Debug */ = {
			isa = XCBuildConfiguration;
			buildSettings = {
				CODE_SIGN_STYLE = Automatic;
				CURRENT_PROJECT_VERSION = 1;
				GENERATE_INFOPLIST_FILE = YES;
				MARKETING_VERSION = 1.0;
				PRODUCT_BUNDLE_IDENTIFIER = com.RXWXSDKDemoUITests;
				PRODUCT_NAME = "$(TARGET_NAME)";
				SWIFT_EMIT_LOC_STRINGS = NO;
				TARGETED_DEVICE_FAMILY = "1,2";
				TEST_TARGET_NAME = RXWXSDKDemo;
			};
			name = Debug;
		};
		470D861B2844AC6E00206AE3 /* Release */ = {
			isa = XCBuildConfiguration;
			buildSettings = {
				CODE_SIGN_STYLE = Automatic;
				CURRENT_PROJECT_VERSION = 1;
				GENERATE_INFOPLIST_FILE = YES;
				MARKETING_VERSION = 1.0;
				PRODUCT_BUNDLE_IDENTIFIER = com.RXWXSDKDemoUITests;
				PRODUCT_NAME = "$(TARGET_NAME)";
				SWIFT_EMIT_LOC_STRINGS = NO;
				TARGETED_DEVICE_FAMILY = "1,2";
				TEST_TARGET_NAME = RXWXSDKDemo;
			};
			name = Release;
		};
/* End XCBuildConfiguration section */

/* Begin XCConfigurationList section */
		470D85DF2844AC6C00206AE3 /* Build configuration list for PBXProject "RXWXSDKDemo" */ = {
			isa = XCConfigurationList;
			buildConfigurations = (
				470D86112844AC6E00206AE3 /* Debug */,
				470D86122844AC6E00206AE3 /* Release */,
			);
			defaultConfigurationIsVisible = 0;
			defaultConfigurationName = Release;
		};
		470D86132844AC6E00206AE3 /* Build configuration list for PBXNativeTarget "RXWXSDKDemo" */ = {
			isa = XCConfigurationList;
			buildConfigurations = (
				470D86142844AC6E00206AE3 /* Debug */,
				470D86152844AC6E00206AE3 /* Release */,
			);
			defaultConfigurationIsVisible = 0;
			defaultConfigurationName = Release;
		};
		470D86162844AC6E00206AE3 /* Build configuration list for PBXNativeTarget "RXWXSDKDemoTests" */ = {
			isa = XCConfigurationList;
			buildConfigurations = (
				470D86172844AC6E00206AE3 /* Debug */,
				470D86182844AC6E00206AE3 /* Release */,
			);
			defaultConfigurationIsVisible = 0;
			defaultConfigurationName = Release;
		};
		470D86192844AC6E00206AE3 /* Build configuration list for PBXNativeTarget "RXWXSDKDemoUITests" */ = {
			isa = XCConfigurationList;
			buildConfigurations = (
				470D861A2844AC6E00206AE3 /* Debug */,
				470D861B2844AC6E00206AE3 /* Release */,
			);
			defaultConfigurationIsVisible = 0;
			defaultConfigurationName = Release;
		};
/* End XCConfigurationList section */
	};
	rootObject = 470D85DC2844AC6C00206AE3 /* Project object */;
}
