// !$*UTF8*$!
{
	archiveVersion = 1;
	classes = {
	};
	objectVersion = 55;
	objects = {

/* Begin PBXBuildFile section */
		4713A24029B87BEA00AC6740 /* AppDelegate.m in Sources */ = {isa = PBXBuildFile; fileRef = 4713A23F29B87BEA00AC6740 /* AppDelegate.m */; };
		4713A24329B87BEA00AC6740 /* SceneDelegate.m in Sources */ = {isa = PBXBuildFile; fileRef = 4713A24229B87BEA00AC6740 /* SceneDelegate.m */; };
		4713A24629B87BEA00AC6740 /* ViewController.m in Sources */ = {isa = PBXBuildFile; fileRef = 4713A24529B87BEA00AC6740 /* ViewController.m */; };
		4713A24929B87BEA00AC6740 /* Main.storyboard in Resources */ = {isa = PBXBuildFile; fileRef = 4713A24729B87BEA00AC6740 /* Main.storyboard */; };
		4713A24B29B87BEC00AC6740 /* Assets.xcassets in Resources */ = {isa = PBXBuildFile; fileRef = 4713A24A29B87BEC00AC6740 /* Assets.xcassets */; };
		4713A24E29B87BEC00AC6740 /* LaunchScreen.storyboard in Resources */ = {isa = PBXBuildFile; fileRef = 4713A24C29B87BEC00AC6740 /* LaunchScreen.storyboard */; };
		4713A25129B87BEC00AC6740 /* main.m in Sources */ = {isa = PBXBuildFile; fileRef = 4713A25029B87BEC00AC6740 /* main.m */; };
		4713A28729B9642D00AC6740 /* LineSDK.framework in Frameworks */ = {isa = PBXBuildFile; fileRef = 4713A27B29B88DCA00AC6740 /* LineSDK.framework */; };
		4713A28B29B9643800AC6740 /* LineSDKResource.bundle in Resources */ = {isa = PBXBuildFile; fileRef = 4713A28A29B9643800AC6740 /* LineSDKResource.bundle */; };
		478948362C243EC800AA44C8 /* RXLineSDK.framework in Frameworks */ = {isa = PBXBuildFile; fileRef = 4713A27429B87C0600AC6740 /* RXLineSDK.framework */; };
		478948372C243EC800AA44C8 /* RXLineSDK.framework in Embed Frameworks */ = {isa = PBXBuildFile; fileRef = 4713A27429B87C0600AC6740 /* RXLineSDK.framework */; settings = {ATTRIBUTES = (CodeSignOnCopy, RemoveHeadersOnCopy, ); }; };
		47AB41902A8B91E900C3796D /* RXLanguageKit.framework in Frameworks */ = {isa = PBXBuildFile; fileRef = 47AB418D2A8B91E900C3796D /* RXLanguageKit.framework */; };
		47AB41912A8B91E900C3796D /* RXLanguageKit.framework in Embed Frameworks */ = {isa = PBXBuildFile; fileRef = 47AB418D2A8B91E900C3796D /* RXLanguageKit.framework */; settings = {ATTRIBUTES = (CodeSignOnCopy, RemoveHeadersOnCopy, ); }; };
		47BF7B212AB00BDF007F854C /* RXSDK_Pure.framework in Frameworks */ = {isa = PBXBuildFile; fileRef = 47BF7B202AB00BDF007F854C /* RXSDK_Pure.framework */; };
		47BF7B222AB00BDF007F854C /* RXSDK_Pure.framework in Embed Frameworks */ = {isa = PBXBuildFile; fileRef = 47BF7B202AB00BDF007F854C /* RXSDK_Pure.framework */; settings = {ATTRIBUTES = (CodeSignOnCopy, RemoveHeadersOnCopy, ); }; };
		790824148B1471C2096EB87B /* Pods_RXLineSDKDemo.framework in Frameworks */ = {isa = PBXBuildFile; fileRef = 9F1DEE741E6F178381BE4D0C /* Pods_RXLineSDKDemo.framework */; };
/* End PBXBuildFile section */

/* Begin PBXContainerItemProxy section */
		4713A25729B87BEC00AC6740 /* PBXContainerItemProxy */ = {
			isa = PBXContainerItemProxy;
			containerPortal = 4713A23329B87BEA00AC6740 /* Project object */;
			proxyType = 1;
			remoteGlobalIDString = 4713A23A29B87BEA00AC6740;
			remoteInfo = RXLineSDKDemo;
		};
		4713A26129B87BEC00AC6740 /* PBXContainerItemProxy */ = {
			isa = PBXContainerItemProxy;
			containerPortal = 4713A23329B87BEA00AC6740 /* Project object */;
			proxyType = 1;
			remoteGlobalIDString = 4713A23A29B87BEA00AC6740;
			remoteInfo = RXLineSDKDemo;
		};
/* End PBXContainerItemProxy section */

/* Begin PBXCopyFilesBuildPhase section */
		47AB41922A8B91EA00C3796D /* Embed Frameworks */ = {
			isa = PBXCopyFilesBuildPhase;
			buildActionMask = 2147483647;
			dstPath = "";
			dstSubfolderSpec = 10;
			files = (
				47AB41912A8B91E900C3796D /* RXLanguageKit.framework in Embed Frameworks */,
				478948372C243EC800AA44C8 /* RXLineSDK.framework in Embed Frameworks */,
				47BF7B222AB00BDF007F854C /* RXSDK_Pure.framework in Embed Frameworks */,
			);
			name = "Embed Frameworks";
			runOnlyForDeploymentPostprocessing = 0;
		};
/* End PBXCopyFilesBuildPhase section */

/* Begin PBXFileReference section */
		4713A23B29B87BEA00AC6740 /* RXLineSDKDemo.app */ = {isa = PBXFileReference; explicitFileType = wrapper.application; includeInIndex = 0; path = RXLineSDKDemo.app; sourceTree = BUILT_PRODUCTS_DIR; };
		4713A23E29B87BEA00AC6740 /* AppDelegate.h */ = {isa = PBXFileReference; lastKnownFileType = sourcecode.c.h; path = AppDelegate.h; sourceTree = "<group>"; };
		4713A23F29B87BEA00AC6740 /* AppDelegate.m */ = {isa = PBXFileReference; lastKnownFileType = sourcecode.c.objc; path = AppDelegate.m; sourceTree = "<group>"; };
		4713A24129B87BEA00AC6740 /* SceneDelegate.h */ = {isa = PBXFileReference; lastKnownFileType = sourcecode.c.h; path = SceneDelegate.h; sourceTree = "<group>"; };
		4713A24229B87BEA00AC6740 /* SceneDelegate.m */ = {isa = PBXFileReference; lastKnownFileType = sourcecode.c.objc; path = SceneDelegate.m; sourceTree = "<group>"; };
		4713A24429B87BEA00AC6740 /* ViewController.h */ = {isa = PBXFileReference; lastKnownFileType = sourcecode.c.h; path = ViewController.h; sourceTree = "<group>"; };
		4713A24529B87BEA00AC6740 /* ViewController.m */ = {isa = PBXFileReference; lastKnownFileType = sourcecode.c.objc; path = ViewController.m; sourceTree = "<group>"; };
		4713A24829B87BEA00AC6740 /* Base */ = {isa = PBXFileReference; lastKnownFileType = file.storyboard; name = Base; path = Base.lproj/Main.storyboard; sourceTree = "<group>"; };
		4713A24A29B87BEC00AC6740 /* Assets.xcassets */ = {isa = PBXFileReference; lastKnownFileType = folder.assetcatalog; path = Assets.xcassets; sourceTree = "<group>"; };
		4713A24D29B87BEC00AC6740 /* Base */ = {isa = PBXFileReference; lastKnownFileType = file.storyboard; name = Base; path = Base.lproj/LaunchScreen.storyboard; sourceTree = "<group>"; };
		4713A24F29B87BEC00AC6740 /* Info.plist */ = {isa = PBXFileReference; lastKnownFileType = text.plist.xml; path = Info.plist; sourceTree = "<group>"; };
		4713A25029B87BEC00AC6740 /* main.m */ = {isa = PBXFileReference; lastKnownFileType = sourcecode.c.objc; path = main.m; sourceTree = "<group>"; };
		4713A25629B87BEC00AC6740 /* RXLineSDKDemoTests.xctest */ = {isa = PBXFileReference; explicitFileType = wrapper.cfbundle; includeInIndex = 0; path = RXLineSDKDemoTests.xctest; sourceTree = BUILT_PRODUCTS_DIR; };
		4713A26029B87BEC00AC6740 /* RXLineSDKDemoUITests.xctest */ = {isa = PBXFileReference; explicitFileType = wrapper.cfbundle; includeInIndex = 0; path = RXLineSDKDemoUITests.xctest; sourceTree = BUILT_PRODUCTS_DIR; };
		4713A27429B87C0600AC6740 /* RXLineSDK.framework */ = {isa = PBXFileReference; explicitFileType = wrapper.framework; path = RXLineSDK.framework; sourceTree = BUILT_PRODUCTS_DIR; };
		4713A27829B87FBD00AC6740 /* RXLineSDKDemo.entitlements */ = {isa = PBXFileReference; lastKnownFileType = text.plist.entitlements; path = RXLineSDKDemo.entitlements; sourceTree = "<group>"; };
		4713A27B29B88DCA00AC6740 /* LineSDK.framework */ = {isa = PBXFileReference; lastKnownFileType = wrapper.framework; name = LineSDK.framework; path = RXLineSDKDemo/LineSDK.framework; sourceTree = "<group>"; };
		4713A28A29B9643800AC6740 /* LineSDKResource.bundle */ = {isa = PBXFileReference; lastKnownFileType = "wrapper.plug-in"; path = LineSDKResource.bundle; sourceTree = "<group>"; };
		47AB418D2A8B91E900C3796D /* RXLanguageKit.framework */ = {isa = PBXFileReference; lastKnownFileType = wrapper.framework; name = RXLanguageKit.framework; path = RXLineSDKDemo/RXLanguageKit.framework; sourceTree = "<group>"; };
		47BF7B202AB00BDF007F854C /* RXSDK_Pure.framework */ = {isa = PBXFileReference; lastKnownFileType = wrapper.framework; name = RXSDK_Pure.framework; path = RXLineSDKDemo/RXSDK_Pure.framework; sourceTree = "<group>"; };
		52BE48FD3EF96DC6A61BF849 /* Pods-RXLineSDKDemo.debug.xcconfig */ = {isa = PBXFileReference; includeInIndex = 1; lastKnownFileType = text.xcconfig; name = "Pods-RXLineSDKDemo.debug.xcconfig"; path = "Target Support Files/Pods-RXLineSDKDemo/Pods-RXLineSDKDemo.debug.xcconfig"; sourceTree = "<group>"; };
		9F1DEE741E6F178381BE4D0C /* Pods_RXLineSDKDemo.framework */ = {isa = PBXFileReference; explicitFileType = wrapper.framework; includeInIndex = 0; path = Pods_RXLineSDKDemo.framework; sourceTree = BUILT_PRODUCTS_DIR; };
		D12DBEF04CEF1558B74EA7BD /* Pods-RXLineSDKDemo.release.xcconfig */ = {isa = PBXFileReference; includeInIndex = 1; lastKnownFileType = text.xcconfig; name = "Pods-RXLineSDKDemo.release.xcconfig"; path = "Target Support Files/Pods-RXLineSDKDemo/Pods-RXLineSDKDemo.release.xcconfig"; sourceTree = "<group>"; };
/* End PBXFileReference section */

/* Begin PBXFrameworksBuildPhase section */
		4713A23829B87BEA00AC6740 /* Frameworks */ = {
			isa = PBXFrameworksBuildPhase;
			buildActionMask = 2147483647;
			files = (
				790824148B1471C2096EB87B /* Pods_RXLineSDKDemo.framework in Frameworks */,
				47AB41902A8B91E900C3796D /* RXLanguageKit.framework in Frameworks */,
				4713A28729B9642D00AC6740 /* LineSDK.framework in Frameworks */,
				47BF7B212AB00BDF007F854C /* RXSDK_Pure.framework in Frameworks */,
				478948362C243EC800AA44C8 /* RXLineSDK.framework in Frameworks */,
			);
			runOnlyForDeploymentPostprocessing = 0;
		};
		4713A25329B87BEC00AC6740 /* Frameworks */ = {
			isa = PBXFrameworksBuildPhase;
			buildActionMask = 2147483647;
			files = (
			);
			runOnlyForDeploymentPostprocessing = 0;
		};
		4713A25D29B87BEC00AC6740 /* Frameworks */ = {
			isa = PBXFrameworksBuildPhase;
			buildActionMask = 2147483647;
			files = (
			);
			runOnlyForDeploymentPostprocessing = 0;
		};
/* End PBXFrameworksBuildPhase section */

/* Begin PBXGroup section */
		0089809191A061955AA0302C /* Pods */ = {
			isa = PBXGroup;
			children = (
				52BE48FD3EF96DC6A61BF849 /* Pods-RXLineSDKDemo.debug.xcconfig */,
				D12DBEF04CEF1558B74EA7BD /* Pods-RXLineSDKDemo.release.xcconfig */,
			);
			name = Pods;
			path = ../Pods;
			sourceTree = "<group>";
		};
		4713A23229B87BEA00AC6740 = {
			isa = PBXGroup;
			children = (
				4713A23D29B87BEA00AC6740 /* RXLineSDKDemo */,
				4713A23C29B87BEA00AC6740 /* Products */,
				4713A27329B87C0600AC6740 /* Frameworks */,
				0089809191A061955AA0302C /* Pods */,
			);
			sourceTree = "<group>";
		};
		4713A23C29B87BEA00AC6740 /* Products */ = {
			isa = PBXGroup;
			children = (
				4713A23B29B87BEA00AC6740 /* RXLineSDKDemo.app */,
				4713A25629B87BEC00AC6740 /* RXLineSDKDemoTests.xctest */,
				4713A26029B87BEC00AC6740 /* RXLineSDKDemoUITests.xctest */,
			);
			name = Products;
			sourceTree = "<group>";
		};
		4713A23D29B87BEA00AC6740 /* RXLineSDKDemo */ = {
			isa = PBXGroup;
			children = (
				4713A28A29B9643800AC6740 /* LineSDKResource.bundle */,
				4713A27829B87FBD00AC6740 /* RXLineSDKDemo.entitlements */,
				4713A23E29B87BEA00AC6740 /* AppDelegate.h */,
				4713A23F29B87BEA00AC6740 /* AppDelegate.m */,
				4713A24129B87BEA00AC6740 /* SceneDelegate.h */,
				4713A24229B87BEA00AC6740 /* SceneDelegate.m */,
				4713A24429B87BEA00AC6740 /* ViewController.h */,
				4713A24529B87BEA00AC6740 /* ViewController.m */,
				4713A24729B87BEA00AC6740 /* Main.storyboard */,
				4713A24A29B87BEC00AC6740 /* Assets.xcassets */,
				4713A24C29B87BEC00AC6740 /* LaunchScreen.storyboard */,
				4713A24F29B87BEC00AC6740 /* Info.plist */,
				4713A25029B87BEC00AC6740 /* main.m */,
			);
			path = RXLineSDKDemo;
			sourceTree = "<group>";
		};
		4713A27329B87C0600AC6740 /* Frameworks */ = {
			isa = PBXGroup;
			children = (
				47BF7B202AB00BDF007F854C /* RXSDK_Pure.framework */,
				47AB418D2A8B91E900C3796D /* RXLanguageKit.framework */,
				4713A27B29B88DCA00AC6740 /* LineSDK.framework */,
				4713A27429B87C0600AC6740 /* RXLineSDK.framework */,
				9F1DEE741E6F178381BE4D0C /* Pods_RXLineSDKDemo.framework */,
			);
			name = Frameworks;
			sourceTree = "<group>";
		};
/* End PBXGroup section */

/* Begin PBXNativeTarget section */
		4713A23A29B87BEA00AC6740 /* RXLineSDKDemo */ = {
			isa = PBXNativeTarget;
			buildConfigurationList = 4713A26A29B87BEC00AC6740 /* Build configuration list for PBXNativeTarget "RXLineSDKDemo" */;
			buildPhases = (
				C171EFC76BBB0A1122C0CB8B /* [CP] Check Pods Manifest.lock */,
				4713A23729B87BEA00AC6740 /* Sources */,
				4713A23829B87BEA00AC6740 /* Frameworks */,
				4713A23929B87BEA00AC6740 /* Resources */,
				47AB41922A8B91EA00C3796D /* Embed Frameworks */,
			);
			buildRules = (
			);
			dependencies = (
			);
			name = RXLineSDKDemo;
			productName = RXLineSDKDemo;
			productReference = 4713A23B29B87BEA00AC6740 /* RXLineSDKDemo.app */;
			productType = "com.apple.product-type.application";
		};
		4713A25529B87BEC00AC6740 /* RXLineSDKDemoTests */ = {
			isa = PBXNativeTarget;
			buildConfigurationList = 4713A26D29B87BEC00AC6740 /* Build configuration list for PBXNativeTarget "RXLineSDKDemoTests" */;
			buildPhases = (
				4713A25229B87BEC00AC6740 /* Sources */,
				4713A25329B87BEC00AC6740 /* Frameworks */,
				4713A25429B87BEC00AC6740 /* Resources */,
			);
			buildRules = (
			);
			dependencies = (
				4713A25829B87BEC00AC6740 /* PBXTargetDependency */,
			);
			name = RXLineSDKDemoTests;
			productName = RXLineSDKDemoTests;
			productReference = 4713A25629B87BEC00AC6740 /* RXLineSDKDemoTests.xctest */;
			productType = "com.apple.product-type.bundle.unit-test";
		};
		4713A25F29B87BEC00AC6740 /* RXLineSDKDemoUITests */ = {
			isa = PBXNativeTarget;
			buildConfigurationList = 4713A27029B87BEC00AC6740 /* Build configuration list for PBXNativeTarget "RXLineSDKDemoUITests" */;
			buildPhases = (
				4713A25C29B87BEC00AC6740 /* Sources */,
				4713A25D29B87BEC00AC6740 /* Frameworks */,
				4713A25E29B87BEC00AC6740 /* Resources */,
			);
			buildRules = (
			);
			dependencies = (
				4713A26229B87BEC00AC6740 /* PBXTargetDependency */,
			);
			name = RXLineSDKDemoUITests;
			productName = RXLineSDKDemoUITests;
			productReference = 4713A26029B87BEC00AC6740 /* RXLineSDKDemoUITests.xctest */;
			productType = "com.apple.product-type.bundle.ui-testing";
		};
/* End PBXNativeTarget section */

/* Begin PBXProject section */
		4713A23329B87BEA00AC6740 /* Project object */ = {
			isa = PBXProject;
			attributes = {
				BuildIndependentTargetsInParallel = 1;
				LastUpgradeCheck = 1340;
				TargetAttributes = {
					4713A23A29B87BEA00AC6740 = {
						CreatedOnToolsVersion = 13.4;
					};
					4713A25529B87BEC00AC6740 = {
						CreatedOnToolsVersion = 13.4;
						TestTargetID = 4713A23A29B87BEA00AC6740;
					};
					4713A25F29B87BEC00AC6740 = {
						CreatedOnToolsVersion = 13.4;
						TestTargetID = 4713A23A29B87BEA00AC6740;
					};
				};
			};
			buildConfigurationList = 4713A23629B87BEA00AC6740 /* Build configuration list for PBXProject "RXLineSDKDemo" */;
			compatibilityVersion = "Xcode 13.0";
			developmentRegion = en;
			hasScannedForEncodings = 0;
			knownRegions = (
				en,
				Base,
			);
			mainGroup = 4713A23229B87BEA00AC6740;
			productRefGroup = 4713A23C29B87BEA00AC6740 /* Products */;
			projectDirPath = "";
			projectRoot = "";
			targets = (
				4713A23A29B87BEA00AC6740 /* RXLineSDKDemo */,
				4713A25529B87BEC00AC6740 /* RXLineSDKDemoTests */,
				4713A25F29B87BEC00AC6740 /* RXLineSDKDemoUITests */,
			);
		};
/* End PBXProject section */

/* Begin PBXResourcesBuildPhase section */
		4713A23929B87BEA00AC6740 /* Resources */ = {
			isa = PBXResourcesBuildPhase;
			buildActionMask = 2147483647;
			files = (
				4713A28B29B9643800AC6740 /* LineSDKResource.bundle in Resources */,
				4713A24E29B87BEC00AC6740 /* LaunchScreen.storyboard in Resources */,
				4713A24B29B87BEC00AC6740 /* Assets.xcassets in Resources */,
				4713A24929B87BEA00AC6740 /* Main.storyboard in Resources */,
			);
			runOnlyForDeploymentPostprocessing = 0;
		};
		4713A25429B87BEC00AC6740 /* Resources */ = {
			isa = PBXResourcesBuildPhase;
			buildActionMask = 2147483647;
			files = (
			);
			runOnlyForDeploymentPostprocessing = 0;
		};
		4713A25E29B87BEC00AC6740 /* Resources */ = {
			isa = PBXResourcesBuildPhase;
			buildActionMask = 2147483647;
			files = (
			);
			runOnlyForDeploymentPostprocessing = 0;
		};
/* End PBXResourcesBuildPhase section */

/* Begin PBXShellScriptBuildPhase section */
		C171EFC76BBB0A1122C0CB8B /* [CP] Check Pods Manifest.lock */ = {
			isa = PBXShellScriptBuildPhase;
			buildActionMask = 2147483647;
			files = (
			);
			inputFileListPaths = (
			);
			inputPaths = (
				"${PODS_PODFILE_DIR_PATH}/Podfile.lock",
				"${PODS_ROOT}/Manifest.lock",
			);
			name = "[CP] Check Pods Manifest.lock";
			outputFileListPaths = (
			);
			outputPaths = (
				"$(DERIVED_FILE_DIR)/Pods-RXLineSDKDemo-checkManifestLockResult.txt",
			);
			runOnlyForDeploymentPostprocessing = 0;
			shellPath = /bin/sh;
			shellScript = "diff \"${PODS_PODFILE_DIR_PATH}/Podfile.lock\" \"${PODS_ROOT}/Manifest.lock\" > /dev/null\nif [ $? != 0 ] ; then\n    # print error to STDERR\n    echo \"error: The sandbox is not in sync with the Podfile.lock. Run 'pod install' or update your CocoaPods installation.\" >&2\n    exit 1\nfi\n# This output is used by Xcode 'outputs' to avoid re-running this script phase.\necho \"SUCCESS\" > \"${SCRIPT_OUTPUT_FILE_0}\"\n";
			showEnvVarsInLog = 0;
		};
/* End PBXShellScriptBuildPhase section */

/* Begin PBXSourcesBuildPhase section */
		4713A23729B87BEA00AC6740 /* Sources */ = {
			isa = PBXSourcesBuildPhase;
			buildActionMask = 2147483647;
			files = (
				4713A24629B87BEA00AC6740 /* ViewController.m in Sources */,
				4713A24029B87BEA00AC6740 /* AppDelegate.m in Sources */,
				4713A25129B87BEC00AC6740 /* main.m in Sources */,
				4713A24329B87BEA00AC6740 /* SceneDelegate.m in Sources */,
			);
			runOnlyForDeploymentPostprocessing = 0;
		};
		4713A25229B87BEC00AC6740 /* Sources */ = {
			isa = PBXSourcesBuildPhase;
			buildActionMask = 2147483647;
			files = (
			);
			runOnlyForDeploymentPostprocessing = 0;
		};
		4713A25C29B87BEC00AC6740 /* Sources */ = {
			isa = PBXSourcesBuildPhase;
			buildActionMask = 2147483647;
			files = (
			);
			runOnlyForDeploymentPostprocessing = 0;
		};
/* End PBXSourcesBuildPhase section */

/* Begin PBXTargetDependency section */
		4713A25829B87BEC00AC6740 /* PBXTargetDependency */ = {
			isa = PBXTargetDependency;
			target = 4713A23A29B87BEA00AC6740 /* RXLineSDKDemo */;
			targetProxy = 4713A25729B87BEC00AC6740 /* PBXContainerItemProxy */;
		};
		4713A26229B87BEC00AC6740 /* PBXTargetDependency */ = {
			isa = PBXTargetDependency;
			target = 4713A23A29B87BEA00AC6740 /* RXLineSDKDemo */;
			targetProxy = 4713A26129B87BEC00AC6740 /* PBXContainerItemProxy */;
		};
/* End PBXTargetDependency section */

/* Begin PBXVariantGroup section */
		4713A24729B87BEA00AC6740 /* Main.storyboard */ = {
			isa = PBXVariantGroup;
			children = (
				4713A24829B87BEA00AC6740 /* Base */,
			);
			name = Main.storyboard;
			sourceTree = "<group>";
		};
		4713A24C29B87BEC00AC6740 /* LaunchScreen.storyboard */ = {
			isa = PBXVariantGroup;
			children = (
				4713A24D29B87BEC00AC6740 /* Base */,
			);
			name = LaunchScreen.storyboard;
			sourceTree = "<group>";
		};
/* End PBXVariantGroup section */

/* Begin XCBuildConfiguration section */
		4713A26829B87BEC00AC6740 /* Debug */ = {
			isa = XCBuildConfiguration;
			buildSettings = {
				ALWAYS_SEARCH_USER_PATHS = NO;
				CLANG_ANALYZER_NONNULL = YES;
				CLANG_ANALYZER_NUMBER_OBJECT_CONVERSION = YES_AGGRESSIVE;
				CLANG_CXX_LANGUAGE_STANDARD = "gnu++17";
				CLANG_ENABLE_MODULES = YES;
				CLANG_ENABLE_OBJC_ARC = YES;
				CLANG_ENABLE_OBJC_WEAK = YES;
				CLANG_WARN_BLOCK_CAPTURE_AUTORELEASING = YES;
				CLANG_WARN_BOOL_CONVERSION = YES;
				CLANG_WARN_COMMA = YES;
				CLANG_WARN_CONSTANT_CONVERSION = YES;
				CLANG_WARN_DEPRECATED_OBJC_IMPLEMENTATIONS = YES;
				CLANG_WARN_DIRECT_OBJC_ISA_USAGE = YES_ERROR;
				CLANG_WARN_DOCUMENTATION_COMMENTS = YES;
				CLANG_WARN_EMPTY_BODY = YES;
				CLANG_WARN_ENUM_CONVERSION = YES;
				CLANG_WARN_INFINITE_RECURSION = YES;
				CLANG_WARN_INT_CONVERSION = YES;
				CLANG_WARN_NON_LITERAL_NULL_CONVERSION = YES;
				CLANG_WARN_OBJC_IMPLICIT_RETAIN_SELF = YES;
				CLANG_WARN_OBJC_LITERAL_CONVERSION = YES;
				CLANG_WARN_OBJC_ROOT_CLASS = YES_ERROR;
				CLANG_WARN_QUOTED_INCLUDE_IN_FRAMEWORK_HEADER = YES;
				CLANG_WARN_RANGE_LOOP_ANALYSIS = YES;
				CLANG_WARN_STRICT_PROTOTYPES = YES;
				CLANG_WARN_SUSPICIOUS_MOVE = YES;
				CLANG_WARN_UNGUARDED_AVAILABILITY = YES_AGGRESSIVE;
				CLANG_WARN_UNREACHABLE_CODE = YES;
				CLANG_WARN__DUPLICATE_METHOD_MATCH = YES;
				COPY_PHASE_STRIP = NO;
				DEBUG_INFORMATION_FORMAT = dwarf;
				ENABLE_STRICT_OBJC_MSGSEND = YES;
				ENABLE_TESTABILITY = YES;
				GCC_C_LANGUAGE_STANDARD = gnu11;
				GCC_DYNAMIC_NO_PIC = NO;
				GCC_NO_COMMON_BLOCKS = YES;
				GCC_OPTIMIZATION_LEVEL = 0;
				GCC_PREPROCESSOR_DEFINITIONS = (
					"DEBUG=1",
					"$(inherited)",
				);
				GCC_WARN_64_TO_32_BIT_CONVERSION = YES;
				GCC_WARN_ABOUT_RETURN_TYPE = YES_ERROR;
				GCC_WARN_UNDECLARED_SELECTOR = YES;
				GCC_WARN_UNINITIALIZED_AUTOS = YES_AGGRESSIVE;
				GCC_WARN_UNUSED_FUNCTION = YES;
				GCC_WARN_UNUSED_VARIABLE = YES;
				IPHONEOS_DEPLOYMENT_TARGET = 15.5;
				MTL_ENABLE_DEBUG_INFO = INCLUDE_SOURCE;
				MTL_FAST_MATH = YES;
				ONLY_ACTIVE_ARCH = YES;
				SDKROOT = iphoneos;
			};
			name = Debug;
		};
		4713A26929B87BEC00AC6740 /* Release */ = {
			isa = XCBuildConfiguration;
			buildSettings = {
				ALWAYS_SEARCH_USER_PATHS = NO;
				CLANG_ANALYZER_NONNULL = YES;
				CLANG_ANALYZER_NUMBER_OBJECT_CONVERSION = YES_AGGRESSIVE;
				CLANG_CXX_LANGUAGE_STANDARD = "gnu++17";
				CLANG_ENABLE_MODULES = YES;
				CLANG_ENABLE_OBJC_ARC = YES;
				CLANG_ENABLE_OBJC_WEAK = YES;
				CLANG_WARN_BLOCK_CAPTURE_AUTORELEASING = YES;
				CLANG_WARN_BOOL_CONVERSION = YES;
				CLANG_WARN_COMMA = YES;
				CLANG_WARN_CONSTANT_CONVERSION = YES;
				CLANG_WARN_DEPRECATED_OBJC_IMPLEMENTATIONS = YES;
				CLANG_WARN_DIRECT_OBJC_ISA_USAGE = YES_ERROR;
				CLANG_WARN_DOCUMENTATION_COMMENTS = YES;
				CLANG_WARN_EMPTY_BODY = YES;
				CLANG_WARN_ENUM_CONVERSION = YES;
				CLANG_WARN_INFINITE_RECURSION = YES;
				CLANG_WARN_INT_CONVERSION = YES;
				CLANG_WARN_NON_LITERAL_NULL_CONVERSION = YES;
				CLANG_WARN_OBJC_IMPLICIT_RETAIN_SELF = YES;
				CLANG_WARN_OBJC_LITERAL_CONVERSION = YES;
				CLANG_WARN_OBJC_ROOT_CLASS = YES_ERROR;
				CLANG_WARN_QUOTED_INCLUDE_IN_FRAMEWORK_HEADER = YES;
				CLANG_WARN_RANGE_LOOP_ANALYSIS = YES;
				CLANG_WARN_STRICT_PROTOTYPES = YES;
				CLANG_WARN_SUSPICIOUS_MOVE = YES;
				CLANG_WARN_UNGUARDED_AVAILABILITY = YES_AGGRESSIVE;
				CLANG_WARN_UNREACHABLE_CODE = YES;
				CLANG_WARN__DUPLICATE_METHOD_MATCH = YES;
				COPY_PHASE_STRIP = NO;
				DEBUG_INFORMATION_FORMAT = "dwarf-with-dsym";
				ENABLE_NS_ASSERTIONS = NO;
				ENABLE_STRICT_OBJC_MSGSEND = YES;
				GCC_C_LANGUAGE_STANDARD = gnu11;
				GCC_NO_COMMON_BLOCKS = YES;
				GCC_WARN_64_TO_32_BIT_CONVERSION = YES;
				GCC_WARN_ABOUT_RETURN_TYPE = YES_ERROR;
				GCC_WARN_UNDECLARED_SELECTOR = YES;
				GCC_WARN_UNINITIALIZED_AUTOS = YES_AGGRESSIVE;
				GCC_WARN_UNUSED_FUNCTION = YES;
				GCC_WARN_UNUSED_VARIABLE = YES;
				IPHONEOS_DEPLOYMENT_TARGET = 15.5;
				MTL_ENABLE_DEBUG_INFO = NO;
				MTL_FAST_MATH = YES;
				SDKROOT = iphoneos;
				VALIDATE_PRODUCT = YES;
			};
			name = Release;
		};
		4713A26B29B87BEC00AC6740 /* Debug */ = {
			isa = XCBuildConfiguration;
			baseConfigurationReference = 52BE48FD3EF96DC6A61BF849 /* Pods-RXLineSDKDemo.debug.xcconfig */;
			buildSettings = {
				ASSETCATALOG_COMPILER_APPICON_NAME = AppIcon;
				ASSETCATALOG_COMPILER_GLOBAL_ACCENT_COLOR_NAME = AccentColor;
				CODE_SIGN_ENTITLEMENTS = "";
				CODE_SIGN_STYLE = Automatic;
				CURRENT_PROJECT_VERSION = 1;
				DEVELOPMENT_TEAM = 9A5NGSRMH4;
				ENABLE_BITCODE = NO;
				FRAMEWORK_SEARCH_PATHS = (
					"$(inherited)",
					"$(PROJECT_DIR)",
					"$(PROJECT_DIR)/RXLineSDKDemo",
				);
				GENERATE_INFOPLIST_FILE = YES;
				INFOPLIST_FILE = RXLineSDKDemo/Info.plist;
				INFOPLIST_KEY_UIApplicationSupportsIndirectInputEvents = YES;
				INFOPLIST_KEY_UILaunchStoryboardName = LaunchScreen;
				INFOPLIST_KEY_UIMainStoryboardFile = Main;
				INFOPLIST_KEY_UISupportedInterfaceOrientations_iPad = "UIInterfaceOrientationPortrait UIInterfaceOrientationPortraitUpsideDown UIInterfaceOrientationLandscapeLeft UIInterfaceOrientationLandscapeRight";
				INFOPLIST_KEY_UISupportedInterfaceOrientations_iPhone = "UIInterfaceOrientationPortrait UIInterfaceOrientationLandscapeLeft UIInterfaceOrientationLandscapeRight";
				IPHONEOS_DEPLOYMENT_TARGET = 12.0;
				LD_RUNPATH_SEARCH_PATHS = (
					"$(inherited)",
					"@executable_path/Frameworks",
				);
				MACH_O_TYPE = mh_dylib;
				MARKETING_VERSION = 1.0;
				OTHER_CODE_SIGN_FLAGS = "--generate-entitlement-der";
				OTHER_LDFLAGS = (
					"$(inherited)",
					"-ObjC",
				);
				PRODUCT_BUNDLE_IDENTIFIER = com.ruixue.sdkdemo;
				PRODUCT_NAME = "$(TARGET_NAME)";
				SWIFT_EMIT_LOC_STRINGS = YES;
				TARGETED_DEVICE_FAMILY = "1,2";
			};
			name = Debug;
		};
		4713A26C29B87BEC00AC6740 /* Release */ = {
			isa = XCBuildConfiguration;
			baseConfigurationReference = D12DBEF04CEF1558B74EA7BD /* Pods-RXLineSDKDemo.release.xcconfig */;
			buildSettings = {
				ASSETCATALOG_COMPILER_APPICON_NAME = AppIcon;
				ASSETCATALOG_COMPILER_GLOBAL_ACCENT_COLOR_NAME = AccentColor;
				CODE_SIGN_ENTITLEMENTS = "";
				CODE_SIGN_STYLE = Automatic;
				CURRENT_PROJECT_VERSION = 1;
				DEVELOPMENT_TEAM = 9A5NGSRMH4;
				ENABLE_BITCODE = NO;
				FRAMEWORK_SEARCH_PATHS = (
					"$(inherited)",
					"$(PROJECT_DIR)",
					"$(PROJECT_DIR)/RXLineSDKDemo",
				);
				GENERATE_INFOPLIST_FILE = YES;
				INFOPLIST_FILE = RXLineSDKDemo/Info.plist;
				INFOPLIST_KEY_UIApplicationSupportsIndirectInputEvents = YES;
				INFOPLIST_KEY_UILaunchStoryboardName = LaunchScreen;
				INFOPLIST_KEY_UIMainStoryboardFile = Main;
				INFOPLIST_KEY_UISupportedInterfaceOrientations_iPad = "UIInterfaceOrientationPortrait UIInterfaceOrientationPortraitUpsideDown UIInterfaceOrientationLandscapeLeft UIInterfaceOrientationLandscapeRight";
				INFOPLIST_KEY_UISupportedInterfaceOrientations_iPhone = "UIInterfaceOrientationPortrait UIInterfaceOrientationLandscapeLeft UIInterfaceOrientationLandscapeRight";
				IPHONEOS_DEPLOYMENT_TARGET = 12.0;
				LD_RUNPATH_SEARCH_PATHS = (
					"$(inherited)",
					"@executable_path/Frameworks",
				);
				MACH_O_TYPE = mh_dylib;
				MARKETING_VERSION = 1.0;
				OTHER_CODE_SIGN_FLAGS = "--generate-entitlement-der";
				OTHER_LDFLAGS = (
					"$(inherited)",
					"-ObjC",
				);
				PRODUCT_BUNDLE_IDENTIFIER = com.ruixue.sdkdemo;
				PRODUCT_NAME = "$(TARGET_NAME)";
				SWIFT_EMIT_LOC_STRINGS = YES;
				TARGETED_DEVICE_FAMILY = "1,2";
			};
			name = Release;
		};
		4713A26E29B87BEC00AC6740 /* Debug */ = {
			isa = XCBuildConfiguration;
			buildSettings = {
				BUNDLE_LOADER = "$(TEST_HOST)";
				CODE_SIGN_STYLE = Automatic;
				CURRENT_PROJECT_VERSION = 1;
				GENERATE_INFOPLIST_FILE = YES;
				IPHONEOS_DEPLOYMENT_TARGET = 15.5;
				MARKETING_VERSION = 1.0;
				PRODUCT_BUNDLE_IDENTIFIER = com.RXLineSDKDemoTests;
				PRODUCT_NAME = "$(TARGET_NAME)";
				SWIFT_EMIT_LOC_STRINGS = NO;
				TARGETED_DEVICE_FAMILY = "1,2";
				TEST_HOST = "$(BUILT_PRODUCTS_DIR)/RXLineSDKDemo.app/RXLineSDKDemo";
			};
			name = Debug;
		};
		4713A26F29B87BEC00AC6740 /* Release */ = {
			isa = XCBuildConfiguration;
			buildSettings = {
				BUNDLE_LOADER = "$(TEST_HOST)";
				CODE_SIGN_STYLE = Automatic;
				CURRENT_PROJECT_VERSION = 1;
				GENERATE_INFOPLIST_FILE = YES;
				IPHONEOS_DEPLOYMENT_TARGET = 15.5;
				MARKETING_VERSION = 1.0;
				PRODUCT_BUNDLE_IDENTIFIER = com.RXLineSDKDemoTests;
				PRODUCT_NAME = "$(TARGET_NAME)";
				SWIFT_EMIT_LOC_STRINGS = NO;
				TARGETED_DEVICE_FAMILY = "1,2";
				TEST_HOST = "$(BUILT_PRODUCTS_DIR)/RXLineSDKDemo.app/RXLineSDKDemo";
			};
			name = Release;
		};
		4713A27129B87BEC00AC6740 /* Debug */ = {
			isa = XCBuildConfiguration;
			buildSettings = {
				CODE_SIGN_STYLE = Automatic;
				CURRENT_PROJECT_VERSION = 1;
				GENERATE_INFOPLIST_FILE = YES;
				MARKETING_VERSION = 1.0;
				PRODUCT_BUNDLE_IDENTIFIER = com.RXLineSDKDemoUITests;
				PRODUCT_NAME = "$(TARGET_NAME)";
				SWIFT_EMIT_LOC_STRINGS = NO;
				TARGETED_DEVICE_FAMILY = "1,2";
				TEST_TARGET_NAME = RXLineSDKDemo;
			};
			name = Debug;
		};
		4713A27229B87BEC00AC6740 /* Release */ = {
			isa = XCBuildConfiguration;
			buildSettings = {
				CODE_SIGN_STYLE = Automatic;
				CURRENT_PROJECT_VERSION = 1;
				GENERATE_INFOPLIST_FILE = YES;
				MARKETING_VERSION = 1.0;
				PRODUCT_BUNDLE_IDENTIFIER = com.RXLineSDKDemoUITests;
				PRODUCT_NAME = "$(TARGET_NAME)";
				SWIFT_EMIT_LOC_STRINGS = NO;
				TARGETED_DEVICE_FAMILY = "1,2";
				TEST_TARGET_NAME = RXLineSDKDemo;
			};
			name = Release;
		};
/* End XCBuildConfiguration section */

/* Begin XCConfigurationList section */
		4713A23629B87BEA00AC6740 /* Build configuration list for PBXProject "RXLineSDKDemo" */ = {
			isa = XCConfigurationList;
			buildConfigurations = (
				4713A26829B87BEC00AC6740 /* Debug */,
				4713A26929B87BEC00AC6740 /* Release */,
			);
			defaultConfigurationIsVisible = 0;
			defaultConfigurationName = Release;
		};
		4713A26A29B87BEC00AC6740 /* Build configuration list for PBXNativeTarget "RXLineSDKDemo" */ = {
			isa = XCConfigurationList;
			buildConfigurations = (
				4713A26B29B87BEC00AC6740 /* Debug */,
				4713A26C29B87BEC00AC6740 /* Release */,
			);
			defaultConfigurationIsVisible = 0;
			defaultConfigurationName = Release;
		};
		4713A26D29B87BEC00AC6740 /* Build configuration list for PBXNativeTarget "RXLineSDKDemoTests" */ = {
			isa = XCConfigurationList;
			buildConfigurations = (
				4713A26E29B87BEC00AC6740 /* Debug */,
				4713A26F29B87BEC00AC6740 /* Release */,
			);
			defaultConfigurationIsVisible = 0;
			defaultConfigurationName = Release;
		};
		4713A27029B87BEC00AC6740 /* Build configuration list for PBXNativeTarget "RXLineSDKDemoUITests" */ = {
			isa = XCConfigurationList;
			buildConfigurations = (
				4713A27129B87BEC00AC6740 /* Debug */,
				4713A27229B87BEC00AC6740 /* Release */,
			);
			defaultConfigurationIsVisible = 0;
			defaultConfigurationName = Release;
		};
/* End XCConfigurationList section */
	};
	rootObject = 4713A23329B87BEA00AC6740 /* Project object */;
}
