// !$*UTF8*$!
{
	archiveVersion = 1;
	classes = {
	};
	objectVersion = 55;
	objects = {

/* Begin PBXBuildFile section */
		2A3570CCDAD50646CB41CF22 /* Pods_NotificationService.framework in Frameworks */ = {isa = PBXBuildFile; fileRef = 17EE1603786AC7C7CFC155F9 /* Pods_NotificationService.framework */; };
		4762A6EA27BE1E5D0016BBEE /* ATAuthSDK.framework in Frameworks */ = {isa = PBXBuildFile; fileRef = 4762A6E727BE1E5D0016BBEE /* ATAuthSDK.framework */; };
		4762A6EC27BE1E5D0016BBEE /* YTXMonitor.framework in Frameworks */ = {isa = PBXBuildFile; fileRef = 4762A6E827BE1E5D0016BBEE /* YTXMonitor.framework */; };
		4762A6EE27BE1E5D0016BBEE /* YTXOperators.framework in Frameworks */ = {isa = PBXBuildFile; fileRef = 4762A6E927BE1E5D0016BBEE /* YTXOperators.framework */; };
		4762A6F227BE1E690016BBEE /* iAd.framework in Frameworks */ = {isa = PBXBuildFile; fileRef = 4762A6F127BE1E690016BBEE /* iAd.framework */; };
		4762A6F427BE1E6E0016BBEE /* AdSupport.framework in Frameworks */ = {isa = PBXBuildFile; fileRef = 4762A6F327BE1E6E0016BBEE /* AdSupport.framework */; };
		4781BC8B2D8E5093002E76F4 /* RXSDK_Pure.framework in Frameworks */ = {isa = PBXBuildFile; fileRef = 4781BC872D8E505C002E76F4 /* RXSDK_Pure.framework */; };
		4781BC8C2D8E5093002E76F4 /* RXSDK_Pure.framework in Embed Frameworks */ = {isa = PBXBuildFile; fileRef = 4781BC872D8E505C002E76F4 /* RXSDK_Pure.framework */; settings = {ATTRIBUTES = (CodeSignOnCopy, RemoveHeadersOnCopy, ); }; };
		4795237C27BCDCF80076541C /* AppDelegate.m in Sources */ = {isa = PBXBuildFile; fileRef = 4795237B27BCDCF80076541C /* AppDelegate.m */; };
		4795237F27BCDCF80076541C /* SceneDelegate.m in Sources */ = {isa = PBXBuildFile; fileRef = 4795237E27BCDCF80076541C /* SceneDelegate.m */; };
		4795238227BCDCF80076541C /* ViewController.m in Sources */ = {isa = PBXBuildFile; fileRef = 4795238127BCDCF80076541C /* ViewController.m */; };
		4795238527BCDCF80076541C /* Main.storyboard in Resources */ = {isa = PBXBuildFile; fileRef = 4795238327BCDCF80076541C /* Main.storyboard */; };
		4795238727BCDCF90076541C /* Assets.xcassets in Resources */ = {isa = PBXBuildFile; fileRef = 4795238627BCDCF90076541C /* Assets.xcassets */; };
		4795238A27BCDCF90076541C /* LaunchScreen.storyboard in Resources */ = {isa = PBXBuildFile; fileRef = 4795238827BCDCF90076541C /* LaunchScreen.storyboard */; };
		4795238D27BCDCF90076541C /* main.m in Sources */ = {isa = PBXBuildFile; fileRef = 4795238C27BCDCF90076541C /* main.m */; };
		4795239727BCDCF90076541C /* RXPushSDKDemoTests.m in Sources */ = {isa = PBXBuildFile; fileRef = 4795239627BCDCF90076541C /* RXPushSDKDemoTests.m */; };
		479523A127BCDCF90076541C /* RXPushSDKDemoUITests.m in Sources */ = {isa = PBXBuildFile; fileRef = 479523A027BCDCF90076541C /* RXPushSDKDemoUITests.m */; };
		479523A327BCDCF90076541C /* RXPushSDKDemoUITestsLaunchTests.m in Sources */ = {isa = PBXBuildFile; fileRef = 479523A227BCDCF90076541C /* RXPushSDKDemoUITestsLaunchTests.m */; };
		47E9FFD12DD195F800B2AEB8 /* NotificationService.appex in Embed App Extensions */ = {isa = PBXBuildFile; fileRef = 47E9FFC92DD195F800B2AEB8 /* NotificationService.appex */; settings = {ATTRIBUTES = (RemoveHeadersOnCopy, ); }; };
		47E9FFD72DD1961900B2AEB8 /* RXPushSDK.framework in Frameworks */ = {isa = PBXBuildFile; fileRef = 4780F29D28E17B7800CF1C54 /* RXPushSDK.framework */; };
		47E9FFD82DD1961900B2AEB8 /* RXPushSDK.framework in Embed Frameworks */ = {isa = PBXBuildFile; fileRef = 4780F29D28E17B7800CF1C54 /* RXPushSDK.framework */; settings = {ATTRIBUTES = (CodeSignOnCopy, RemoveHeadersOnCopy, ); }; };
		47E9FFE02DD1962200B2AEB8 /* NotificationService.m in Sources */ = {isa = PBXBuildFile; fileRef = 47E9FFDD2DD1962200B2AEB8 /* NotificationService.m */; };
		47E9FFE52DD1990100B2AEB8 /* RXSDK_Pure.framework in Frameworks */ = {isa = PBXBuildFile; fileRef = 4781BC872D8E505C002E76F4 /* RXSDK_Pure.framework */; };
		47E9FFE62DD1990100B2AEB8 /* RXSDK_Pure.framework in Embed Frameworks */ = {isa = PBXBuildFile; fileRef = 4781BC872D8E505C002E76F4 /* RXSDK_Pure.framework */; settings = {ATTRIBUTES = (CodeSignOnCopy, RemoveHeadersOnCopy, ); }; };
		D05537DE2C1FD8D900F58B6A /* RXPushSDK.framework in Frameworks */ = {isa = PBXBuildFile; fileRef = 4780F29D28E17B7800CF1C54 /* RXPushSDK.framework */; };
		D05537DF2C1FD8D900F58B6A /* RXPushSDK.framework in Embed Frameworks */ = {isa = PBXBuildFile; fileRef = 4780F29D28E17B7800CF1C54 /* RXPushSDK.framework */; settings = {ATTRIBUTES = (CodeSignOnCopy, RemoveHeadersOnCopy, ); }; };
		FC67C9FE85809D7E8F7592C7 /* Pods_RXPushSDKDemo.framework in Frameworks */ = {isa = PBXBuildFile; fileRef = 429883ACF3B3CB49D59B4DC5 /* Pods_RXPushSDKDemo.framework */; };
/* End PBXBuildFile section */

/* Begin PBXContainerItemProxy section */
		4795239327BCDCF90076541C /* PBXContainerItemProxy */ = {
			isa = PBXContainerItemProxy;
			containerPortal = 4795236F27BCDCF70076541C /* Project object */;
			proxyType = 1;
			remoteGlobalIDString = 4795237627BCDCF80076541C;
			remoteInfo = RXPushSDKDemo;
		};
		4795239D27BCDCF90076541C /* PBXContainerItemProxy */ = {
			isa = PBXContainerItemProxy;
			containerPortal = 4795236F27BCDCF70076541C /* Project object */;
			proxyType = 1;
			remoteGlobalIDString = 4795237627BCDCF80076541C;
			remoteInfo = RXPushSDKDemo;
		};
		47E9FFCF2DD195F800B2AEB8 /* PBXContainerItemProxy */ = {
			isa = PBXContainerItemProxy;
			containerPortal = 4795236F27BCDCF70076541C /* Project object */;
			proxyType = 1;
			remoteGlobalIDString = 47E9FFC82DD195F800B2AEB8;
			remoteInfo = NotificationService;
		};
/* End PBXContainerItemProxy section */

/* Begin PBXCopyFilesBuildPhase section */
		4762A6DC27BDE6600016BBEE /* Embed App Extensions */ = {
			isa = PBXCopyFilesBuildPhase;
			buildActionMask = 2147483647;
			dstPath = "";
			dstSubfolderSpec = 13;
			files = (
				47E9FFD12DD195F800B2AEB8 /* NotificationService.appex in Embed App Extensions */,
			);
			name = "Embed App Extensions";
			runOnlyForDeploymentPostprocessing = 0;
		};
		47E9FFD92DD1961900B2AEB8 /* Embed Frameworks */ = {
			isa = PBXCopyFilesBuildPhase;
			buildActionMask = 2147483647;
			dstPath = "";
			dstSubfolderSpec = 10;
			files = (
				47E9FFD82DD1961900B2AEB8 /* RXPushSDK.framework in Embed Frameworks */,
				47E9FFE62DD1990100B2AEB8 /* RXSDK_Pure.framework in Embed Frameworks */,
			);
			name = "Embed Frameworks";
			runOnlyForDeploymentPostprocessing = 0;
		};
		D05537E02C1FD8D900F58B6A /* Embed Frameworks */ = {
			isa = PBXCopyFilesBuildPhase;
			buildActionMask = 2147483647;
			dstPath = "";
			dstSubfolderSpec = 10;
			files = (
				D05537DF2C1FD8D900F58B6A /* RXPushSDK.framework in Embed Frameworks */,
				4781BC8C2D8E5093002E76F4 /* RXSDK_Pure.framework in Embed Frameworks */,
			);
			name = "Embed Frameworks";
			runOnlyForDeploymentPostprocessing = 0;
		};
/* End PBXCopyFilesBuildPhase section */

/* Begin PBXFileReference section */
		17EE1603786AC7C7CFC155F9 /* Pods_NotificationService.framework */ = {isa = PBXFileReference; explicitFileType = wrapper.framework; includeInIndex = 0; path = Pods_NotificationService.framework; sourceTree = BUILT_PRODUCTS_DIR; };
		1C08AE206608B4B5E3DEF72C /* Pods-NotificationService.debug.xcconfig */ = {isa = PBXFileReference; includeInIndex = 1; lastKnownFileType = text.xcconfig; name = "Pods-NotificationService.debug.xcconfig"; path = "Target Support Files/Pods-NotificationService/Pods-NotificationService.debug.xcconfig"; sourceTree = "<group>"; };
		429883ACF3B3CB49D59B4DC5 /* Pods_RXPushSDKDemo.framework */ = {isa = PBXFileReference; explicitFileType = wrapper.framework; includeInIndex = 0; path = Pods_RXPushSDKDemo.framework; sourceTree = BUILT_PRODUCTS_DIR; };
		4762A6E327BDE84C0016BBEE /* RXPushSDKDemo.entitlements */ = {isa = PBXFileReference; lastKnownFileType = text.plist.entitlements; path = RXPushSDKDemo.entitlements; sourceTree = "<group>"; };
		4762A6E727BE1E5D0016BBEE /* ATAuthSDK.framework */ = {isa = PBXFileReference; lastKnownFileType = wrapper.framework; path = ATAuthSDK.framework; sourceTree = "<group>"; };
		4762A6E827BE1E5D0016BBEE /* YTXMonitor.framework */ = {isa = PBXFileReference; lastKnownFileType = wrapper.framework; path = YTXMonitor.framework; sourceTree = "<group>"; };
		4762A6E927BE1E5D0016BBEE /* YTXOperators.framework */ = {isa = PBXFileReference; lastKnownFileType = wrapper.framework; path = YTXOperators.framework; sourceTree = "<group>"; };
		4762A6F127BE1E690016BBEE /* iAd.framework */ = {isa = PBXFileReference; lastKnownFileType = wrapper.framework; name = iAd.framework; path = System/Library/Frameworks/iAd.framework; sourceTree = SDKROOT; };
		4762A6F327BE1E6E0016BBEE /* AdSupport.framework */ = {isa = PBXFileReference; lastKnownFileType = wrapper.framework; name = AdSupport.framework; path = System/Library/Frameworks/AdSupport.framework; sourceTree = SDKROOT; };
		4762A6F527BE1E850016BBEE /* libsqlite3.tbd */ = {isa = PBXFileReference; lastKnownFileType = "sourcecode.text-based-dylib-definition"; name = libsqlite3.tbd; path = usr/lib/libsqlite3.tbd; sourceTree = SDKROOT; };
		4762A6F627BE1E8E0016BBEE /* libc++.tbd */ = {isa = PBXFileReference; lastKnownFileType = "sourcecode.text-based-dylib-definition"; name = "libc++.tbd"; path = "usr/lib/libc++.tbd"; sourceTree = SDKROOT; };
		4762A6F727BE1E960016BBEE /* libc++abi.tbd */ = {isa = PBXFileReference; lastKnownFileType = "sourcecode.text-based-dylib-definition"; name = "libc++abi.tbd"; path = "usr/lib/libc++abi.tbd"; sourceTree = SDKROOT; };
		4762A6F827BE1E9C0016BBEE /* libz.tbd */ = {isa = PBXFileReference; lastKnownFileType = "sourcecode.text-based-dylib-definition"; name = libz.tbd; path = usr/lib/libz.tbd; sourceTree = SDKROOT; };
		4780F29D28E17B7800CF1C54 /* RXPushSDK.framework */ = {isa = PBXFileReference; explicitFileType = wrapper.framework; path = RXPushSDK.framework; sourceTree = BUILT_PRODUCTS_DIR; };
		4781BC872D8E505C002E76F4 /* RXSDK_Pure.framework */ = {isa = PBXFileReference; lastKnownFileType = wrapper.framework; path = RXSDK_Pure.framework; sourceTree = "<group>"; };
		4795237727BCDCF80076541C /* RXPushSDKDemo.app */ = {isa = PBXFileReference; explicitFileType = wrapper.application; includeInIndex = 0; path = RXPushSDKDemo.app; sourceTree = BUILT_PRODUCTS_DIR; };
		4795237A27BCDCF80076541C /* AppDelegate.h */ = {isa = PBXFileReference; lastKnownFileType = sourcecode.c.h; path = AppDelegate.h; sourceTree = "<group>"; };
		4795237B27BCDCF80076541C /* AppDelegate.m */ = {isa = PBXFileReference; lastKnownFileType = sourcecode.c.objc; path = AppDelegate.m; sourceTree = "<group>"; };
		4795237D27BCDCF80076541C /* SceneDelegate.h */ = {isa = PBXFileReference; lastKnownFileType = sourcecode.c.h; path = SceneDelegate.h; sourceTree = "<group>"; };
		4795237E27BCDCF80076541C /* SceneDelegate.m */ = {isa = PBXFileReference; lastKnownFileType = sourcecode.c.objc; path = SceneDelegate.m; sourceTree = "<group>"; };
		4795238027BCDCF80076541C /* ViewController.h */ = {isa = PBXFileReference; lastKnownFileType = sourcecode.c.h; path = ViewController.h; sourceTree = "<group>"; };
		4795238127BCDCF80076541C /* ViewController.m */ = {isa = PBXFileReference; lastKnownFileType = sourcecode.c.objc; path = ViewController.m; sourceTree = "<group>"; };
		4795238427BCDCF80076541C /* Base */ = {isa = PBXFileReference; lastKnownFileType = file.storyboard; name = Base; path = Base.lproj/Main.storyboard; sourceTree = "<group>"; };
		4795238627BCDCF90076541C /* Assets.xcassets */ = {isa = PBXFileReference; lastKnownFileType = folder.assetcatalog; path = Assets.xcassets; sourceTree = "<group>"; };
		4795238927BCDCF90076541C /* Base */ = {isa = PBXFileReference; lastKnownFileType = file.storyboard; name = Base; path = Base.lproj/LaunchScreen.storyboard; sourceTree = "<group>"; };
		4795238B27BCDCF90076541C /* Info.plist */ = {isa = PBXFileReference; lastKnownFileType = text.plist.xml; path = Info.plist; sourceTree = "<group>"; };
		4795238C27BCDCF90076541C /* main.m */ = {isa = PBXFileReference; lastKnownFileType = sourcecode.c.objc; path = main.m; sourceTree = "<group>"; };
		4795239227BCDCF90076541C /* RXPushSDKDemoTests.xctest */ = {isa = PBXFileReference; explicitFileType = wrapper.cfbundle; includeInIndex = 0; path = RXPushSDKDemoTests.xctest; sourceTree = BUILT_PRODUCTS_DIR; };
		4795239627BCDCF90076541C /* RXPushSDKDemoTests.m */ = {isa = PBXFileReference; lastKnownFileType = sourcecode.c.objc; path = RXPushSDKDemoTests.m; sourceTree = "<group>"; };
		4795239C27BCDCF90076541C /* RXPushSDKDemoUITests.xctest */ = {isa = PBXFileReference; explicitFileType = wrapper.cfbundle; includeInIndex = 0; path = RXPushSDKDemoUITests.xctest; sourceTree = BUILT_PRODUCTS_DIR; };
		479523A027BCDCF90076541C /* RXPushSDKDemoUITests.m */ = {isa = PBXFileReference; lastKnownFileType = sourcecode.c.objc; path = RXPushSDKDemoUITests.m; sourceTree = "<group>"; };
		479523A227BCDCF90076541C /* RXPushSDKDemoUITestsLaunchTests.m */ = {isa = PBXFileReference; lastKnownFileType = sourcecode.c.objc; path = RXPushSDKDemoUITestsLaunchTests.m; sourceTree = "<group>"; };
		47E9FFC92DD195F800B2AEB8 /* NotificationService.appex */ = {isa = PBXFileReference; explicitFileType = "wrapper.app-extension"; includeInIndex = 0; path = NotificationService.appex; sourceTree = BUILT_PRODUCTS_DIR; };
		47E9FFDA2DD1962200B2AEB8 /* Info.plist */ = {isa = PBXFileReference; lastKnownFileType = text.plist.xml; path = Info.plist; sourceTree = "<group>"; };
		47E9FFDB2DD1962200B2AEB8 /* NotificationService.h */ = {isa = PBXFileReference; lastKnownFileType = sourcecode.c.h; path = NotificationService.h; sourceTree = "<group>"; };
		47E9FFDC2DD1962200B2AEB8 /* NotificationService.entitlements */ = {isa = PBXFileReference; lastKnownFileType = text.plist.entitlements; path = NotificationService.entitlements; sourceTree = "<group>"; };
		47E9FFDD2DD1962200B2AEB8 /* NotificationService.m */ = {isa = PBXFileReference; lastKnownFileType = sourcecode.c.objc; path = NotificationService.m; sourceTree = "<group>"; };
		56D5026B1EF527B237A22554 /* Pods-RXPushSDKDemo.release.xcconfig */ = {isa = PBXFileReference; includeInIndex = 1; lastKnownFileType = text.xcconfig; name = "Pods-RXPushSDKDemo.release.xcconfig"; path = "Target Support Files/Pods-RXPushSDKDemo/Pods-RXPushSDKDemo.release.xcconfig"; sourceTree = "<group>"; };
		74F94174866492436C233D03 /* Pods-RXPushSDKDemo.debug.xcconfig */ = {isa = PBXFileReference; includeInIndex = 1; lastKnownFileType = text.xcconfig; name = "Pods-RXPushSDKDemo.debug.xcconfig"; path = "Target Support Files/Pods-RXPushSDKDemo/Pods-RXPushSDKDemo.debug.xcconfig"; sourceTree = "<group>"; };
		D05537DA2C1FD87E00F58B6A /* Pods_RXPushSDK.framework */ = {isa = PBXFileReference; explicitFileType = wrapper.framework; path = Pods_RXPushSDK.framework; sourceTree = BUILT_PRODUCTS_DIR; };
		F732EBAD6F1EFB9183B585F3 /* Pods-NotificationService.release.xcconfig */ = {isa = PBXFileReference; includeInIndex = 1; lastKnownFileType = text.xcconfig; name = "Pods-NotificationService.release.xcconfig"; path = "Target Support Files/Pods-NotificationService/Pods-NotificationService.release.xcconfig"; sourceTree = "<group>"; };
/* End PBXFileReference section */

/* Begin PBXFrameworksBuildPhase section */
		4795237427BCDCF80076541C /* Frameworks */ = {
			isa = PBXFrameworksBuildPhase;
			buildActionMask = 2147483647;
			files = (
				4762A6EE27BE1E5D0016BBEE /* YTXOperators.framework in Frameworks */,
				4762A6EC27BE1E5D0016BBEE /* YTXMonitor.framework in Frameworks */,
				D05537DE2C1FD8D900F58B6A /* RXPushSDK.framework in Frameworks */,
				4762A6F227BE1E690016BBEE /* iAd.framework in Frameworks */,
				4762A6EA27BE1E5D0016BBEE /* ATAuthSDK.framework in Frameworks */,
				4762A6F427BE1E6E0016BBEE /* AdSupport.framework in Frameworks */,
				4781BC8B2D8E5093002E76F4 /* RXSDK_Pure.framework in Frameworks */,
				FC67C9FE85809D7E8F7592C7 /* Pods_RXPushSDKDemo.framework in Frameworks */,
			);
			runOnlyForDeploymentPostprocessing = 0;
		};
		4795238F27BCDCF90076541C /* Frameworks */ = {
			isa = PBXFrameworksBuildPhase;
			buildActionMask = 2147483647;
			files = (
			);
			runOnlyForDeploymentPostprocessing = 0;
		};
		4795239927BCDCF90076541C /* Frameworks */ = {
			isa = PBXFrameworksBuildPhase;
			buildActionMask = 2147483647;
			files = (
			);
			runOnlyForDeploymentPostprocessing = 0;
		};
		47E9FFC62DD195F800B2AEB8 /* Frameworks */ = {
			isa = PBXFrameworksBuildPhase;
			buildActionMask = 2147483647;
			files = (
				47E9FFD72DD1961900B2AEB8 /* RXPushSDK.framework in Frameworks */,
				47E9FFE52DD1990100B2AEB8 /* RXSDK_Pure.framework in Frameworks */,
				2A3570CCDAD50646CB41CF22 /* Pods_NotificationService.framework in Frameworks */,
			);
			runOnlyForDeploymentPostprocessing = 0;
		};
/* End PBXFrameworksBuildPhase section */

/* Begin PBXGroup section */
		4795236E27BCDCF70076541C = {
			isa = PBXGroup;
			children = (
				4795237927BCDCF80076541C /* RXPushSDKDemo */,
				4795239527BCDCF90076541C /* RXPushSDKDemoTests */,
				4795239F27BCDCF90076541C /* RXPushSDKDemoUITests */,
				47E9FFDE2DD1962200B2AEB8 /* NotificationService */,
				4795237827BCDCF80076541C /* Products */,
				479523AF27BCDD360076541C /* Frameworks */,
				882D421AC05B44675505308A /* Pods */,
				D05537DD2C1FD8A900F58B6A /* Recovered References */,
			);
			sourceTree = "<group>";
		};
		4795237827BCDCF80076541C /* Products */ = {
			isa = PBXGroup;
			children = (
				4795237727BCDCF80076541C /* RXPushSDKDemo.app */,
				4795239227BCDCF90076541C /* RXPushSDKDemoTests.xctest */,
				4795239C27BCDCF90076541C /* RXPushSDKDemoUITests.xctest */,
				47E9FFC92DD195F800B2AEB8 /* NotificationService.appex */,
			);
			name = Products;
			sourceTree = "<group>";
		};
		4795237927BCDCF80076541C /* RXPushSDKDemo */ = {
			isa = PBXGroup;
			children = (
				4762A6E327BDE84C0016BBEE /* RXPushSDKDemo.entitlements */,
				4795237A27BCDCF80076541C /* AppDelegate.h */,
				4795237B27BCDCF80076541C /* AppDelegate.m */,
				4795237D27BCDCF80076541C /* SceneDelegate.h */,
				4795237E27BCDCF80076541C /* SceneDelegate.m */,
				4795238027BCDCF80076541C /* ViewController.h */,
				4795238127BCDCF80076541C /* ViewController.m */,
				4795238327BCDCF80076541C /* Main.storyboard */,
				4795238627BCDCF90076541C /* Assets.xcassets */,
				4795238827BCDCF90076541C /* LaunchScreen.storyboard */,
				4795238B27BCDCF90076541C /* Info.plist */,
				4795238C27BCDCF90076541C /* main.m */,
			);
			path = RXPushSDKDemo;
			sourceTree = "<group>";
		};
		4795239527BCDCF90076541C /* RXPushSDKDemoTests */ = {
			isa = PBXGroup;
			children = (
				4795239627BCDCF90076541C /* RXPushSDKDemoTests.m */,
			);
			path = RXPushSDKDemoTests;
			sourceTree = "<group>";
		};
		4795239F27BCDCF90076541C /* RXPushSDKDemoUITests */ = {
			isa = PBXGroup;
			children = (
				479523A027BCDCF90076541C /* RXPushSDKDemoUITests.m */,
				479523A227BCDCF90076541C /* RXPushSDKDemoUITestsLaunchTests.m */,
			);
			path = RXPushSDKDemoUITests;
			sourceTree = "<group>";
		};
		479523AF27BCDD360076541C /* Frameworks */ = {
			isa = PBXGroup;
			children = (
				4781BC872D8E505C002E76F4 /* RXSDK_Pure.framework */,
				4780F29D28E17B7800CF1C54 /* RXPushSDK.framework */,
				4762A6F827BE1E9C0016BBEE /* libz.tbd */,
				4762A6F727BE1E960016BBEE /* libc++abi.tbd */,
				4762A6F627BE1E8E0016BBEE /* libc++.tbd */,
				4762A6F527BE1E850016BBEE /* libsqlite3.tbd */,
				4762A6F327BE1E6E0016BBEE /* AdSupport.framework */,
				4762A6F127BE1E690016BBEE /* iAd.framework */,
				4762A6E727BE1E5D0016BBEE /* ATAuthSDK.framework */,
				4762A6E827BE1E5D0016BBEE /* YTXMonitor.framework */,
				4762A6E927BE1E5D0016BBEE /* YTXOperators.framework */,
				17EE1603786AC7C7CFC155F9 /* Pods_NotificationService.framework */,
				429883ACF3B3CB49D59B4DC5 /* Pods_RXPushSDKDemo.framework */,
			);
			name = Frameworks;
			sourceTree = "<group>";
		};
		47E9FFDE2DD1962200B2AEB8 /* NotificationService */ = {
			isa = PBXGroup;
			children = (
				47E9FFDA2DD1962200B2AEB8 /* Info.plist */,
				47E9FFDB2DD1962200B2AEB8 /* NotificationService.h */,
				47E9FFDC2DD1962200B2AEB8 /* NotificationService.entitlements */,
				47E9FFDD2DD1962200B2AEB8 /* NotificationService.m */,
			);
			path = NotificationService;
			sourceTree = "<group>";
		};
		882D421AC05B44675505308A /* Pods */ = {
			isa = PBXGroup;
			children = (
				74F94174866492436C233D03 /* Pods-RXPushSDKDemo.debug.xcconfig */,
				56D5026B1EF527B237A22554 /* Pods-RXPushSDKDemo.release.xcconfig */,
				1C08AE206608B4B5E3DEF72C /* Pods-NotificationService.debug.xcconfig */,
				F732EBAD6F1EFB9183B585F3 /* Pods-NotificationService.release.xcconfig */,
			);
			name = Pods;
			path = ../Pods;
			sourceTree = "<group>";
		};
		D05537DD2C1FD8A900F58B6A /* Recovered References */ = {
			isa = PBXGroup;
			children = (
				D05537DA2C1FD87E00F58B6A /* Pods_RXPushSDK.framework */,
			);
			name = "Recovered References";
			sourceTree = "<group>";
		};
/* End PBXGroup section */

/* Begin PBXNativeTarget section */
		4795237627BCDCF80076541C /* RXPushSDKDemo */ = {
			isa = PBXNativeTarget;
			buildConfigurationList = 479523A627BCDCF90076541C /* Build configuration list for PBXNativeTarget "RXPushSDKDemo" */;
			buildPhases = (
				44C3270C36F9D03D57702AE3 /* [CP] Check Pods Manifest.lock */,
				4795237327BCDCF80076541C /* Sources */,
				4795237427BCDCF80076541C /* Frameworks */,
				4795237527BCDCF80076541C /* Resources */,
				4762A6DC27BDE6600016BBEE /* Embed App Extensions */,
				D05537E02C1FD8D900F58B6A /* Embed Frameworks */,
				D4141C805FB33CA9653DCC34 /* [CP] Embed Pods Frameworks */,
			);
			buildRules = (
			);
			dependencies = (
				47E9FFD02DD195F800B2AEB8 /* PBXTargetDependency */,
			);
			name = RXPushSDKDemo;
			productName = RXPushSDKDemo;
			productReference = 4795237727BCDCF80076541C /* RXPushSDKDemo.app */;
			productType = "com.apple.product-type.application";
		};
		4795239127BCDCF90076541C /* RXPushSDKDemoTests */ = {
			isa = PBXNativeTarget;
			buildConfigurationList = 479523A927BCDCF90076541C /* Build configuration list for PBXNativeTarget "RXPushSDKDemoTests" */;
			buildPhases = (
				4795238E27BCDCF90076541C /* Sources */,
				4795238F27BCDCF90076541C /* Frameworks */,
				4795239027BCDCF90076541C /* Resources */,
			);
			buildRules = (
			);
			dependencies = (
				4795239427BCDCF90076541C /* PBXTargetDependency */,
			);
			name = RXPushSDKDemoTests;
			productName = RXPushSDKDemoTests;
			productReference = 4795239227BCDCF90076541C /* RXPushSDKDemoTests.xctest */;
			productType = "com.apple.product-type.bundle.unit-test";
		};
		4795239B27BCDCF90076541C /* RXPushSDKDemoUITests */ = {
			isa = PBXNativeTarget;
			buildConfigurationList = 479523AC27BCDCF90076541C /* Build configuration list for PBXNativeTarget "RXPushSDKDemoUITests" */;
			buildPhases = (
				4795239827BCDCF90076541C /* Sources */,
				4795239927BCDCF90076541C /* Frameworks */,
				4795239A27BCDCF90076541C /* Resources */,
			);
			buildRules = (
			);
			dependencies = (
				4795239E27BCDCF90076541C /* PBXTargetDependency */,
			);
			name = RXPushSDKDemoUITests;
			productName = RXPushSDKDemoUITests;
			productReference = 4795239C27BCDCF90076541C /* RXPushSDKDemoUITests.xctest */;
			productType = "com.apple.product-type.bundle.ui-testing";
		};
		47E9FFC82DD195F800B2AEB8 /* NotificationService */ = {
			isa = PBXNativeTarget;
			buildConfigurationList = 47E9FFD32DD195F800B2AEB8 /* Build configuration list for PBXNativeTarget "NotificationService" */;
			buildPhases = (
				800BE4D8D822668BF6CCD3B8 /* [CP] Check Pods Manifest.lock */,
				47E9FFC52DD195F800B2AEB8 /* Sources */,
				47E9FFC62DD195F800B2AEB8 /* Frameworks */,
				47E9FFC72DD195F800B2AEB8 /* Resources */,
				47E9FFD92DD1961900B2AEB8 /* Embed Frameworks */,
			);
			buildRules = (
			);
			dependencies = (
			);
			name = NotificationService;
			productName = NotificationService;
			productReference = 47E9FFC92DD195F800B2AEB8 /* NotificationService.appex */;
			productType = "com.apple.product-type.app-extension";
		};
/* End PBXNativeTarget section */

/* Begin PBXProject section */
		4795236F27BCDCF70076541C /* Project object */ = {
			isa = PBXProject;
			attributes = {
				BuildIndependentTargetsInParallel = 1;
				LastUpgradeCheck = 1320;
				TargetAttributes = {
					4795237627BCDCF80076541C = {
						CreatedOnToolsVersion = 13.2.1;
					};
					4795239127BCDCF90076541C = {
						CreatedOnToolsVersion = 13.2.1;
						TestTargetID = 4795237627BCDCF80076541C;
					};
					4795239B27BCDCF90076541C = {
						CreatedOnToolsVersion = 13.2.1;
						TestTargetID = 4795237627BCDCF80076541C;
					};
					47E9FFC82DD195F800B2AEB8 = {
						CreatedOnToolsVersion = 16.2;
					};
				};
			};
			buildConfigurationList = 4795237227BCDCF70076541C /* Build configuration list for PBXProject "RXPushSDKDemo" */;
			compatibilityVersion = "Xcode 13.0";
			developmentRegion = en;
			hasScannedForEncodings = 0;
			knownRegions = (
				en,
				Base,
			);
			mainGroup = 4795236E27BCDCF70076541C;
			productRefGroup = 4795237827BCDCF80076541C /* Products */;
			projectDirPath = "";
			projectRoot = "";
			targets = (
				4795237627BCDCF80076541C /* RXPushSDKDemo */,
				4795239127BCDCF90076541C /* RXPushSDKDemoTests */,
				4795239B27BCDCF90076541C /* RXPushSDKDemoUITests */,
				47E9FFC82DD195F800B2AEB8 /* NotificationService */,
			);
		};
/* End PBXProject section */

/* Begin PBXResourcesBuildPhase section */
		4795237527BCDCF80076541C /* Resources */ = {
			isa = PBXResourcesBuildPhase;
			buildActionMask = 2147483647;
			files = (
				4795238A27BCDCF90076541C /* LaunchScreen.storyboard in Resources */,
				4795238727BCDCF90076541C /* Assets.xcassets in Resources */,
				4795238527BCDCF80076541C /* Main.storyboard in Resources */,
			);
			runOnlyForDeploymentPostprocessing = 0;
		};
		4795239027BCDCF90076541C /* Resources */ = {
			isa = PBXResourcesBuildPhase;
			buildActionMask = 2147483647;
			files = (
			);
			runOnlyForDeploymentPostprocessing = 0;
		};
		4795239A27BCDCF90076541C /* Resources */ = {
			isa = PBXResourcesBuildPhase;
			buildActionMask = 2147483647;
			files = (
			);
			runOnlyForDeploymentPostprocessing = 0;
		};
		47E9FFC72DD195F800B2AEB8 /* Resources */ = {
			isa = PBXResourcesBuildPhase;
			buildActionMask = 2147483647;
			files = (
			);
			runOnlyForDeploymentPostprocessing = 0;
		};
/* End PBXResourcesBuildPhase section */

/* Begin PBXShellScriptBuildPhase section */
		44C3270C36F9D03D57702AE3 /* [CP] Check Pods Manifest.lock */ = {
			isa = PBXShellScriptBuildPhase;
			buildActionMask = 2147483647;
			files = (
			);
			inputFileListPaths = (
			);
			inputPaths = (
				"${PODS_PODFILE_DIR_PATH}/Podfile.lock",
				"${PODS_ROOT}/Manifest.lock",
			);
			name = "[CP] Check Pods Manifest.lock";
			outputFileListPaths = (
			);
			outputPaths = (
				"$(DERIVED_FILE_DIR)/Pods-RXPushSDKDemo-checkManifestLockResult.txt",
			);
			runOnlyForDeploymentPostprocessing = 0;
			shellPath = /bin/sh;
			shellScript = "diff \"${PODS_PODFILE_DIR_PATH}/Podfile.lock\" \"${PODS_ROOT}/Manifest.lock\" > /dev/null\nif [ $? != 0 ] ; then\n    # print error to STDERR\n    echo \"error: The sandbox is not in sync with the Podfile.lock. Run 'pod install' or update your CocoaPods installation.\" >&2\n    exit 1\nfi\n# This output is used by Xcode 'outputs' to avoid re-running this script phase.\necho \"SUCCESS\" > \"${SCRIPT_OUTPUT_FILE_0}\"\n";
			showEnvVarsInLog = 0;
		};
		800BE4D8D822668BF6CCD3B8 /* [CP] Check Pods Manifest.lock */ = {
			isa = PBXShellScriptBuildPhase;
			buildActionMask = 2147483647;
			files = (
			);
			inputFileListPaths = (
			);
			inputPaths = (
				"${PODS_PODFILE_DIR_PATH}/Podfile.lock",
				"${PODS_ROOT}/Manifest.lock",
			);
			name = "[CP] Check Pods Manifest.lock";
			outputFileListPaths = (
			);
			outputPaths = (
				"$(DERIVED_FILE_DIR)/Pods-NotificationService-checkManifestLockResult.txt",
			);
			runOnlyForDeploymentPostprocessing = 0;
			shellPath = /bin/sh;
			shellScript = "diff \"${PODS_PODFILE_DIR_PATH}/Podfile.lock\" \"${PODS_ROOT}/Manifest.lock\" > /dev/null\nif [ $? != 0 ] ; then\n    # print error to STDERR\n    echo \"error: The sandbox is not in sync with the Podfile.lock. Run 'pod install' or update your CocoaPods installation.\" >&2\n    exit 1\nfi\n# This output is used by Xcode 'outputs' to avoid re-running this script phase.\necho \"SUCCESS\" > \"${SCRIPT_OUTPUT_FILE_0}\"\n";
			showEnvVarsInLog = 0;
		};
		D4141C805FB33CA9653DCC34 /* [CP] Embed Pods Frameworks */ = {
			isa = PBXShellScriptBuildPhase;
			buildActionMask = 2147483647;
			files = (
			);
			inputFileListPaths = (
				"${PODS_ROOT}/Target Support Files/Pods-RXPushSDKDemo/Pods-RXPushSDKDemo-frameworks-${CONFIGURATION}-input-files.xcfilelist",
			);
			name = "[CP] Embed Pods Frameworks";
			outputFileListPaths = (
				"${PODS_ROOT}/Target Support Files/Pods-RXPushSDKDemo/Pods-RXPushSDKDemo-frameworks-${CONFIGURATION}-output-files.xcfilelist",
			);
			runOnlyForDeploymentPostprocessing = 0;
			shellPath = /bin/sh;
			shellScript = "\"${PODS_ROOT}/Target Support Files/Pods-RXPushSDKDemo/Pods-RXPushSDKDemo-frameworks.sh\"\n";
			showEnvVarsInLog = 0;
		};
/* End PBXShellScriptBuildPhase section */

/* Begin PBXSourcesBuildPhase section */
		4795237327BCDCF80076541C /* Sources */ = {
			isa = PBXSourcesBuildPhase;
			buildActionMask = 2147483647;
			files = (
				4795238227BCDCF80076541C /* ViewController.m in Sources */,
				4795237C27BCDCF80076541C /* AppDelegate.m in Sources */,
				4795238D27BCDCF90076541C /* main.m in Sources */,
				4795237F27BCDCF80076541C /* SceneDelegate.m in Sources */,
			);
			runOnlyForDeploymentPostprocessing = 0;
		};
		4795238E27BCDCF90076541C /* Sources */ = {
			isa = PBXSourcesBuildPhase;
			buildActionMask = 2147483647;
			files = (
				4795239727BCDCF90076541C /* RXPushSDKDemoTests.m in Sources */,
			);
			runOnlyForDeploymentPostprocessing = 0;
		};
		4795239827BCDCF90076541C /* Sources */ = {
			isa = PBXSourcesBuildPhase;
			buildActionMask = 2147483647;
			files = (
				479523A327BCDCF90076541C /* RXPushSDKDemoUITestsLaunchTests.m in Sources */,
				479523A127BCDCF90076541C /* RXPushSDKDemoUITests.m in Sources */,
			);
			runOnlyForDeploymentPostprocessing = 0;
		};
		47E9FFC52DD195F800B2AEB8 /* Sources */ = {
			isa = PBXSourcesBuildPhase;
			buildActionMask = 2147483647;
			files = (
				47E9FFE02DD1962200B2AEB8 /* NotificationService.m in Sources */,
			);
			runOnlyForDeploymentPostprocessing = 0;
		};
/* End PBXSourcesBuildPhase section */

/* Begin PBXTargetDependency section */
		4795239427BCDCF90076541C /* PBXTargetDependency */ = {
			isa = PBXTargetDependency;
			target = 4795237627BCDCF80076541C /* RXPushSDKDemo */;
			targetProxy = 4795239327BCDCF90076541C /* PBXContainerItemProxy */;
		};
		4795239E27BCDCF90076541C /* PBXTargetDependency */ = {
			isa = PBXTargetDependency;
			target = 4795237627BCDCF80076541C /* RXPushSDKDemo */;
			targetProxy = 4795239D27BCDCF90076541C /* PBXContainerItemProxy */;
		};
		47E9FFD02DD195F800B2AEB8 /* PBXTargetDependency */ = {
			isa = PBXTargetDependency;
			target = 47E9FFC82DD195F800B2AEB8 /* NotificationService */;
			targetProxy = 47E9FFCF2DD195F800B2AEB8 /* PBXContainerItemProxy */;
		};
/* End PBXTargetDependency section */

/* Begin PBXVariantGroup section */
		4795238327BCDCF80076541C /* Main.storyboard */ = {
			isa = PBXVariantGroup;
			children = (
				4795238427BCDCF80076541C /* Base */,
			);
			name = Main.storyboard;
			sourceTree = "<group>";
		};
		4795238827BCDCF90076541C /* LaunchScreen.storyboard */ = {
			isa = PBXVariantGroup;
			children = (
				4795238927BCDCF90076541C /* Base */,
			);
			name = LaunchScreen.storyboard;
			sourceTree = "<group>";
		};
/* End PBXVariantGroup section */

/* Begin XCBuildConfiguration section */
		479523A427BCDCF90076541C /* Debug */ = {
			isa = XCBuildConfiguration;
			buildSettings = {
				ALWAYS_SEARCH_USER_PATHS = NO;
				CLANG_ANALYZER_NONNULL = YES;
				CLANG_ANALYZER_NUMBER_OBJECT_CONVERSION = YES_AGGRESSIVE;
				CLANG_CXX_LANGUAGE_STANDARD = "gnu++17";
				CLANG_CXX_LIBRARY = "libc++";
				CLANG_ENABLE_MODULES = YES;
				CLANG_ENABLE_OBJC_ARC = YES;
				CLANG_ENABLE_OBJC_WEAK = YES;
				CLANG_WARN_BLOCK_CAPTURE_AUTORELEASING = YES;
				CLANG_WARN_BOOL_CONVERSION = YES;
				CLANG_WARN_COMMA = YES;
				CLANG_WARN_CONSTANT_CONVERSION = YES;
				CLANG_WARN_DEPRECATED_OBJC_IMPLEMENTATIONS = YES;
				CLANG_WARN_DIRECT_OBJC_ISA_USAGE = YES_ERROR;
				CLANG_WARN_DOCUMENTATION_COMMENTS = YES;
				CLANG_WARN_EMPTY_BODY = YES;
				CLANG_WARN_ENUM_CONVERSION = YES;
				CLANG_WARN_INFINITE_RECURSION = YES;
				CLANG_WARN_INT_CONVERSION = YES;
				CLANG_WARN_NON_LITERAL_NULL_CONVERSION = YES;
				CLANG_WARN_OBJC_IMPLICIT_RETAIN_SELF = YES;
				CLANG_WARN_OBJC_LITERAL_CONVERSION = YES;
				CLANG_WARN_OBJC_ROOT_CLASS = YES_ERROR;
				CLANG_WARN_QUOTED_INCLUDE_IN_FRAMEWORK_HEADER = YES;
				CLANG_WARN_RANGE_LOOP_ANALYSIS = YES;
				CLANG_WARN_STRICT_PROTOTYPES = YES;
				CLANG_WARN_SUSPICIOUS_MOVE = YES;
				CLANG_WARN_UNGUARDED_AVAILABILITY = YES_AGGRESSIVE;
				CLANG_WARN_UNREACHABLE_CODE = YES;
				CLANG_WARN__DUPLICATE_METHOD_MATCH = YES;
				COPY_PHASE_STRIP = NO;
				DEBUG_INFORMATION_FORMAT = dwarf;
				ENABLE_STRICT_OBJC_MSGSEND = YES;
				ENABLE_TESTABILITY = YES;
				GCC_C_LANGUAGE_STANDARD = gnu11;
				GCC_DYNAMIC_NO_PIC = NO;
				GCC_NO_COMMON_BLOCKS = YES;
				GCC_OPTIMIZATION_LEVEL = 0;
				GCC_PREPROCESSOR_DEFINITIONS = (
					"DEBUG=1",
					"$(inherited)",
				);
				GCC_WARN_64_TO_32_BIT_CONVERSION = YES;
				GCC_WARN_ABOUT_RETURN_TYPE = YES_ERROR;
				GCC_WARN_UNDECLARED_SELECTOR = YES;
				GCC_WARN_UNINITIALIZED_AUTOS = YES_AGGRESSIVE;
				GCC_WARN_UNUSED_FUNCTION = YES;
				GCC_WARN_UNUSED_VARIABLE = YES;
				IPHONEOS_DEPLOYMENT_TARGET = 15.2;
				MTL_ENABLE_DEBUG_INFO = INCLUDE_SOURCE;
				MTL_FAST_MATH = YES;
				ONLY_ACTIVE_ARCH = YES;
				SDKROOT = iphoneos;
			};
			name = Debug;
		};
		479523A527BCDCF90076541C /* Release */ = {
			isa = XCBuildConfiguration;
			buildSettings = {
				ALWAYS_SEARCH_USER_PATHS = NO;
				CLANG_ANALYZER_NONNULL = YES;
				CLANG_ANALYZER_NUMBER_OBJECT_CONVERSION = YES_AGGRESSIVE;
				CLANG_CXX_LANGUAGE_STANDARD = "gnu++17";
				CLANG_CXX_LIBRARY = "libc++";
				CLANG_ENABLE_MODULES = YES;
				CLANG_ENABLE_OBJC_ARC = YES;
				CLANG_ENABLE_OBJC_WEAK = YES;
				CLANG_WARN_BLOCK_CAPTURE_AUTORELEASING = YES;
				CLANG_WARN_BOOL_CONVERSION = YES;
				CLANG_WARN_COMMA = YES;
				CLANG_WARN_CONSTANT_CONVERSION = YES;
				CLANG_WARN_DEPRECATED_OBJC_IMPLEMENTATIONS = YES;
				CLANG_WARN_DIRECT_OBJC_ISA_USAGE = YES_ERROR;
				CLANG_WARN_DOCUMENTATION_COMMENTS = YES;
				CLANG_WARN_EMPTY_BODY = YES;
				CLANG_WARN_ENUM_CONVERSION = YES;
				CLANG_WARN_INFINITE_RECURSION = YES;
				CLANG_WARN_INT_CONVERSION = YES;
				CLANG_WARN_NON_LITERAL_NULL_CONVERSION = YES;
				CLANG_WARN_OBJC_IMPLICIT_RETAIN_SELF = YES;
				CLANG_WARN_OBJC_LITERAL_CONVERSION = YES;
				CLANG_WARN_OBJC_ROOT_CLASS = YES_ERROR;
				CLANG_WARN_QUOTED_INCLUDE_IN_FRAMEWORK_HEADER = YES;
				CLANG_WARN_RANGE_LOOP_ANALYSIS = YES;
				CLANG_WARN_STRICT_PROTOTYPES = YES;
				CLANG_WARN_SUSPICIOUS_MOVE = YES;
				CLANG_WARN_UNGUARDED_AVAILABILITY = YES_AGGRESSIVE;
				CLANG_WARN_UNREACHABLE_CODE = YES;
				CLANG_WARN__DUPLICATE_METHOD_MATCH = YES;
				COPY_PHASE_STRIP = NO;
				DEBUG_INFORMATION_FORMAT = "dwarf-with-dsym";
				ENABLE_NS_ASSERTIONS = NO;
				ENABLE_STRICT_OBJC_MSGSEND = YES;
				GCC_C_LANGUAGE_STANDARD = gnu11;
				GCC_NO_COMMON_BLOCKS = YES;
				GCC_WARN_64_TO_32_BIT_CONVERSION = YES;
				GCC_WARN_ABOUT_RETURN_TYPE = YES_ERROR;
				GCC_WARN_UNDECLARED_SELECTOR = YES;
				GCC_WARN_UNINITIALIZED_AUTOS = YES_AGGRESSIVE;
				GCC_WARN_UNUSED_FUNCTION = YES;
				GCC_WARN_UNUSED_VARIABLE = YES;
				IPHONEOS_DEPLOYMENT_TARGET = 15.2;
				MTL_ENABLE_DEBUG_INFO = NO;
				MTL_FAST_MATH = YES;
				SDKROOT = iphoneos;
				VALIDATE_PRODUCT = YES;
			};
			name = Release;
		};
		479523A727BCDCF90076541C /* Debug */ = {
			isa = XCBuildConfiguration;
			baseConfigurationReference = 74F94174866492436C233D03 /* Pods-RXPushSDKDemo.debug.xcconfig */;
			buildSettings = {
				ASSETCATALOG_COMPILER_APPICON_NAME = AppIcon;
				ASSETCATALOG_COMPILER_GLOBAL_ACCENT_COLOR_NAME = AccentColor;
				CODE_SIGN_ENTITLEMENTS = RXPushSDKDemo/RXPushSDKDemo.entitlements;
				CODE_SIGN_IDENTITY = "Apple Development";
				CODE_SIGN_STYLE = Automatic;
				CURRENT_PROJECT_VERSION = 3;
				DEVELOPMENT_TEAM = 9A5NGSRMH4;
				ENABLE_BITCODE = NO;
				FRAMEWORK_SEARCH_PATHS = (
					"$(inherited)",
					"$(PROJECT_DIR)",
					"$(PROJECT_DIR)/RXPushSDKDemo",
				);
				GENERATE_INFOPLIST_FILE = YES;
				INFOPLIST_FILE = RXPushSDKDemo/Info.plist;
				INFOPLIST_KEY_LSApplicationCategoryType = "";
				INFOPLIST_KEY_NSCameraUsageDescription = "需要访问您的摄像头采集拍摄信息";
				INFOPLIST_KEY_NSLocationWhenInUseUsageDescription = "需要访问您的位置进行定位";
				INFOPLIST_KEY_NSMicrophoneUsageDescription = "需要访问您的麦克风发送语音消息";
				INFOPLIST_KEY_NSPhotoLibraryAddUsageDescription = "需要您允许App保存图片到相册";
				INFOPLIST_KEY_NSPhotoLibraryUsageDescription = "需要访问您的相册获取图片信息";
				INFOPLIST_KEY_NSUserTrackingUsageDescription = 1111;
				INFOPLIST_KEY_UIApplicationSupportsIndirectInputEvents = YES;
				INFOPLIST_KEY_UILaunchStoryboardName = LaunchScreen;
				INFOPLIST_KEY_UIMainStoryboardFile = Main;
				INFOPLIST_KEY_UISupportedInterfaceOrientations_iPad = "UIInterfaceOrientationPortrait UIInterfaceOrientationPortraitUpsideDown UIInterfaceOrientationLandscapeLeft UIInterfaceOrientationLandscapeRight";
				INFOPLIST_KEY_UISupportedInterfaceOrientations_iPhone = "UIInterfaceOrientationPortrait UIInterfaceOrientationLandscapeLeft UIInterfaceOrientationLandscapeRight";
				IPHONEOS_DEPLOYMENT_TARGET = 12.0;
				LD_RUNPATH_SEARCH_PATHS = (
					"$(inherited)",
					"@executable_path/Frameworks",
				);
				MARKETING_VERSION = 1.0.3;
				OTHER_LIBTOOLFLAGS = "$(inherited) -ObjC";
				PRODUCT_BUNDLE_IDENTIFIER = com.ruixue.sdkpublic;
				PRODUCT_NAME = "$(TARGET_NAME)";
				PROVISIONING_PROFILE_SPECIFIER = "";
				SWIFT_EMIT_LOC_STRINGS = YES;
				TARGETED_DEVICE_FAMILY = "1,2";
			};
			name = Debug;
		};
		479523A827BCDCF90076541C /* Release */ = {
			isa = XCBuildConfiguration;
			baseConfigurationReference = 56D5026B1EF527B237A22554 /* Pods-RXPushSDKDemo.release.xcconfig */;
			buildSettings = {
				ASSETCATALOG_COMPILER_APPICON_NAME = AppIcon;
				ASSETCATALOG_COMPILER_GLOBAL_ACCENT_COLOR_NAME = AccentColor;
				CODE_SIGN_ENTITLEMENTS = RXPushSDKDemo/RXPushSDKDemo.entitlements;
				CODE_SIGN_IDENTITY = "Apple Development";
				CODE_SIGN_STYLE = Automatic;
				CURRENT_PROJECT_VERSION = 3;
				DEVELOPMENT_TEAM = 9A5NGSRMH4;
				ENABLE_BITCODE = NO;
				FRAMEWORK_SEARCH_PATHS = (
					"$(inherited)",
					"$(PROJECT_DIR)",
					"$(PROJECT_DIR)/RXPushSDKDemo",
				);
				GENERATE_INFOPLIST_FILE = YES;
				INFOPLIST_FILE = RXPushSDKDemo/Info.plist;
				INFOPLIST_KEY_LSApplicationCategoryType = "";
				INFOPLIST_KEY_NSCameraUsageDescription = "需要访问您的摄像头采集拍摄信息";
				INFOPLIST_KEY_NSLocationWhenInUseUsageDescription = "需要访问您的位置进行定位";
				INFOPLIST_KEY_NSMicrophoneUsageDescription = "需要访问您的麦克风发送语音消息";
				INFOPLIST_KEY_NSPhotoLibraryAddUsageDescription = "需要您允许App保存图片到相册";
				INFOPLIST_KEY_NSPhotoLibraryUsageDescription = "需要访问您的相册获取图片信息";
				INFOPLIST_KEY_NSUserTrackingUsageDescription = 1111;
				INFOPLIST_KEY_UIApplicationSupportsIndirectInputEvents = YES;
				INFOPLIST_KEY_UILaunchStoryboardName = LaunchScreen;
				INFOPLIST_KEY_UIMainStoryboardFile = Main;
				INFOPLIST_KEY_UISupportedInterfaceOrientations_iPad = "UIInterfaceOrientationPortrait UIInterfaceOrientationPortraitUpsideDown UIInterfaceOrientationLandscapeLeft UIInterfaceOrientationLandscapeRight";
				INFOPLIST_KEY_UISupportedInterfaceOrientations_iPhone = "UIInterfaceOrientationPortrait UIInterfaceOrientationLandscapeLeft UIInterfaceOrientationLandscapeRight";
				IPHONEOS_DEPLOYMENT_TARGET = 12.0;
				LD_RUNPATH_SEARCH_PATHS = (
					"$(inherited)",
					"@executable_path/Frameworks",
				);
				MARKETING_VERSION = 1.0.3;
				OTHER_LIBTOOLFLAGS = "$(inherited) -ObjC";
				PRODUCT_BUNDLE_IDENTIFIER = com.ruixue.sdkpublic;
				PRODUCT_NAME = "$(TARGET_NAME)";
				PROVISIONING_PROFILE_SPECIFIER = "";
				SWIFT_EMIT_LOC_STRINGS = YES;
				TARGETED_DEVICE_FAMILY = "1,2";
			};
			name = Release;
		};
		479523AA27BCDCF90076541C /* Debug */ = {
			isa = XCBuildConfiguration;
			buildSettings = {
				BUNDLE_LOADER = "$(TEST_HOST)";
				CODE_SIGN_STYLE = Automatic;
				CURRENT_PROJECT_VERSION = 1;
				GENERATE_INFOPLIST_FILE = YES;
				IPHONEOS_DEPLOYMENT_TARGET = 15.2;
				MARKETING_VERSION = 1.0;
				PRODUCT_BUNDLE_IDENTIFIER = com.RXPushSDKDemoTests;
				PRODUCT_NAME = "$(TARGET_NAME)";
				SWIFT_EMIT_LOC_STRINGS = NO;
				TARGETED_DEVICE_FAMILY = "1,2";
				TEST_HOST = "$(BUILT_PRODUCTS_DIR)/RXPushSDKDemo.app/RXPushSDKDemo";
			};
			name = Debug;
		};
		479523AB27BCDCF90076541C /* Release */ = {
			isa = XCBuildConfiguration;
			buildSettings = {
				BUNDLE_LOADER = "$(TEST_HOST)";
				CODE_SIGN_STYLE = Automatic;
				CURRENT_PROJECT_VERSION = 1;
				GENERATE_INFOPLIST_FILE = YES;
				IPHONEOS_DEPLOYMENT_TARGET = 15.2;
				MARKETING_VERSION = 1.0;
				PRODUCT_BUNDLE_IDENTIFIER = com.RXPushSDKDemoTests;
				PRODUCT_NAME = "$(TARGET_NAME)";
				SWIFT_EMIT_LOC_STRINGS = NO;
				TARGETED_DEVICE_FAMILY = "1,2";
				TEST_HOST = "$(BUILT_PRODUCTS_DIR)/RXPushSDKDemo.app/RXPushSDKDemo";
			};
			name = Release;
		};
		479523AD27BCDCF90076541C /* Debug */ = {
			isa = XCBuildConfiguration;
			buildSettings = {
				CODE_SIGN_STYLE = Automatic;
				CURRENT_PROJECT_VERSION = 1;
				GENERATE_INFOPLIST_FILE = YES;
				MARKETING_VERSION = 1.0;
				PRODUCT_BUNDLE_IDENTIFIER = com.RXPushSDKDemoUITests;
				PRODUCT_NAME = "$(TARGET_NAME)";
				SWIFT_EMIT_LOC_STRINGS = NO;
				TARGETED_DEVICE_FAMILY = "1,2";
				TEST_TARGET_NAME = RXPushSDKDemo;
			};
			name = Debug;
		};
		479523AE27BCDCF90076541C /* Release */ = {
			isa = XCBuildConfiguration;
			buildSettings = {
				CODE_SIGN_STYLE = Automatic;
				CURRENT_PROJECT_VERSION = 1;
				GENERATE_INFOPLIST_FILE = YES;
				MARKETING_VERSION = 1.0;
				PRODUCT_BUNDLE_IDENTIFIER = com.RXPushSDKDemoUITests;
				PRODUCT_NAME = "$(TARGET_NAME)";
				SWIFT_EMIT_LOC_STRINGS = NO;
				TARGETED_DEVICE_FAMILY = "1,2";
				TEST_TARGET_NAME = RXPushSDKDemo;
			};
			name = Release;
		};
		47E9FFD42DD195F800B2AEB8 /* Debug */ = {
			isa = XCBuildConfiguration;
			baseConfigurationReference = 1C08AE206608B4B5E3DEF72C /* Pods-NotificationService.debug.xcconfig */;
			buildSettings = {
				ASSETCATALOG_COMPILER_GENERATE_SWIFT_ASSET_SYMBOL_EXTENSIONS = YES;
				CLANG_CXX_LANGUAGE_STANDARD = "gnu++20";
				CODE_SIGN_ENTITLEMENTS = NotificationService/NotificationService.entitlements;
				CODE_SIGN_IDENTITY = "Apple Development";
				CODE_SIGN_STYLE = Automatic;
				CURRENT_PROJECT_VERSION = 1;
				DEVELOPMENT_TEAM = 9A5NGSRMH4;
				ENABLE_USER_SCRIPT_SANDBOXING = YES;
				FRAMEWORK_SEARCH_PATHS = (
					"$(inherited)",
					"$(PROJECT_DIR)",
				);
				GCC_C_LANGUAGE_STANDARD = gnu17;
				GENERATE_INFOPLIST_FILE = YES;
				INFOPLIST_FILE = NotificationService/Info.plist;
				INFOPLIST_KEY_CFBundleDisplayName = NotificationService;
				INFOPLIST_KEY_NSHumanReadableCopyright = "";
				IPHONEOS_DEPLOYMENT_TARGET = 12;
				LD_RUNPATH_SEARCH_PATHS = (
					"$(inherited)",
					"@executable_path/Frameworks",
					"@executable_path/../../Frameworks",
				);
				LOCALIZATION_PREFERS_STRING_CATALOGS = YES;
				MARKETING_VERSION = 1.0;
				PRODUCT_BUNDLE_IDENTIFIER = com.ruixue.sdkpublic.NotificationService;
				PRODUCT_NAME = "$(TARGET_NAME)";
				SKIP_INSTALL = YES;
				SWIFT_EMIT_LOC_STRINGS = YES;
				TARGETED_DEVICE_FAMILY = "1,2";
			};
			name = Debug;
		};
		47E9FFD52DD195F800B2AEB8 /* Release */ = {
			isa = XCBuildConfiguration;
			baseConfigurationReference = F732EBAD6F1EFB9183B585F3 /* Pods-NotificationService.release.xcconfig */;
			buildSettings = {
				ASSETCATALOG_COMPILER_GENERATE_SWIFT_ASSET_SYMBOL_EXTENSIONS = YES;
				CLANG_CXX_LANGUAGE_STANDARD = "gnu++20";
				CODE_SIGN_ENTITLEMENTS = NotificationService/NotificationService.entitlements;
				CODE_SIGN_IDENTITY = "Apple Development";
				CODE_SIGN_STYLE = Automatic;
				CURRENT_PROJECT_VERSION = 1;
				DEVELOPMENT_TEAM = 9A5NGSRMH4;
				ENABLE_USER_SCRIPT_SANDBOXING = YES;
				FRAMEWORK_SEARCH_PATHS = (
					"$(inherited)",
					"$(PROJECT_DIR)",
				);
				GCC_C_LANGUAGE_STANDARD = gnu17;
				GENERATE_INFOPLIST_FILE = YES;
				INFOPLIST_FILE = NotificationService/Info.plist;
				INFOPLIST_KEY_CFBundleDisplayName = NotificationService;
				INFOPLIST_KEY_NSHumanReadableCopyright = "";
				IPHONEOS_DEPLOYMENT_TARGET = 12;
				LD_RUNPATH_SEARCH_PATHS = (
					"$(inherited)",
					"@executable_path/Frameworks",
					"@executable_path/../../Frameworks",
				);
				LOCALIZATION_PREFERS_STRING_CATALOGS = YES;
				MARKETING_VERSION = 1.0;
				PRODUCT_BUNDLE_IDENTIFIER = com.ruixue.sdkpublic.NotificationService;
				PRODUCT_NAME = "$(TARGET_NAME)";
				SKIP_INSTALL = YES;
				SWIFT_EMIT_LOC_STRINGS = YES;
				TARGETED_DEVICE_FAMILY = "1,2";
			};
			name = Release;
		};
/* End XCBuildConfiguration section */

/* Begin XCConfigurationList section */
		4795237227BCDCF70076541C /* Build configuration list for PBXProject "RXPushSDKDemo" */ = {
			isa = XCConfigurationList;
			buildConfigurations = (
				479523A427BCDCF90076541C /* Debug */,
				479523A527BCDCF90076541C /* Release */,
			);
			defaultConfigurationIsVisible = 0;
			defaultConfigurationName = Release;
		};
		479523A627BCDCF90076541C /* Build configuration list for PBXNativeTarget "RXPushSDKDemo" */ = {
			isa = XCConfigurationList;
			buildConfigurations = (
				479523A727BCDCF90076541C /* Debug */,
				479523A827BCDCF90076541C /* Release */,
			);
			defaultConfigurationIsVisible = 0;
			defaultConfigurationName = Release;
		};
		479523A927BCDCF90076541C /* Build configuration list for PBXNativeTarget "RXPushSDKDemoTests" */ = {
			isa = XCConfigurationList;
			buildConfigurations = (
				479523AA27BCDCF90076541C /* Debug */,
				479523AB27BCDCF90076541C /* Release */,
			);
			defaultConfigurationIsVisible = 0;
			defaultConfigurationName = Release;
		};
		479523AC27BCDCF90076541C /* Build configuration list for PBXNativeTarget "RXPushSDKDemoUITests" */ = {
			isa = XCConfigurationList;
			buildConfigurations = (
				479523AD27BCDCF90076541C /* Debug */,
				479523AE27BCDCF90076541C /* Release */,
			);
			defaultConfigurationIsVisible = 0;
			defaultConfigurationName = Release;
		};
		47E9FFD32DD195F800B2AEB8 /* Build configuration list for PBXNativeTarget "NotificationService" */ = {
			isa = XCConfigurationList;
			buildConfigurations = (
				47E9FFD42DD195F800B2AEB8 /* Debug */,
				47E9FFD52DD195F800B2AEB8 /* Release */,
			);
			defaultConfigurationIsVisible = 0;
			defaultConfigurationName = Release;
		};
/* End XCConfigurationList section */
	};
	rootObject = 4795236F27BCDCF70076541C /* Project object */;
}
